
Microsoft Visual Studio Solution File, Format Version 12.00
# Visual Studio 2012
Project("{2150E333-8FDC-42A3-9474-1A3956D46DE8}") = "IPR", "IPR", "{828726FE-375E-4E46-B21C-F87F65F3332D}"
	ProjectSection(SolutionItems) = preProject
		Model.t4 = Model.t4
	EndProjectSection
EndProject
Project("{2150E333-8FDC-42A3-9474-1A3956D46DE8}") = "SharePointHelpers", "SharePointHelpers", "{5A5E5E66-F5CE-496B-B9F2-C3A0B16E8F2B}"
	ProjectSection(SolutionItems) = preProject
		..\PR44-SharePoint\Model.t4 = ..\PR44-SharePoint\Model.t4
	EndProjectSection
EndProject
Project("{FAE04EC0-301F-11D3-BF4B-00C04F79EFBC}") = "SPMetalParametersCreator", "..\PR44-SharePoint\SPMetalParametersCreator\SPMetalParametersCreator.csproj", "{7589DF10-1129-4833-B5BA-321B2F44B747}"
EndProject
Project("{FAE04EC0-301F-11D3-BF4B-00C04F79EFBC}") = "SharePointUI", "..\PR44-SharePoint\SharePointUI\SharePointUI.csproj", "{B0574724-C83B-417D-B76B-034B6EB4D0BA}"
EndProject
Project("{2150E333-8FDC-42A3-9474-1A3956D46DE8}") = "UnitTests", "UnitTests", "{1A65812B-28C3-4C8B-A6FB-CF3B741C60DC}"
EndProject
Project("{2150E333-8FDC-42A3-9474-1A3956D46DE8}") = "Helpers", "Helpers", "{8EC62356-6DAA-4CBE-AAD5-CE81D1DCAB7F}"
EndProject
Project("{FAE04EC0-301F-11D3-BF4B-00C04F79EFBC}") = "Packaging", "..\PR44-SharePoint\Tools\Packaging\Packaging.csproj", "{28DC8C24-C4A0-47D8-A114-DD4E2D42B1EB}"
EndProject
Project("{FAE04EC0-301F-11D3-BF4B-00C04F79EFBC}") = "SharePointSetup", "..\PR44-SharePoint\Tools\SharePointSetup\SharePointSetup.csproj", "{2C246131-39C1-44E1-AAA4-768EE30F4E0D}"
EndProject
Project("{2150E333-8FDC-42A3-9474-1A3956D46DE8}") = "Solution Items", "Solution Items", "{F6BF3B41-D310-49FD-B761-EB30E2D0BB44}"
	ProjectSection(SolutionItems) = preProject
		..\PR39-CommonResources\T4Definitions\AssemblyInfo.t4 = ..\PR39-CommonResources\T4Definitions\AssemblyInfo.t4
	EndProjectSection
EndProject
Project("{6141683F-8A12-4E36-9623-2EB02B2C2303}") = "SharePointSetupInstaller", "..\PR44-SharePoint\Tools\SharePointSetupInstaller\SharePointSetupInstaller\SharePointSetupInstaller.isproj", "{10D55FB3-1876-4D7D-8135-0E8CD5C6204D}"
	ProjectSection(ProjectDependencies) = postProject
		{2C246131-39C1-44E1-AAA4-768EE30F4E0D} = {2C246131-39C1-44E1-AAA4-768EE30F4E0D}
	EndProjectSection
EndProject
Project("{FAE04EC0-301F-11D3-BF4B-00C04F79EFBC}") = "Scripts", "Scripts\Scripts.csproj", "{A46DAE36-02EA-4302-A476-7AF770CB20C0}"
EndProject
Project("{FAE04EC0-301F-11D3-BF4B-00C04F79EFBC}") = "Interoperability", "IPR\Interoperability\Interoperability.csproj", "{BBC177DF-CD0C-4FDF-9E78-41F2CE4FAF52}"
EndProject
Project("{FAE04EC0-301F-11D3-BF4B-00C04F79EFBC}") = "IPRDashboards", "IPR\IPRDashboards\IPRDashboards.csproj", "{10DC0388-A989-4061-B680-7FE4FFC711A0}"
EndProject
Project("{FAE04EC0-301F-11D3-BF4B-00C04F79EFBC}") = "IPRResources", "IPR\IPRResources\IPRResources.csproj", "{EE8EE82E-4AEA-4677-BD69-6BCA5A6B4969}"
EndProject
Project("{FAE04EC0-301F-11D3-BF4B-00C04F79EFBC}") = "IPRWebsite", "IPR\IPRWebsite\IPRWebsite.csproj", "{65CEFE18-D7FB-4189-AC46-5ACFD7BE80D8}"
EndProject
Project("{FAE04EC0-301F-11D3-BF4B-00C04F79EFBC}") = "IPRWebsiteModel", "IPR\IPRWebsiteModel\IPRWebsiteModel.csproj", "{8920F657-54A3-4376-99A5-C2D823F94038}"
	ProjectSection(ProjectDependencies) = postProject
		{0FAB4900-9FE2-4CE9-A047-CEEB28920F57} = {0FAB4900-9FE2-4CE9-A047-CEEB28920F57}
	EndProjectSection
EndProject
Project("{FAE04EC0-301F-11D3-BF4B-00C04F79EFBC}") = "IPRWorkflows", "IPR\IPRWorkflow\IPRWorkflows.csproj", "{C4D9BBC4-C123-4AAB-B1E6-9906B7B51BC6}"
EndProject
Project("{FAE04EC0-301F-11D3-BF4B-00C04F79EFBC}") = "IPRImport", "IPR\IPRImport.Application\IPRImport.csproj", "{588E7760-E1B5-44BA-B6B3-E65D15D8D89F}"
EndProject
Project("{FAE04EC0-301F-11D3-BF4B-00C04F79EFBC}") = "IPRDashboardsTest", "IPR\IPRDashboardsTest\IPRDashboardsTest.csproj", "{5E833829-EA05-458E-B172-FE37FFD24627}"
EndProject
Project("{FAE04EC0-301F-11D3-BF4B-00C04F79EFBC}") = "IPRExternalDataTest", "IPR\IPRExternalDataTest\IPRExternalDataTest.csproj", "{B8E3C6A4-38C0-40F5-A135-AAD43D989B91}"
EndProject
Project("{FAE04EC0-301F-11D3-BF4B-00C04F79EFBC}") = "IPRWorkflowsUnitTests", "IPR\IPRWorkflowsUnitTests\IPRWorkflowsUnitTests.csproj", "{D2019AF3-6C11-4EA2-8F52-A1073CBC7F99}"
EndProject
Project("{FAE04EC0-301F-11D3-BF4B-00C04F79EFBC}") = "Customs", "Customs\Customs.csproj", "{6C705843-6387-4D2D-A7CF-A66976186CE2}"
EndProject
Project("{FAE04EC0-301F-11D3-BF4B-00C04F79EFBC}") = "Microsoft.Practices.SharePoint.Common", "..\EX06-SharePointGuidance2010\SharePoint 2010\Microsoft.Practices.SharePoint.Common\Source\Microsoft.Practices.SharePoint.Common.csproj", "{0FAB4900-9FE2-4CE9-A047-CEEB28920F57}"
EndProject
Project("{FAE04EC0-301F-11D3-BF4B-00C04F79EFBC}") = "SharePoint", "..\PR44-SharePoint\SharePoint\SharePoint.csproj", "{B9D9FCCA-6132-4BF5-BC17-32EA752D6AD7}"
EndProject
Project("{FAE04EC0-301F-11D3-BF4B-00C04F79EFBC}") = "ClientFeatureActivation", "IPR\Helpers\ClientFeatureActivation\ClientFeatureActivation.csproj", "{7FF92139-EA5D-469D-AA7C-A309B2E2FA29}"
EndProject
Project("{FAE04EC0-301F-11D3-BF4B-00C04F79EFBC}") = "SharePointLinqClient", "..\PR44-SharePoint\SharePointLinqClient\SharePointLinqClient.csproj", "{70DD8ABC-B012-427A-8163-64E63304BD42}"
EndProject
Project("{FAE04EC0-301F-11D3-BF4B-00C04F79EFBC}") = "ClientSiteUserInterface", "IPR\Helpers\ClientSiteUserInterface\ClientSiteUserInterface.csproj", "{D694308B-9801-4BE7-9461-5BB40AA3C1E7}"
EndProject
Global
	GlobalSection(TestCaseManagementSettings) = postSolution
		CategoryFile = SmartFactory.vsmdi
	EndGlobalSection
	GlobalSection(SolutionConfigurationPlatforms) = preSolution
		CD_ROM|Any CPU = CD_ROM|Any CPU
		CD_ROM|Mixed Platforms = CD_ROM|Mixed Platforms
		CD_ROM|x64 = CD_ROM|x64
		CD_ROM|x86 = CD_ROM|x86
		Debug|Any CPU = Debug|Any CPU
		Debug|Mixed Platforms = Debug|Mixed Platforms
		Debug|x64 = Debug|x64
		Debug|x86 = Debug|x86
		DVD-5|Any CPU = DVD-5|Any CPU
		DVD-5|Mixed Platforms = DVD-5|Mixed Platforms
		DVD-5|x64 = DVD-5|x64
		DVD-5|x86 = DVD-5|x86
		Release|Any CPU = Release|Any CPU
		Release|Mixed Platforms = Release|Mixed Platforms
		Release|x64 = Release|x64
		Release|x86 = Release|x86
		SingleImage|Any CPU = SingleImage|Any CPU
		SingleImage|Mixed Platforms = SingleImage|Mixed Platforms
		SingleImage|x64 = SingleImage|x64
		SingleImage|x86 = SingleImage|x86
	EndGlobalSection
	GlobalSection(ProjectConfigurationPlatforms) = postSolution
		{7589DF10-1129-4833-B5BA-321B2F44B747}.CD_ROM|Any CPU.ActiveCfg = Release|Any CPU
		{7589DF10-1129-4833-B5BA-321B2F44B747}.CD_ROM|Any CPU.Build.0 = Release|Any CPU
		{7589DF10-1129-4833-B5BA-321B2F44B747}.CD_ROM|Mixed Platforms.ActiveCfg = Release|x86
		{7589DF10-1129-4833-B5BA-321B2F44B747}.CD_ROM|Mixed Platforms.Build.0 = Release|x86
		{7589DF10-1129-4833-B5BA-321B2F44B747}.CD_ROM|x64.ActiveCfg = Release|x64
		{7589DF10-1129-4833-B5BA-321B2F44B747}.CD_ROM|x64.Build.0 = Release|x64
		{7589DF10-1129-4833-B5BA-321B2F44B747}.CD_ROM|x86.ActiveCfg = Release|x86
		{7589DF10-1129-4833-B5BA-321B2F44B747}.CD_ROM|x86.Build.0 = Release|x86
		{7589DF10-1129-4833-B5BA-321B2F44B747}.Debug|Any CPU.ActiveCfg = Debug|Any CPU
		{7589DF10-1129-4833-B5BA-321B2F44B747}.Debug|Any CPU.Build.0 = Debug|Any CPU
		{7589DF10-1129-4833-B5BA-321B2F44B747}.Debug|Mixed Platforms.ActiveCfg = Debug|Any CPU
		{7589DF10-1129-4833-B5BA-321B2F44B747}.Debug|Mixed Platforms.Build.0 = Debug|Any CPU
		{7589DF10-1129-4833-B5BA-321B2F44B747}.Debug|x64.ActiveCfg = Debug|x64
		{7589DF10-1129-4833-B5BA-321B2F44B747}.Debug|x64.Build.0 = Debug|x64
		{7589DF10-1129-4833-B5BA-321B2F44B747}.Debug|x86.ActiveCfg = Debug|x86
		{7589DF10-1129-4833-B5BA-321B2F44B747}.Debug|x86.Build.0 = Debug|x86
		{7589DF10-1129-4833-B5BA-321B2F44B747}.DVD-5|Any CPU.ActiveCfg = Debug|Any CPU
		{7589DF10-1129-4833-B5BA-321B2F44B747}.DVD-5|Any CPU.Build.0 = Debug|Any CPU
		{7589DF10-1129-4833-B5BA-321B2F44B747}.DVD-5|Mixed Platforms.ActiveCfg = Debug|x86
		{7589DF10-1129-4833-B5BA-321B2F44B747}.DVD-5|Mixed Platforms.Build.0 = Debug|x86
		{7589DF10-1129-4833-B5BA-321B2F44B747}.DVD-5|x64.ActiveCfg = Debug|x64
		{7589DF10-1129-4833-B5BA-321B2F44B747}.DVD-5|x64.Build.0 = Debug|x64
		{7589DF10-1129-4833-B5BA-321B2F44B747}.DVD-5|x86.ActiveCfg = Debug|x86
		{7589DF10-1129-4833-B5BA-321B2F44B747}.DVD-5|x86.Build.0 = Debug|x86
		{7589DF10-1129-4833-B5BA-321B2F44B747}.Release|Any CPU.ActiveCfg = Release|Any CPU
		{7589DF10-1129-4833-B5BA-321B2F44B747}.Release|Any CPU.Build.0 = Release|Any CPU
		{7589DF10-1129-4833-B5BA-321B2F44B747}.Release|Mixed Platforms.ActiveCfg = Release|Any CPU
		{7589DF10-1129-4833-B5BA-321B2F44B747}.Release|Mixed Platforms.Build.0 = Release|Any CPU
		{7589DF10-1129-4833-B5BA-321B2F44B747}.Release|x64.ActiveCfg = Release|x64
		{7589DF10-1129-4833-B5BA-321B2F44B747}.Release|x64.Build.0 = Release|x64
		{7589DF10-1129-4833-B5BA-321B2F44B747}.Release|x86.ActiveCfg = Release|x86
		{7589DF10-1129-4833-B5BA-321B2F44B747}.Release|x86.Build.0 = Release|x86
		{7589DF10-1129-4833-B5BA-321B2F44B747}.SingleImage|Any CPU.ActiveCfg = Release|Any CPU
		{7589DF10-1129-4833-B5BA-321B2F44B747}.SingleImage|Any CPU.Build.0 = Release|Any CPU
		{7589DF10-1129-4833-B5BA-321B2F44B747}.SingleImage|Mixed Platforms.ActiveCfg = Release|x86
		{7589DF10-1129-4833-B5BA-321B2F44B747}.SingleImage|Mixed Platforms.Build.0 = Release|x86
		{7589DF10-1129-4833-B5BA-321B2F44B747}.SingleImage|x64.ActiveCfg = Release|x64
		{7589DF10-1129-4833-B5BA-321B2F44B747}.SingleImage|x64.Build.0 = Release|x64
		{7589DF10-1129-4833-B5BA-321B2F44B747}.SingleImage|x86.ActiveCfg = Release|x86
		{7589DF10-1129-4833-B5BA-321B2F44B747}.SingleImage|x86.Build.0 = Release|x86
		{B0574724-C83B-417D-B76B-034B6EB4D0BA}.CD_ROM|Any CPU.ActiveCfg = Release|Any CPU
		{B0574724-C83B-417D-B76B-034B6EB4D0BA}.CD_ROM|Any CPU.Build.0 = Release|Any CPU
		{B0574724-C83B-417D-B76B-034B6EB4D0BA}.CD_ROM|Mixed Platforms.ActiveCfg = Release|Any CPU
		{B0574724-C83B-417D-B76B-034B6EB4D0BA}.CD_ROM|Mixed Platforms.Build.0 = Release|Any CPU
		{B0574724-C83B-417D-B76B-034B6EB4D0BA}.CD_ROM|x64.ActiveCfg = Release|x64
		{B0574724-C83B-417D-B76B-034B6EB4D0BA}.CD_ROM|x64.Build.0 = Release|x64
		{B0574724-C83B-417D-B76B-034B6EB4D0BA}.CD_ROM|x86.ActiveCfg = Release|Any CPU
		{B0574724-C83B-417D-B76B-034B6EB4D0BA}.Debug|Any CPU.ActiveCfg = Debug|Any CPU
		{B0574724-C83B-417D-B76B-034B6EB4D0BA}.Debug|Any CPU.Build.0 = Debug|Any CPU
		{B0574724-C83B-417D-B76B-034B6EB4D0BA}.Debug|Mixed Platforms.ActiveCfg = Debug|Any CPU
		{B0574724-C83B-417D-B76B-034B6EB4D0BA}.Debug|Mixed Platforms.Build.0 = Debug|Any CPU
		{B0574724-C83B-417D-B76B-034B6EB4D0BA}.Debug|x64.ActiveCfg = Debug|x64
		{B0574724-C83B-417D-B76B-034B6EB4D0BA}.Debug|x86.ActiveCfg = Debug|Any CPU
		{B0574724-C83B-417D-B76B-034B6EB4D0BA}.DVD-5|Any CPU.ActiveCfg = Debug|Any CPU
		{B0574724-C83B-417D-B76B-034B6EB4D0BA}.DVD-5|Any CPU.Build.0 = Debug|Any CPU
		{B0574724-C83B-417D-B76B-034B6EB4D0BA}.DVD-5|Mixed Platforms.ActiveCfg = Debug|Any CPU
		{B0574724-C83B-417D-B76B-034B6EB4D0BA}.DVD-5|Mixed Platforms.Build.0 = Debug|Any CPU
		{B0574724-C83B-417D-B76B-034B6EB4D0BA}.DVD-5|x64.ActiveCfg = Debug|x64
		{B0574724-C83B-417D-B76B-034B6EB4D0BA}.DVD-5|x64.Build.0 = Debug|x64
		{B0574724-C83B-417D-B76B-034B6EB4D0BA}.DVD-5|x86.ActiveCfg = Debug|Any CPU
		{B0574724-C83B-417D-B76B-034B6EB4D0BA}.Release|Any CPU.ActiveCfg = Release|Any CPU
		{B0574724-C83B-417D-B76B-034B6EB4D0BA}.Release|Any CPU.Build.0 = Release|Any CPU
		{B0574724-C83B-417D-B76B-034B6EB4D0BA}.Release|Mixed Platforms.ActiveCfg = Release|Any CPU
		{B0574724-C83B-417D-B76B-034B6EB4D0BA}.Release|Mixed Platforms.Build.0 = Release|Any CPU
		{B0574724-C83B-417D-B76B-034B6EB4D0BA}.Release|x64.ActiveCfg = Release|x64
		{B0574724-C83B-417D-B76B-034B6EB4D0BA}.Release|x86.ActiveCfg = Release|Any CPU
		{B0574724-C83B-417D-B76B-034B6EB4D0BA}.SingleImage|Any CPU.ActiveCfg = Release|Any CPU
		{B0574724-C83B-417D-B76B-034B6EB4D0BA}.SingleImage|Any CPU.Build.0 = Release|Any CPU
		{B0574724-C83B-417D-B76B-034B6EB4D0BA}.SingleImage|Mixed Platforms.ActiveCfg = Release|Any CPU
		{B0574724-C83B-417D-B76B-034B6EB4D0BA}.SingleImage|Mixed Platforms.Build.0 = Release|Any CPU
		{B0574724-C83B-417D-B76B-034B6EB4D0BA}.SingleImage|x64.ActiveCfg = Release|x64
		{B0574724-C83B-417D-B76B-034B6EB4D0BA}.SingleImage|x64.Build.0 = Release|x64
		{B0574724-C83B-417D-B76B-034B6EB4D0BA}.SingleImage|x86.ActiveCfg = Release|Any CPU
		{28DC8C24-C4A0-47D8-A114-DD4E2D42B1EB}.CD_ROM|Any CPU.ActiveCfg = Release|Any CPU
		{28DC8C24-C4A0-47D8-A114-DD4E2D42B1EB}.CD_ROM|Any CPU.Build.0 = Release|Any CPU
		{28DC8C24-C4A0-47D8-A114-DD4E2D42B1EB}.CD_ROM|Mixed Platforms.ActiveCfg = Release|Any CPU
		{28DC8C24-C4A0-47D8-A114-DD4E2D42B1EB}.CD_ROM|Mixed Platforms.Build.0 = Release|Any CPU
		{28DC8C24-C4A0-47D8-A114-DD4E2D42B1EB}.CD_ROM|x64.ActiveCfg = Release|x64
		{28DC8C24-C4A0-47D8-A114-DD4E2D42B1EB}.CD_ROM|x64.Build.0 = Release|x64
		{28DC8C24-C4A0-47D8-A114-DD4E2D42B1EB}.CD_ROM|x86.ActiveCfg = Release|Any CPU
		{28DC8C24-C4A0-47D8-A114-DD4E2D42B1EB}.Debug|Any CPU.ActiveCfg = Debug|Any CPU
		{28DC8C24-C4A0-47D8-A114-DD4E2D42B1EB}.Debug|Any CPU.Build.0 = Debug|Any CPU
		{28DC8C24-C4A0-47D8-A114-DD4E2D42B1EB}.Debug|Mixed Platforms.ActiveCfg = Debug|Any CPU
		{28DC8C24-C4A0-47D8-A114-DD4E2D42B1EB}.Debug|Mixed Platforms.Build.0 = Debug|Any CPU
		{28DC8C24-C4A0-47D8-A114-DD4E2D42B1EB}.Debug|x64.ActiveCfg = Debug|x64
		{28DC8C24-C4A0-47D8-A114-DD4E2D42B1EB}.Debug|x86.ActiveCfg = Debug|Any CPU
		{28DC8C24-C4A0-47D8-A114-DD4E2D42B1EB}.DVD-5|Any CPU.ActiveCfg = Debug|Any CPU
		{28DC8C24-C4A0-47D8-A114-DD4E2D42B1EB}.DVD-5|Any CPU.Build.0 = Debug|Any CPU
		{28DC8C24-C4A0-47D8-A114-DD4E2D42B1EB}.DVD-5|Mixed Platforms.ActiveCfg = Debug|Any CPU
		{28DC8C24-C4A0-47D8-A114-DD4E2D42B1EB}.DVD-5|Mixed Platforms.Build.0 = Debug|Any CPU
		{28DC8C24-C4A0-47D8-A114-DD4E2D42B1EB}.DVD-5|x64.ActiveCfg = Debug|x64
		{28DC8C24-C4A0-47D8-A114-DD4E2D42B1EB}.DVD-5|x64.Build.0 = Debug|x64
		{28DC8C24-C4A0-47D8-A114-DD4E2D42B1EB}.DVD-5|x86.ActiveCfg = Debug|Any CPU
		{28DC8C24-C4A0-47D8-A114-DD4E2D42B1EB}.Release|Any CPU.ActiveCfg = Release|Any CPU
		{28DC8C24-C4A0-47D8-A114-DD4E2D42B1EB}.Release|Any CPU.Build.0 = Release|Any CPU
		{28DC8C24-C4A0-47D8-A114-DD4E2D42B1EB}.Release|Mixed Platforms.ActiveCfg = Release|Any CPU
		{28DC8C24-C4A0-47D8-A114-DD4E2D42B1EB}.Release|Mixed Platforms.Build.0 = Release|Any CPU
		{28DC8C24-C4A0-47D8-A114-DD4E2D42B1EB}.Release|x64.ActiveCfg = Release|x64
		{28DC8C24-C4A0-47D8-A114-DD4E2D42B1EB}.Release|x86.ActiveCfg = Release|Any CPU
		{28DC8C24-C4A0-47D8-A114-DD4E2D42B1EB}.SingleImage|Any CPU.ActiveCfg = Release|Any CPU
		{28DC8C24-C4A0-47D8-A114-DD4E2D42B1EB}.SingleImage|Any CPU.Build.0 = Release|Any CPU
		{28DC8C24-C4A0-47D8-A114-DD4E2D42B1EB}.SingleImage|Mixed Platforms.ActiveCfg = Release|Any CPU
		{28DC8C24-C4A0-47D8-A114-DD4E2D42B1EB}.SingleImage|Mixed Platforms.Build.0 = Release|Any CPU
		{28DC8C24-C4A0-47D8-A114-DD4E2D42B1EB}.SingleImage|x64.ActiveCfg = Release|x64
		{28DC8C24-C4A0-47D8-A114-DD4E2D42B1EB}.SingleImage|x64.Build.0 = Release|x64
		{28DC8C24-C4A0-47D8-A114-DD4E2D42B1EB}.SingleImage|x86.ActiveCfg = Release|Any CPU
		{2C246131-39C1-44E1-AAA4-768EE30F4E0D}.CD_ROM|Any CPU.ActiveCfg = Release|Any CPU
		{2C246131-39C1-44E1-AAA4-768EE30F4E0D}.CD_ROM|Any CPU.Build.0 = Release|Any CPU
		{2C246131-39C1-44E1-AAA4-768EE30F4E0D}.CD_ROM|Mixed Platforms.ActiveCfg = Release|Any CPU
		{2C246131-39C1-44E1-AAA4-768EE30F4E0D}.CD_ROM|Mixed Platforms.Build.0 = Release|Any CPU
		{2C246131-39C1-44E1-AAA4-768EE30F4E0D}.CD_ROM|x64.ActiveCfg = Release|x64
		{2C246131-39C1-44E1-AAA4-768EE30F4E0D}.CD_ROM|x64.Build.0 = Release|x64
		{2C246131-39C1-44E1-AAA4-768EE30F4E0D}.CD_ROM|x86.ActiveCfg = Release|Any CPU
		{2C246131-39C1-44E1-AAA4-768EE30F4E0D}.Debug|Any CPU.ActiveCfg = Debug|Any CPU
		{2C246131-39C1-44E1-AAA4-768EE30F4E0D}.Debug|Any CPU.Build.0 = Debug|Any CPU
		{2C246131-39C1-44E1-AAA4-768EE30F4E0D}.Debug|Mixed Platforms.ActiveCfg = Debug|Any CPU
		{2C246131-39C1-44E1-AAA4-768EE30F4E0D}.Debug|Mixed Platforms.Build.0 = Debug|Any CPU
		{2C246131-39C1-44E1-AAA4-768EE30F4E0D}.Debug|x64.ActiveCfg = Debug|x64
		{2C246131-39C1-44E1-AAA4-768EE30F4E0D}.Debug|x86.ActiveCfg = Debug|Any CPU
		{2C246131-39C1-44E1-AAA4-768EE30F4E0D}.DVD-5|Any CPU.ActiveCfg = Debug|Any CPU
		{2C246131-39C1-44E1-AAA4-768EE30F4E0D}.DVD-5|Any CPU.Build.0 = Debug|Any CPU
		{2C246131-39C1-44E1-AAA4-768EE30F4E0D}.DVD-5|Mixed Platforms.ActiveCfg = Debug|Any CPU
		{2C246131-39C1-44E1-AAA4-768EE30F4E0D}.DVD-5|Mixed Platforms.Build.0 = Debug|Any CPU
		{2C246131-39C1-44E1-AAA4-768EE30F4E0D}.DVD-5|x64.ActiveCfg = Debug|x64
		{2C246131-39C1-44E1-AAA4-768EE30F4E0D}.DVD-5|x64.Build.0 = Debug|x64
		{2C246131-39C1-44E1-AAA4-768EE30F4E0D}.DVD-5|x86.ActiveCfg = Debug|Any CPU
		{2C246131-39C1-44E1-AAA4-768EE30F4E0D}.Release|Any CPU.ActiveCfg = Release|Any CPU
		{2C246131-39C1-44E1-AAA4-768EE30F4E0D}.Release|Any CPU.Build.0 = Release|Any CPU
		{2C246131-39C1-44E1-AAA4-768EE30F4E0D}.Release|Mixed Platforms.ActiveCfg = Release|Any CPU
		{2C246131-39C1-44E1-AAA4-768EE30F4E0D}.Release|Mixed Platforms.Build.0 = Release|Any CPU
		{2C246131-39C1-44E1-AAA4-768EE30F4E0D}.Release|x64.ActiveCfg = Release|x64
		{2C246131-39C1-44E1-AAA4-768EE30F4E0D}.Release|x86.ActiveCfg = Release|Any CPU
		{2C246131-39C1-44E1-AAA4-768EE30F4E0D}.SingleImage|Any CPU.ActiveCfg = Release|Any CPU
		{2C246131-39C1-44E1-AAA4-768EE30F4E0D}.SingleImage|Any CPU.Build.0 = Release|Any CPU
		{2C246131-39C1-44E1-AAA4-768EE30F4E0D}.SingleImage|Mixed Platforms.ActiveCfg = Release|Any CPU
		{2C246131-39C1-44E1-AAA4-768EE30F4E0D}.SingleImage|Mixed Platforms.Build.0 = Release|Any CPU
		{2C246131-39C1-44E1-AAA4-768EE30F4E0D}.SingleImage|x64.ActiveCfg = Release|x64
		{2C246131-39C1-44E1-AAA4-768EE30F4E0D}.SingleImage|x64.Build.0 = Release|x64
		{2C246131-39C1-44E1-AAA4-768EE30F4E0D}.SingleImage|x86.ActiveCfg = Release|Any CPU
		{10D55FB3-1876-4D7D-8135-0E8CD5C6204D}.CD_ROM|Any CPU.ActiveCfg = CD_ROM
		{10D55FB3-1876-4D7D-8135-0E8CD5C6204D}.CD_ROM|Any CPU.Build.0 = CD_ROM
		{10D55FB3-1876-4D7D-8135-0E8CD5C6204D}.CD_ROM|Mixed Platforms.ActiveCfg = CD_ROM
		{10D55FB3-1876-4D7D-8135-0E8CD5C6204D}.CD_ROM|Mixed Platforms.Build.0 = CD_ROM
		{10D55FB3-1876-4D7D-8135-0E8CD5C6204D}.CD_ROM|x64.ActiveCfg = CD_ROM
		{10D55FB3-1876-4D7D-8135-0E8CD5C6204D}.CD_ROM|x64.Build.0 = CD_ROM
		{10D55FB3-1876-4D7D-8135-0E8CD5C6204D}.CD_ROM|x86.ActiveCfg = CD_ROM
		{10D55FB3-1876-4D7D-8135-0E8CD5C6204D}.CD_ROM|x86.Build.0 = CD_ROM
		{10D55FB3-1876-4D7D-8135-0E8CD5C6204D}.Debug|Any CPU.ActiveCfg = DVD-5
		{10D55FB3-1876-4D7D-8135-0E8CD5C6204D}.Debug|Mixed Platforms.ActiveCfg = DVD-5
		{10D55FB3-1876-4D7D-8135-0E8CD5C6204D}.Debug|Mixed Platforms.Build.0 = DVD-5
		{10D55FB3-1876-4D7D-8135-0E8CD5C6204D}.Debug|x64.ActiveCfg = DVD-5
		{10D55FB3-1876-4D7D-8135-0E8CD5C6204D}.Debug|x64.Build.0 = DVD-5
		{10D55FB3-1876-4D7D-8135-0E8CD5C6204D}.Debug|x86.ActiveCfg = DVD-5
		{10D55FB3-1876-4D7D-8135-0E8CD5C6204D}.Debug|x86.Build.0 = DVD-5
		{10D55FB3-1876-4D7D-8135-0E8CD5C6204D}.DVD-5|Any CPU.ActiveCfg = DVD-5
		{10D55FB3-1876-4D7D-8135-0E8CD5C6204D}.DVD-5|Any CPU.Build.0 = DVD-5
		{10D55FB3-1876-4D7D-8135-0E8CD5C6204D}.DVD-5|Mixed Platforms.ActiveCfg = DVD-5
		{10D55FB3-1876-4D7D-8135-0E8CD5C6204D}.DVD-5|Mixed Platforms.Build.0 = DVD-5
		{10D55FB3-1876-4D7D-8135-0E8CD5C6204D}.DVD-5|x64.ActiveCfg = DVD-5
		{10D55FB3-1876-4D7D-8135-0E8CD5C6204D}.DVD-5|x64.Build.0 = DVD-5
		{10D55FB3-1876-4D7D-8135-0E8CD5C6204D}.DVD-5|x86.ActiveCfg = DVD-5
		{10D55FB3-1876-4D7D-8135-0E8CD5C6204D}.DVD-5|x86.Build.0 = DVD-5
		{10D55FB3-1876-4D7D-8135-0E8CD5C6204D}.Release|Any CPU.ActiveCfg = SingleImage
		{10D55FB3-1876-4D7D-8135-0E8CD5C6204D}.Release|Any CPU.Build.0 = SingleImage
		{10D55FB3-1876-4D7D-8135-0E8CD5C6204D}.Release|Mixed Platforms.ActiveCfg = SingleImage
		{10D55FB3-1876-4D7D-8135-0E8CD5C6204D}.Release|Mixed Platforms.Build.0 = SingleImage
		{10D55FB3-1876-4D7D-8135-0E8CD5C6204D}.Release|x64.ActiveCfg = SingleImage
		{10D55FB3-1876-4D7D-8135-0E8CD5C6204D}.Release|x64.Build.0 = SingleImage
		{10D55FB3-1876-4D7D-8135-0E8CD5C6204D}.Release|x86.ActiveCfg = SingleImage
		{10D55FB3-1876-4D7D-8135-0E8CD5C6204D}.Release|x86.Build.0 = SingleImage
		{10D55FB3-1876-4D7D-8135-0E8CD5C6204D}.SingleImage|Any CPU.ActiveCfg = SingleImage
		{10D55FB3-1876-4D7D-8135-0E8CD5C6204D}.SingleImage|Any CPU.Build.0 = SingleImage
		{10D55FB3-1876-4D7D-8135-0E8CD5C6204D}.SingleImage|Mixed Platforms.ActiveCfg = SingleImage
		{10D55FB3-1876-4D7D-8135-0E8CD5C6204D}.SingleImage|Mixed Platforms.Build.0 = SingleImage
		{10D55FB3-1876-4D7D-8135-0E8CD5C6204D}.SingleImage|x64.ActiveCfg = SingleImage
		{10D55FB3-1876-4D7D-8135-0E8CD5C6204D}.SingleImage|x64.Build.0 = SingleImage
		{10D55FB3-1876-4D7D-8135-0E8CD5C6204D}.SingleImage|x86.ActiveCfg = SingleImage
		{10D55FB3-1876-4D7D-8135-0E8CD5C6204D}.SingleImage|x86.Build.0 = SingleImage
		{A46DAE36-02EA-4302-A476-7AF770CB20C0}.CD_ROM|Any CPU.ActiveCfg = Release|Any CPU
		{A46DAE36-02EA-4302-A476-7AF770CB20C0}.CD_ROM|Any CPU.Build.0 = Release|Any CPU
		{A46DAE36-02EA-4302-A476-7AF770CB20C0}.CD_ROM|Mixed Platforms.ActiveCfg = Release|Any CPU
		{A46DAE36-02EA-4302-A476-7AF770CB20C0}.CD_ROM|Mixed Platforms.Build.0 = Release|Any CPU
		{A46DAE36-02EA-4302-A476-7AF770CB20C0}.CD_ROM|x64.ActiveCfg = Release|Any CPU
		{A46DAE36-02EA-4302-A476-7AF770CB20C0}.CD_ROM|x86.ActiveCfg = Release|Any CPU
		{A46DAE36-02EA-4302-A476-7AF770CB20C0}.Debug|Any CPU.ActiveCfg = Debug|Any CPU
		{A46DAE36-02EA-4302-A476-7AF770CB20C0}.Debug|Any CPU.Build.0 = Debug|Any CPU
		{A46DAE36-02EA-4302-A476-7AF770CB20C0}.Debug|Mixed Platforms.ActiveCfg = Debug|Any CPU
		{A46DAE36-02EA-4302-A476-7AF770CB20C0}.Debug|Mixed Platforms.Build.0 = Debug|Any CPU
		{A46DAE36-02EA-4302-A476-7AF770CB20C0}.Debug|x64.ActiveCfg = Debug|Any CPU
		{A46DAE36-02EA-4302-A476-7AF770CB20C0}.Debug|x86.ActiveCfg = Debug|Any CPU
		{A46DAE36-02EA-4302-A476-7AF770CB20C0}.DVD-5|Any CPU.ActiveCfg = Debug|Any CPU
		{A46DAE36-02EA-4302-A476-7AF770CB20C0}.DVD-5|Any CPU.Build.0 = Debug|Any CPU
		{A46DAE36-02EA-4302-A476-7AF770CB20C0}.DVD-5|Mixed Platforms.ActiveCfg = Debug|Any CPU
		{A46DAE36-02EA-4302-A476-7AF770CB20C0}.DVD-5|Mixed Platforms.Build.0 = Debug|Any CPU
		{A46DAE36-02EA-4302-A476-7AF770CB20C0}.DVD-5|x64.ActiveCfg = Debug|Any CPU
		{A46DAE36-02EA-4302-A476-7AF770CB20C0}.DVD-5|x86.ActiveCfg = Debug|Any CPU
		{A46DAE36-02EA-4302-A476-7AF770CB20C0}.Release|Any CPU.ActiveCfg = Release|Any CPU
		{A46DAE36-02EA-4302-A476-7AF770CB20C0}.Release|Any CPU.Build.0 = Release|Any CPU
		{A46DAE36-02EA-4302-A476-7AF770CB20C0}.Release|Mixed Platforms.ActiveCfg = Release|Any CPU
		{A46DAE36-02EA-4302-A476-7AF770CB20C0}.Release|Mixed Platforms.Build.0 = Release|Any CPU
		{A46DAE36-02EA-4302-A476-7AF770CB20C0}.Release|x64.ActiveCfg = Release|Any CPU
		{A46DAE36-02EA-4302-A476-7AF770CB20C0}.Release|x86.ActiveCfg = Release|Any CPU
		{A46DAE36-02EA-4302-A476-7AF770CB20C0}.SingleImage|Any CPU.ActiveCfg = Release|Any CPU
		{A46DAE36-02EA-4302-A476-7AF770CB20C0}.SingleImage|Any CPU.Build.0 = Release|Any CPU
		{A46DAE36-02EA-4302-A476-7AF770CB20C0}.SingleImage|Mixed Platforms.ActiveCfg = Release|Any CPU
		{A46DAE36-02EA-4302-A476-7AF770CB20C0}.SingleImage|Mixed Platforms.Build.0 = Release|Any CPU
		{A46DAE36-02EA-4302-A476-7AF770CB20C0}.SingleImage|x64.ActiveCfg = Release|Any CPU
		{A46DAE36-02EA-4302-A476-7AF770CB20C0}.SingleImage|x86.ActiveCfg = Release|Any CPU
		{BBC177DF-CD0C-4FDF-9E78-41F2CE4FAF52}.CD_ROM|Any CPU.ActiveCfg = Release|Any CPU
		{BBC177DF-CD0C-4FDF-9E78-41F2CE4FAF52}.CD_ROM|Any CPU.Build.0 = Release|Any CPU
		{BBC177DF-CD0C-4FDF-9E78-41F2CE4FAF52}.CD_ROM|Any CPU.Deploy.0 = Release|Any CPU
		{BBC177DF-CD0C-4FDF-9E78-41F2CE4FAF52}.CD_ROM|Mixed Platforms.ActiveCfg = Release|Any CPU
		{BBC177DF-CD0C-4FDF-9E78-41F2CE4FAF52}.CD_ROM|Mixed Platforms.Build.0 = Release|Any CPU
		{BBC177DF-CD0C-4FDF-9E78-41F2CE4FAF52}.CD_ROM|Mixed Platforms.Deploy.0 = Release|Any CPU
		{BBC177DF-CD0C-4FDF-9E78-41F2CE4FAF52}.CD_ROM|x64.ActiveCfg = Release|x64
		{BBC177DF-CD0C-4FDF-9E78-41F2CE4FAF52}.CD_ROM|x64.Build.0 = Release|x64
		{BBC177DF-CD0C-4FDF-9E78-41F2CE4FAF52}.CD_ROM|x64.Deploy.0 = Release|x64
		{BBC177DF-CD0C-4FDF-9E78-41F2CE4FAF52}.CD_ROM|x86.ActiveCfg = Release|Any CPU
		{BBC177DF-CD0C-4FDF-9E78-41F2CE4FAF52}.Debug|Any CPU.ActiveCfg = Debug|Any CPU
		{BBC177DF-CD0C-4FDF-9E78-41F2CE4FAF52}.Debug|Any CPU.Build.0 = Debug|Any CPU
		{BBC177DF-CD0C-4FDF-9E78-41F2CE4FAF52}.Debug|Any CPU.Deploy.0 = Debug|Any CPU
		{BBC177DF-CD0C-4FDF-9E78-41F2CE4FAF52}.Debug|Mixed Platforms.ActiveCfg = Debug|Any CPU
		{BBC177DF-CD0C-4FDF-9E78-41F2CE4FAF52}.Debug|Mixed Platforms.Build.0 = Debug|Any CPU
		{BBC177DF-CD0C-4FDF-9E78-41F2CE4FAF52}.Debug|Mixed Platforms.Deploy.0 = Debug|Any CPU
		{BBC177DF-CD0C-4FDF-9E78-41F2CE4FAF52}.Debug|x64.ActiveCfg = Debug|x64
		{BBC177DF-CD0C-4FDF-9E78-41F2CE4FAF52}.Debug|x64.Build.0 = Debug|x64
		{BBC177DF-CD0C-4FDF-9E78-41F2CE4FAF52}.Debug|x64.Deploy.0 = Debug|x64
		{BBC177DF-CD0C-4FDF-9E78-41F2CE4FAF52}.Debug|x86.ActiveCfg = Debug|Any CPU
		{BBC177DF-CD0C-4FDF-9E78-41F2CE4FAF52}.DVD-5|Any CPU.ActiveCfg = Debug|Any CPU
		{BBC177DF-CD0C-4FDF-9E78-41F2CE4FAF52}.DVD-5|Any CPU.Build.0 = Debug|Any CPU
		{BBC177DF-CD0C-4FDF-9E78-41F2CE4FAF52}.DVD-5|Any CPU.Deploy.0 = Debug|Any CPU
		{BBC177DF-CD0C-4FDF-9E78-41F2CE4FAF52}.DVD-5|Mixed Platforms.ActiveCfg = Debug|Any CPU
		{BBC177DF-CD0C-4FDF-9E78-41F2CE4FAF52}.DVD-5|Mixed Platforms.Build.0 = Debug|Any CPU
		{BBC177DF-CD0C-4FDF-9E78-41F2CE4FAF52}.DVD-5|Mixed Platforms.Deploy.0 = Debug|Any CPU
		{BBC177DF-CD0C-4FDF-9E78-41F2CE4FAF52}.DVD-5|x64.ActiveCfg = Debug|x64
		{BBC177DF-CD0C-4FDF-9E78-41F2CE4FAF52}.DVD-5|x64.Build.0 = Debug|x64
		{BBC177DF-CD0C-4FDF-9E78-41F2CE4FAF52}.DVD-5|x64.Deploy.0 = Debug|x64
		{BBC177DF-CD0C-4FDF-9E78-41F2CE4FAF52}.DVD-5|x86.ActiveCfg = Debug|Any CPU
		{BBC177DF-CD0C-4FDF-9E78-41F2CE4FAF52}.Release|Any CPU.ActiveCfg = Release|Any CPU
		{BBC177DF-CD0C-4FDF-9E78-41F2CE4FAF52}.Release|Any CPU.Build.0 = Release|Any CPU
		{BBC177DF-CD0C-4FDF-9E78-41F2CE4FAF52}.Release|Any CPU.Deploy.0 = Release|Any CPU
		{BBC177DF-CD0C-4FDF-9E78-41F2CE4FAF52}.Release|Mixed Platforms.ActiveCfg = Release|Any CPU
		{BBC177DF-CD0C-4FDF-9E78-41F2CE4FAF52}.Release|Mixed Platforms.Build.0 = Release|Any CPU
		{BBC177DF-CD0C-4FDF-9E78-41F2CE4FAF52}.Release|Mixed Platforms.Deploy.0 = Release|Any CPU
		{BBC177DF-CD0C-4FDF-9E78-41F2CE4FAF52}.Release|x64.ActiveCfg = Release|x64
		{BBC177DF-CD0C-4FDF-9E78-41F2CE4FAF52}.Release|x64.Build.0 = Release|x64
		{BBC177DF-CD0C-4FDF-9E78-41F2CE4FAF52}.Release|x64.Deploy.0 = Release|x64
		{BBC177DF-CD0C-4FDF-9E78-41F2CE4FAF52}.Release|x86.ActiveCfg = Release|Any CPU
		{BBC177DF-CD0C-4FDF-9E78-41F2CE4FAF52}.SingleImage|Any CPU.ActiveCfg = Release|Any CPU
		{BBC177DF-CD0C-4FDF-9E78-41F2CE4FAF52}.SingleImage|Any CPU.Build.0 = Release|Any CPU
		{BBC177DF-CD0C-4FDF-9E78-41F2CE4FAF52}.SingleImage|Any CPU.Deploy.0 = Release|Any CPU
		{BBC177DF-CD0C-4FDF-9E78-41F2CE4FAF52}.SingleImage|Mixed Platforms.ActiveCfg = Release|Any CPU
		{BBC177DF-CD0C-4FDF-9E78-41F2CE4FAF52}.SingleImage|Mixed Platforms.Build.0 = Release|Any CPU
		{BBC177DF-CD0C-4FDF-9E78-41F2CE4FAF52}.SingleImage|Mixed Platforms.Deploy.0 = Release|Any CPU
		{BBC177DF-CD0C-4FDF-9E78-41F2CE4FAF52}.SingleImage|x64.ActiveCfg = Release|x64
		{BBC177DF-CD0C-4FDF-9E78-41F2CE4FAF52}.SingleImage|x64.Build.0 = Release|x64
		{BBC177DF-CD0C-4FDF-9E78-41F2CE4FAF52}.SingleImage|x64.Deploy.0 = Release|x64
		{BBC177DF-CD0C-4FDF-9E78-41F2CE4FAF52}.SingleImage|x86.ActiveCfg = Release|Any CPU
		{10DC0388-A989-4061-B680-7FE4FFC711A0}.CD_ROM|Any CPU.ActiveCfg = Release|Any CPU
		{10DC0388-A989-4061-B680-7FE4FFC711A0}.CD_ROM|Any CPU.Build.0 = Release|Any CPU
		{10DC0388-A989-4061-B680-7FE4FFC711A0}.CD_ROM|Any CPU.Deploy.0 = Release|Any CPU
		{10DC0388-A989-4061-B680-7FE4FFC711A0}.CD_ROM|Mixed Platforms.ActiveCfg = Release|Any CPU
		{10DC0388-A989-4061-B680-7FE4FFC711A0}.CD_ROM|Mixed Platforms.Build.0 = Release|Any CPU
		{10DC0388-A989-4061-B680-7FE4FFC711A0}.CD_ROM|Mixed Platforms.Deploy.0 = Release|Any CPU
		{10DC0388-A989-4061-B680-7FE4FFC711A0}.CD_ROM|x64.ActiveCfg = Release|x64
		{10DC0388-A989-4061-B680-7FE4FFC711A0}.CD_ROM|x64.Build.0 = Release|x64
		{10DC0388-A989-4061-B680-7FE4FFC711A0}.CD_ROM|x64.Deploy.0 = Release|x64
		{10DC0388-A989-4061-B680-7FE4FFC711A0}.CD_ROM|x86.ActiveCfg = Release|Any CPU
		{10DC0388-A989-4061-B680-7FE4FFC711A0}.Debug|Any CPU.ActiveCfg = Debug|Any CPU
		{10DC0388-A989-4061-B680-7FE4FFC711A0}.Debug|Any CPU.Build.0 = Debug|Any CPU
		{10DC0388-A989-4061-B680-7FE4FFC711A0}.Debug|Any CPU.Deploy.0 = Debug|Any CPU
		{10DC0388-A989-4061-B680-7FE4FFC711A0}.Debug|Mixed Platforms.ActiveCfg = Debug|Any CPU
		{10DC0388-A989-4061-B680-7FE4FFC711A0}.Debug|Mixed Platforms.Build.0 = Debug|Any CPU
		{10DC0388-A989-4061-B680-7FE4FFC711A0}.Debug|Mixed Platforms.Deploy.0 = Debug|Any CPU
		{10DC0388-A989-4061-B680-7FE4FFC711A0}.Debug|x64.ActiveCfg = Debug|x64
		{10DC0388-A989-4061-B680-7FE4FFC711A0}.Debug|x64.Build.0 = Debug|x64
		{10DC0388-A989-4061-B680-7FE4FFC711A0}.Debug|x64.Deploy.0 = Debug|x64
		{10DC0388-A989-4061-B680-7FE4FFC711A0}.Debug|x86.ActiveCfg = Debug|Any CPU
		{10DC0388-A989-4061-B680-7FE4FFC711A0}.DVD-5|Any CPU.ActiveCfg = Debug|Any CPU
		{10DC0388-A989-4061-B680-7FE4FFC711A0}.DVD-5|Any CPU.Build.0 = Debug|Any CPU
		{10DC0388-A989-4061-B680-7FE4FFC711A0}.DVD-5|Any CPU.Deploy.0 = Debug|Any CPU
		{10DC0388-A989-4061-B680-7FE4FFC711A0}.DVD-5|Mixed Platforms.ActiveCfg = Debug|Any CPU
		{10DC0388-A989-4061-B680-7FE4FFC711A0}.DVD-5|Mixed Platforms.Build.0 = Debug|Any CPU
		{10DC0388-A989-4061-B680-7FE4FFC711A0}.DVD-5|Mixed Platforms.Deploy.0 = Debug|Any CPU
		{10DC0388-A989-4061-B680-7FE4FFC711A0}.DVD-5|x64.ActiveCfg = Debug|x64
		{10DC0388-A989-4061-B680-7FE4FFC711A0}.DVD-5|x64.Build.0 = Debug|x64
		{10DC0388-A989-4061-B680-7FE4FFC711A0}.DVD-5|x64.Deploy.0 = Debug|x64
		{10DC0388-A989-4061-B680-7FE4FFC711A0}.DVD-5|x86.ActiveCfg = Debug|Any CPU
		{10DC0388-A989-4061-B680-7FE4FFC711A0}.Release|Any CPU.ActiveCfg = Release|Any CPU
		{10DC0388-A989-4061-B680-7FE4FFC711A0}.Release|Any CPU.Build.0 = Release|Any CPU
		{10DC0388-A989-4061-B680-7FE4FFC711A0}.Release|Any CPU.Deploy.0 = Release|Any CPU
		{10DC0388-A989-4061-B680-7FE4FFC711A0}.Release|Mixed Platforms.ActiveCfg = Release|Any CPU
		{10DC0388-A989-4061-B680-7FE4FFC711A0}.Release|Mixed Platforms.Build.0 = Release|Any CPU
		{10DC0388-A989-4061-B680-7FE4FFC711A0}.Release|Mixed Platforms.Deploy.0 = Release|Any CPU
		{10DC0388-A989-4061-B680-7FE4FFC711A0}.Release|x64.ActiveCfg = Release|x64
		{10DC0388-A989-4061-B680-7FE4FFC711A0}.Release|x64.Build.0 = Release|x64
		{10DC0388-A989-4061-B680-7FE4FFC711A0}.Release|x64.Deploy.0 = Release|x64
		{10DC0388-A989-4061-B680-7FE4FFC711A0}.Release|x86.ActiveCfg = Release|Any CPU
		{10DC0388-A989-4061-B680-7FE4FFC711A0}.SingleImage|Any CPU.ActiveCfg = Release|Any CPU
		{10DC0388-A989-4061-B680-7FE4FFC711A0}.SingleImage|Any CPU.Build.0 = Release|Any CPU
		{10DC0388-A989-4061-B680-7FE4FFC711A0}.SingleImage|Any CPU.Deploy.0 = Release|Any CPU
		{10DC0388-A989-4061-B680-7FE4FFC711A0}.SingleImage|Mixed Platforms.ActiveCfg = Release|Any CPU
		{10DC0388-A989-4061-B680-7FE4FFC711A0}.SingleImage|Mixed Platforms.Build.0 = Release|Any CPU
		{10DC0388-A989-4061-B680-7FE4FFC711A0}.SingleImage|Mixed Platforms.Deploy.0 = Release|Any CPU
		{10DC0388-A989-4061-B680-7FE4FFC711A0}.SingleImage|x64.ActiveCfg = Release|x64
		{10DC0388-A989-4061-B680-7FE4FFC711A0}.SingleImage|x64.Build.0 = Release|x64
		{10DC0388-A989-4061-B680-7FE4FFC711A0}.SingleImage|x64.Deploy.0 = Release|x64
		{10DC0388-A989-4061-B680-7FE4FFC711A0}.SingleImage|x86.ActiveCfg = Release|Any CPU
		{EE8EE82E-4AEA-4677-BD69-6BCA5A6B4969}.CD_ROM|Any CPU.ActiveCfg = Release|Any CPU
		{EE8EE82E-4AEA-4677-BD69-6BCA5A6B4969}.CD_ROM|Any CPU.Build.0 = Release|Any CPU
		{EE8EE82E-4AEA-4677-BD69-6BCA5A6B4969}.CD_ROM|Any CPU.Deploy.0 = Release|Any CPU
		{EE8EE82E-4AEA-4677-BD69-6BCA5A6B4969}.CD_ROM|Mixed Platforms.ActiveCfg = Release|Any CPU
		{EE8EE82E-4AEA-4677-BD69-6BCA5A6B4969}.CD_ROM|Mixed Platforms.Build.0 = Release|Any CPU
		{EE8EE82E-4AEA-4677-BD69-6BCA5A6B4969}.CD_ROM|Mixed Platforms.Deploy.0 = Release|Any CPU
		{EE8EE82E-4AEA-4677-BD69-6BCA5A6B4969}.CD_ROM|x64.ActiveCfg = Release|x64
		{EE8EE82E-4AEA-4677-BD69-6BCA5A6B4969}.CD_ROM|x64.Build.0 = Release|x64
		{EE8EE82E-4AEA-4677-BD69-6BCA5A6B4969}.CD_ROM|x64.Deploy.0 = Release|x64
		{EE8EE82E-4AEA-4677-BD69-6BCA5A6B4969}.CD_ROM|x86.ActiveCfg = Release|Any CPU
		{EE8EE82E-4AEA-4677-BD69-6BCA5A6B4969}.Debug|Any CPU.ActiveCfg = Debug|Any CPU
		{EE8EE82E-4AEA-4677-BD69-6BCA5A6B4969}.Debug|Any CPU.Build.0 = Debug|Any CPU
		{EE8EE82E-4AEA-4677-BD69-6BCA5A6B4969}.Debug|Any CPU.Deploy.0 = Debug|Any CPU
		{EE8EE82E-4AEA-4677-BD69-6BCA5A6B4969}.Debug|Mixed Platforms.ActiveCfg = Debug|Any CPU
		{EE8EE82E-4AEA-4677-BD69-6BCA5A6B4969}.Debug|Mixed Platforms.Build.0 = Debug|Any CPU
		{EE8EE82E-4AEA-4677-BD69-6BCA5A6B4969}.Debug|Mixed Platforms.Deploy.0 = Debug|Any CPU
		{EE8EE82E-4AEA-4677-BD69-6BCA5A6B4969}.Debug|x64.ActiveCfg = Debug|x64
		{EE8EE82E-4AEA-4677-BD69-6BCA5A6B4969}.Debug|x64.Build.0 = Debug|x64
		{EE8EE82E-4AEA-4677-BD69-6BCA5A6B4969}.Debug|x64.Deploy.0 = Debug|x64
		{EE8EE82E-4AEA-4677-BD69-6BCA5A6B4969}.Debug|x86.ActiveCfg = Debug|Any CPU
		{EE8EE82E-4AEA-4677-BD69-6BCA5A6B4969}.DVD-5|Any CPU.ActiveCfg = Debug|Any CPU
		{EE8EE82E-4AEA-4677-BD69-6BCA5A6B4969}.DVD-5|Any CPU.Build.0 = Debug|Any CPU
		{EE8EE82E-4AEA-4677-BD69-6BCA5A6B4969}.DVD-5|Any CPU.Deploy.0 = Debug|Any CPU
		{EE8EE82E-4AEA-4677-BD69-6BCA5A6B4969}.DVD-5|Mixed Platforms.ActiveCfg = Debug|Any CPU
		{EE8EE82E-4AEA-4677-BD69-6BCA5A6B4969}.DVD-5|Mixed Platforms.Build.0 = Debug|Any CPU
		{EE8EE82E-4AEA-4677-BD69-6BCA5A6B4969}.DVD-5|Mixed Platforms.Deploy.0 = Debug|Any CPU
		{EE8EE82E-4AEA-4677-BD69-6BCA5A6B4969}.DVD-5|x64.ActiveCfg = Debug|x64
		{EE8EE82E-4AEA-4677-BD69-6BCA5A6B4969}.DVD-5|x64.Build.0 = Debug|x64
		{EE8EE82E-4AEA-4677-BD69-6BCA5A6B4969}.DVD-5|x64.Deploy.0 = Debug|x64
		{EE8EE82E-4AEA-4677-BD69-6BCA5A6B4969}.DVD-5|x86.ActiveCfg = Debug|Any CPU
		{EE8EE82E-4AEA-4677-BD69-6BCA5A6B4969}.Release|Any CPU.ActiveCfg = Release|Any CPU
		{EE8EE82E-4AEA-4677-BD69-6BCA5A6B4969}.Release|Any CPU.Build.0 = Release|Any CPU
		{EE8EE82E-4AEA-4677-BD69-6BCA5A6B4969}.Release|Any CPU.Deploy.0 = Release|Any CPU
		{EE8EE82E-4AEA-4677-BD69-6BCA5A6B4969}.Release|Mixed Platforms.ActiveCfg = Release|Any CPU
		{EE8EE82E-4AEA-4677-BD69-6BCA5A6B4969}.Release|Mixed Platforms.Build.0 = Release|Any CPU
		{EE8EE82E-4AEA-4677-BD69-6BCA5A6B4969}.Release|Mixed Platforms.Deploy.0 = Release|Any CPU
		{EE8EE82E-4AEA-4677-BD69-6BCA5A6B4969}.Release|x64.ActiveCfg = Release|x64
		{EE8EE82E-4AEA-4677-BD69-6BCA5A6B4969}.Release|x64.Build.0 = Release|x64
		{EE8EE82E-4AEA-4677-BD69-6BCA5A6B4969}.Release|x64.Deploy.0 = Release|x64
		{EE8EE82E-4AEA-4677-BD69-6BCA5A6B4969}.Release|x86.ActiveCfg = Release|Any CPU
		{EE8EE82E-4AEA-4677-BD69-6BCA5A6B4969}.SingleImage|Any CPU.ActiveCfg = Release|Any CPU
		{EE8EE82E-4AEA-4677-BD69-6BCA5A6B4969}.SingleImage|Any CPU.Build.0 = Release|Any CPU
		{EE8EE82E-4AEA-4677-BD69-6BCA5A6B4969}.SingleImage|Any CPU.Deploy.0 = Release|Any CPU
		{EE8EE82E-4AEA-4677-BD69-6BCA5A6B4969}.SingleImage|Mixed Platforms.ActiveCfg = Release|Any CPU
		{EE8EE82E-4AEA-4677-BD69-6BCA5A6B4969}.SingleImage|Mixed Platforms.Build.0 = Release|Any CPU
		{EE8EE82E-4AEA-4677-BD69-6BCA5A6B4969}.SingleImage|Mixed Platforms.Deploy.0 = Release|Any CPU
		{EE8EE82E-4AEA-4677-BD69-6BCA5A6B4969}.SingleImage|x64.ActiveCfg = Release|x64
		{EE8EE82E-4AEA-4677-BD69-6BCA5A6B4969}.SingleImage|x64.Build.0 = Release|x64
		{EE8EE82E-4AEA-4677-BD69-6BCA5A6B4969}.SingleImage|x64.Deploy.0 = Release|x64
		{EE8EE82E-4AEA-4677-BD69-6BCA5A6B4969}.SingleImage|x86.ActiveCfg = Release|Any CPU
		{65CEFE18-D7FB-4189-AC46-5ACFD7BE80D8}.CD_ROM|Any CPU.ActiveCfg = Release|Any CPU
		{65CEFE18-D7FB-4189-AC46-5ACFD7BE80D8}.CD_ROM|Any CPU.Build.0 = Release|Any CPU
		{65CEFE18-D7FB-4189-AC46-5ACFD7BE80D8}.CD_ROM|Any CPU.Deploy.0 = Release|Any CPU
		{65CEFE18-D7FB-4189-AC46-5ACFD7BE80D8}.CD_ROM|Mixed Platforms.ActiveCfg = Release|Any CPU
		{65CEFE18-D7FB-4189-AC46-5ACFD7BE80D8}.CD_ROM|Mixed Platforms.Build.0 = Release|Any CPU
		{65CEFE18-D7FB-4189-AC46-5ACFD7BE80D8}.CD_ROM|Mixed Platforms.Deploy.0 = Release|Any CPU
		{65CEFE18-D7FB-4189-AC46-5ACFD7BE80D8}.CD_ROM|x64.ActiveCfg = Release|x64
		{65CEFE18-D7FB-4189-AC46-5ACFD7BE80D8}.CD_ROM|x64.Build.0 = Release|x64
		{65CEFE18-D7FB-4189-AC46-5ACFD7BE80D8}.CD_ROM|x64.Deploy.0 = Release|x64
		{65CEFE18-D7FB-4189-AC46-5ACFD7BE80D8}.CD_ROM|x86.ActiveCfg = Release|Any CPU
		{65CEFE18-D7FB-4189-AC46-5ACFD7BE80D8}.Debug|Any CPU.ActiveCfg = Debug|Any CPU
		{65CEFE18-D7FB-4189-AC46-5ACFD7BE80D8}.Debug|Any CPU.Build.0 = Debug|Any CPU
		{65CEFE18-D7FB-4189-AC46-5ACFD7BE80D8}.Debug|Any CPU.Deploy.0 = Debug|Any CPU
		{65CEFE18-D7FB-4189-AC46-5ACFD7BE80D8}.Debug|Mixed Platforms.ActiveCfg = Debug|Any CPU
		{65CEFE18-D7FB-4189-AC46-5ACFD7BE80D8}.Debug|Mixed Platforms.Build.0 = Debug|Any CPU
		{65CEFE18-D7FB-4189-AC46-5ACFD7BE80D8}.Debug|Mixed Platforms.Deploy.0 = Debug|Any CPU
		{65CEFE18-D7FB-4189-AC46-5ACFD7BE80D8}.Debug|x64.ActiveCfg = Debug|x64
		{65CEFE18-D7FB-4189-AC46-5ACFD7BE80D8}.Debug|x64.Build.0 = Debug|x64
		{65CEFE18-D7FB-4189-AC46-5ACFD7BE80D8}.Debug|x64.Deploy.0 = Debug|x64
		{65CEFE18-D7FB-4189-AC46-5ACFD7BE80D8}.Debug|x86.ActiveCfg = Debug|Any CPU
		{65CEFE18-D7FB-4189-AC46-5ACFD7BE80D8}.DVD-5|Any CPU.ActiveCfg = Debug|Any CPU
		{65CEFE18-D7FB-4189-AC46-5ACFD7BE80D8}.DVD-5|Any CPU.Build.0 = Debug|Any CPU
		{65CEFE18-D7FB-4189-AC46-5ACFD7BE80D8}.DVD-5|Any CPU.Deploy.0 = Debug|Any CPU
		{65CEFE18-D7FB-4189-AC46-5ACFD7BE80D8}.DVD-5|Mixed Platforms.ActiveCfg = Debug|Any CPU
		{65CEFE18-D7FB-4189-AC46-5ACFD7BE80D8}.DVD-5|Mixed Platforms.Build.0 = Debug|Any CPU
		{65CEFE18-D7FB-4189-AC46-5ACFD7BE80D8}.DVD-5|Mixed Platforms.Deploy.0 = Debug|Any CPU
		{65CEFE18-D7FB-4189-AC46-5ACFD7BE80D8}.DVD-5|x64.ActiveCfg = Debug|x64
		{65CEFE18-D7FB-4189-AC46-5ACFD7BE80D8}.DVD-5|x64.Build.0 = Debug|x64
		{65CEFE18-D7FB-4189-AC46-5ACFD7BE80D8}.DVD-5|x64.Deploy.0 = Debug|x64
		{65CEFE18-D7FB-4189-AC46-5ACFD7BE80D8}.DVD-5|x86.ActiveCfg = Debug|Any CPU
		{65CEFE18-D7FB-4189-AC46-5ACFD7BE80D8}.Release|Any CPU.ActiveCfg = Release|Any CPU
		{65CEFE18-D7FB-4189-AC46-5ACFD7BE80D8}.Release|Any CPU.Build.0 = Release|Any CPU
		{65CEFE18-D7FB-4189-AC46-5ACFD7BE80D8}.Release|Any CPU.Deploy.0 = Release|Any CPU
		{65CEFE18-D7FB-4189-AC46-5ACFD7BE80D8}.Release|Mixed Platforms.ActiveCfg = Release|Any CPU
		{65CEFE18-D7FB-4189-AC46-5ACFD7BE80D8}.Release|Mixed Platforms.Build.0 = Release|Any CPU
		{65CEFE18-D7FB-4189-AC46-5ACFD7BE80D8}.Release|Mixed Platforms.Deploy.0 = Release|Any CPU
		{65CEFE18-D7FB-4189-AC46-5ACFD7BE80D8}.Release|x64.ActiveCfg = Release|x64
		{65CEFE18-D7FB-4189-AC46-5ACFD7BE80D8}.Release|x64.Build.0 = Release|x64
		{65CEFE18-D7FB-4189-AC46-5ACFD7BE80D8}.Release|x64.Deploy.0 = Release|x64
		{65CEFE18-D7FB-4189-AC46-5ACFD7BE80D8}.Release|x86.ActiveCfg = Release|Any CPU
		{65CEFE18-D7FB-4189-AC46-5ACFD7BE80D8}.SingleImage|Any CPU.ActiveCfg = Release|Any CPU
		{65CEFE18-D7FB-4189-AC46-5ACFD7BE80D8}.SingleImage|Any CPU.Build.0 = Release|Any CPU
		{65CEFE18-D7FB-4189-AC46-5ACFD7BE80D8}.SingleImage|Any CPU.Deploy.0 = Release|Any CPU
		{65CEFE18-D7FB-4189-AC46-5ACFD7BE80D8}.SingleImage|Mixed Platforms.ActiveCfg = Release|Any CPU
		{65CEFE18-D7FB-4189-AC46-5ACFD7BE80D8}.SingleImage|Mixed Platforms.Build.0 = Release|Any CPU
		{65CEFE18-D7FB-4189-AC46-5ACFD7BE80D8}.SingleImage|Mixed Platforms.Deploy.0 = Release|Any CPU
		{65CEFE18-D7FB-4189-AC46-5ACFD7BE80D8}.SingleImage|x64.ActiveCfg = Release|x64
		{65CEFE18-D7FB-4189-AC46-5ACFD7BE80D8}.SingleImage|x64.Build.0 = Release|x64
		{65CEFE18-D7FB-4189-AC46-5ACFD7BE80D8}.SingleImage|x64.Deploy.0 = Release|x64
		{65CEFE18-D7FB-4189-AC46-5ACFD7BE80D8}.SingleImage|x86.ActiveCfg = Release|Any CPU
		{8920F657-54A3-4376-99A5-C2D823F94038}.CD_ROM|Any CPU.ActiveCfg = Release|Any CPU
		{8920F657-54A3-4376-99A5-C2D823F94038}.CD_ROM|Any CPU.Build.0 = Release|Any CPU
		{8920F657-54A3-4376-99A5-C2D823F94038}.CD_ROM|Any CPU.Deploy.0 = Release|Any CPU
		{8920F657-54A3-4376-99A5-C2D823F94038}.CD_ROM|Mixed Platforms.ActiveCfg = Release|Any CPU
		{8920F657-54A3-4376-99A5-C2D823F94038}.CD_ROM|Mixed Platforms.Build.0 = Release|Any CPU
		{8920F657-54A3-4376-99A5-C2D823F94038}.CD_ROM|Mixed Platforms.Deploy.0 = Release|Any CPU
		{8920F657-54A3-4376-99A5-C2D823F94038}.CD_ROM|x64.ActiveCfg = Release|x64
		{8920F657-54A3-4376-99A5-C2D823F94038}.CD_ROM|x64.Build.0 = Release|x64
		{8920F657-54A3-4376-99A5-C2D823F94038}.CD_ROM|x64.Deploy.0 = Release|x64
		{8920F657-54A3-4376-99A5-C2D823F94038}.CD_ROM|x86.ActiveCfg = Release|Any CPU
		{8920F657-54A3-4376-99A5-C2D823F94038}.Debug|Any CPU.ActiveCfg = Debug|Any CPU
		{8920F657-54A3-4376-99A5-C2D823F94038}.Debug|Any CPU.Build.0 = Debug|Any CPU
		{8920F657-54A3-4376-99A5-C2D823F94038}.Debug|Any CPU.Deploy.0 = Debug|Any CPU
		{8920F657-54A3-4376-99A5-C2D823F94038}.Debug|Mixed Platforms.ActiveCfg = Debug|Any CPU
		{8920F657-54A3-4376-99A5-C2D823F94038}.Debug|Mixed Platforms.Build.0 = Debug|Any CPU
		{8920F657-54A3-4376-99A5-C2D823F94038}.Debug|Mixed Platforms.Deploy.0 = Debug|Any CPU
		{8920F657-54A3-4376-99A5-C2D823F94038}.Debug|x64.ActiveCfg = Debug|x64
		{8920F657-54A3-4376-99A5-C2D823F94038}.Debug|x64.Build.0 = Debug|x64
		{8920F657-54A3-4376-99A5-C2D823F94038}.Debug|x64.Deploy.0 = Debug|x64
		{8920F657-54A3-4376-99A5-C2D823F94038}.Debug|x86.ActiveCfg = Debug|Any CPU
		{8920F657-54A3-4376-99A5-C2D823F94038}.DVD-5|Any CPU.ActiveCfg = Debug|Any CPU
		{8920F657-54A3-4376-99A5-C2D823F94038}.DVD-5|Any CPU.Build.0 = Debug|Any CPU
		{8920F657-54A3-4376-99A5-C2D823F94038}.DVD-5|Any CPU.Deploy.0 = Debug|Any CPU
		{8920F657-54A3-4376-99A5-C2D823F94038}.DVD-5|Mixed Platforms.ActiveCfg = Debug|Any CPU
		{8920F657-54A3-4376-99A5-C2D823F94038}.DVD-5|Mixed Platforms.Build.0 = Debug|Any CPU
		{8920F657-54A3-4376-99A5-C2D823F94038}.DVD-5|Mixed Platforms.Deploy.0 = Debug|Any CPU
		{8920F657-54A3-4376-99A5-C2D823F94038}.DVD-5|x64.ActiveCfg = Debug|x64
		{8920F657-54A3-4376-99A5-C2D823F94038}.DVD-5|x64.Build.0 = Debug|x64
		{8920F657-54A3-4376-99A5-C2D823F94038}.DVD-5|x64.Deploy.0 = Debug|x64
		{8920F657-54A3-4376-99A5-C2D823F94038}.DVD-5|x86.ActiveCfg = Debug|Any CPU
		{8920F657-54A3-4376-99A5-C2D823F94038}.Release|Any CPU.ActiveCfg = Release|Any CPU
		{8920F657-54A3-4376-99A5-C2D823F94038}.Release|Any CPU.Build.0 = Release|Any CPU
		{8920F657-54A3-4376-99A5-C2D823F94038}.Release|Any CPU.Deploy.0 = Release|Any CPU
		{8920F657-54A3-4376-99A5-C2D823F94038}.Release|Mixed Platforms.ActiveCfg = Release|Any CPU
		{8920F657-54A3-4376-99A5-C2D823F94038}.Release|Mixed Platforms.Build.0 = Release|Any CPU
		{8920F657-54A3-4376-99A5-C2D823F94038}.Release|Mixed Platforms.Deploy.0 = Release|Any CPU
		{8920F657-54A3-4376-99A5-C2D823F94038}.Release|x64.ActiveCfg = Release|x64
		{8920F657-54A3-4376-99A5-C2D823F94038}.Release|x64.Build.0 = Release|x64
		{8920F657-54A3-4376-99A5-C2D823F94038}.Release|x64.Deploy.0 = Release|x64
		{8920F657-54A3-4376-99A5-C2D823F94038}.Release|x86.ActiveCfg = Release|Any CPU
		{8920F657-54A3-4376-99A5-C2D823F94038}.SingleImage|Any CPU.ActiveCfg = Release|Any CPU
		{8920F657-54A3-4376-99A5-C2D823F94038}.SingleImage|Any CPU.Build.0 = Release|Any CPU
		{8920F657-54A3-4376-99A5-C2D823F94038}.SingleImage|Any CPU.Deploy.0 = Release|Any CPU
		{8920F657-54A3-4376-99A5-C2D823F94038}.SingleImage|Mixed Platforms.ActiveCfg = Release|Any CPU
		{8920F657-54A3-4376-99A5-C2D823F94038}.SingleImage|Mixed Platforms.Build.0 = Release|Any CPU
		{8920F657-54A3-4376-99A5-C2D823F94038}.SingleImage|Mixed Platforms.Deploy.0 = Release|Any CPU
		{8920F657-54A3-4376-99A5-C2D823F94038}.SingleImage|x64.ActiveCfg = Release|x64
		{8920F657-54A3-4376-99A5-C2D823F94038}.SingleImage|x64.Build.0 = Release|x64
		{8920F657-54A3-4376-99A5-C2D823F94038}.SingleImage|x64.Deploy.0 = Release|x64
		{8920F657-54A3-4376-99A5-C2D823F94038}.SingleImage|x86.ActiveCfg = Release|Any CPU
		{C4D9BBC4-C123-4AAB-B1E6-9906B7B51BC6}.CD_ROM|Any CPU.ActiveCfg = Release|Any CPU
		{C4D9BBC4-C123-4AAB-B1E6-9906B7B51BC6}.CD_ROM|Any CPU.Build.0 = Release|Any CPU
		{C4D9BBC4-C123-4AAB-B1E6-9906B7B51BC6}.CD_ROM|Any CPU.Deploy.0 = Release|Any CPU
		{C4D9BBC4-C123-4AAB-B1E6-9906B7B51BC6}.CD_ROM|Mixed Platforms.ActiveCfg = Release|Any CPU
		{C4D9BBC4-C123-4AAB-B1E6-9906B7B51BC6}.CD_ROM|Mixed Platforms.Build.0 = Release|Any CPU
		{C4D9BBC4-C123-4AAB-B1E6-9906B7B51BC6}.CD_ROM|Mixed Platforms.Deploy.0 = Release|Any CPU
		{C4D9BBC4-C123-4AAB-B1E6-9906B7B51BC6}.CD_ROM|x64.ActiveCfg = Release|x64
		{C4D9BBC4-C123-4AAB-B1E6-9906B7B51BC6}.CD_ROM|x64.Build.0 = Release|x64
		{C4D9BBC4-C123-4AAB-B1E6-9906B7B51BC6}.CD_ROM|x64.Deploy.0 = Release|x64
		{C4D9BBC4-C123-4AAB-B1E6-9906B7B51BC6}.CD_ROM|x86.ActiveCfg = Release|Any CPU
		{C4D9BBC4-C123-4AAB-B1E6-9906B7B51BC6}.Debug|Any CPU.ActiveCfg = Debug|Any CPU
		{C4D9BBC4-C123-4AAB-B1E6-9906B7B51BC6}.Debug|Any CPU.Build.0 = Debug|Any CPU
		{C4D9BBC4-C123-4AAB-B1E6-9906B7B51BC6}.Debug|Any CPU.Deploy.0 = Debug|Any CPU
		{C4D9BBC4-C123-4AAB-B1E6-9906B7B51BC6}.Debug|Mixed Platforms.ActiveCfg = Debug|Any CPU
		{C4D9BBC4-C123-4AAB-B1E6-9906B7B51BC6}.Debug|Mixed Platforms.Build.0 = Debug|Any CPU
		{C4D9BBC4-C123-4AAB-B1E6-9906B7B51BC6}.Debug|Mixed Platforms.Deploy.0 = Debug|Any CPU
		{C4D9BBC4-C123-4AAB-B1E6-9906B7B51BC6}.Debug|x64.ActiveCfg = Debug|x64
		{C4D9BBC4-C123-4AAB-B1E6-9906B7B51BC6}.Debug|x64.Build.0 = Debug|x64
		{C4D9BBC4-C123-4AAB-B1E6-9906B7B51BC6}.Debug|x64.Deploy.0 = Debug|x64
		{C4D9BBC4-C123-4AAB-B1E6-9906B7B51BC6}.Debug|x86.ActiveCfg = Debug|Any CPU
		{C4D9BBC4-C123-4AAB-B1E6-9906B7B51BC6}.DVD-5|Any CPU.ActiveCfg = Debug|Any CPU
		{C4D9BBC4-C123-4AAB-B1E6-9906B7B51BC6}.DVD-5|Any CPU.Build.0 = Debug|Any CPU
		{C4D9BBC4-C123-4AAB-B1E6-9906B7B51BC6}.DVD-5|Any CPU.Deploy.0 = Debug|Any CPU
		{C4D9BBC4-C123-4AAB-B1E6-9906B7B51BC6}.DVD-5|Mixed Platforms.ActiveCfg = Debug|Any CPU
		{C4D9BBC4-C123-4AAB-B1E6-9906B7B51BC6}.DVD-5|Mixed Platforms.Build.0 = Debug|Any CPU
		{C4D9BBC4-C123-4AAB-B1E6-9906B7B51BC6}.DVD-5|Mixed Platforms.Deploy.0 = Debug|Any CPU
		{C4D9BBC4-C123-4AAB-B1E6-9906B7B51BC6}.DVD-5|x64.ActiveCfg = Debug|x64
		{C4D9BBC4-C123-4AAB-B1E6-9906B7B51BC6}.DVD-5|x64.Build.0 = Debug|x64
		{C4D9BBC4-C123-4AAB-B1E6-9906B7B51BC6}.DVD-5|x64.Deploy.0 = Debug|x64
		{C4D9BBC4-C123-4AAB-B1E6-9906B7B51BC6}.DVD-5|x86.ActiveCfg = Debug|Any CPU
		{C4D9BBC4-C123-4AAB-B1E6-9906B7B51BC6}.Release|Any CPU.ActiveCfg = Release|Any CPU
		{C4D9BBC4-C123-4AAB-B1E6-9906B7B51BC6}.Release|Any CPU.Build.0 = Release|Any CPU
		{C4D9BBC4-C123-4AAB-B1E6-9906B7B51BC6}.Release|Any CPU.Deploy.0 = Release|Any CPU
		{C4D9BBC4-C123-4AAB-B1E6-9906B7B51BC6}.Release|Mixed Platforms.ActiveCfg = Release|Any CPU
		{C4D9BBC4-C123-4AAB-B1E6-9906B7B51BC6}.Release|Mixed Platforms.Build.0 = Release|Any CPU
		{C4D9BBC4-C123-4AAB-B1E6-9906B7B51BC6}.Release|Mixed Platforms.Deploy.0 = Release|Any CPU
		{C4D9BBC4-C123-4AAB-B1E6-9906B7B51BC6}.Release|x64.ActiveCfg = Release|x64
		{C4D9BBC4-C123-4AAB-B1E6-9906B7B51BC6}.Release|x64.Build.0 = Release|x64
		{C4D9BBC4-C123-4AAB-B1E6-9906B7B51BC6}.Release|x64.Deploy.0 = Release|x64
		{C4D9BBC4-C123-4AAB-B1E6-9906B7B51BC6}.Release|x86.ActiveCfg = Release|Any CPU
		{C4D9BBC4-C123-4AAB-B1E6-9906B7B51BC6}.SingleImage|Any CPU.ActiveCfg = Release|Any CPU
		{C4D9BBC4-C123-4AAB-B1E6-9906B7B51BC6}.SingleImage|Any CPU.Build.0 = Release|Any CPU
		{C4D9BBC4-C123-4AAB-B1E6-9906B7B51BC6}.SingleImage|Any CPU.Deploy.0 = Release|Any CPU
		{C4D9BBC4-C123-4AAB-B1E6-9906B7B51BC6}.SingleImage|Mixed Platforms.ActiveCfg = Release|Any CPU
		{C4D9BBC4-C123-4AAB-B1E6-9906B7B51BC6}.SingleImage|Mixed Platforms.Build.0 = Release|Any CPU
		{C4D9BBC4-C123-4AAB-B1E6-9906B7B51BC6}.SingleImage|Mixed Platforms.Deploy.0 = Release|Any CPU
		{C4D9BBC4-C123-4AAB-B1E6-9906B7B51BC6}.SingleImage|x64.ActiveCfg = Release|x64
		{C4D9BBC4-C123-4AAB-B1E6-9906B7B51BC6}.SingleImage|x64.Build.0 = Release|x64
		{C4D9BBC4-C123-4AAB-B1E6-9906B7B51BC6}.SingleImage|x64.Deploy.0 = Release|x64
		{C4D9BBC4-C123-4AAB-B1E6-9906B7B51BC6}.SingleImage|x86.ActiveCfg = Release|Any CPU
		{588E7760-E1B5-44BA-B6B3-E65D15D8D89F}.CD_ROM|Any CPU.ActiveCfg = Release|Any CPU
		{588E7760-E1B5-44BA-B6B3-E65D15D8D89F}.CD_ROM|Any CPU.Build.0 = Release|Any CPU
		{588E7760-E1B5-44BA-B6B3-E65D15D8D89F}.CD_ROM|Mixed Platforms.ActiveCfg = Release|x86
		{588E7760-E1B5-44BA-B6B3-E65D15D8D89F}.CD_ROM|Mixed Platforms.Build.0 = Release|x86
		{588E7760-E1B5-44BA-B6B3-E65D15D8D89F}.CD_ROM|x64.ActiveCfg = Release|x64
		{588E7760-E1B5-44BA-B6B3-E65D15D8D89F}.CD_ROM|x64.Build.0 = Release|x64
		{588E7760-E1B5-44BA-B6B3-E65D15D8D89F}.CD_ROM|x86.ActiveCfg = Release|x86
		{588E7760-E1B5-44BA-B6B3-E65D15D8D89F}.CD_ROM|x86.Build.0 = Release|x86
		{588E7760-E1B5-44BA-B6B3-E65D15D8D89F}.Debug|Any CPU.ActiveCfg = Debug|Any CPU
		{588E7760-E1B5-44BA-B6B3-E65D15D8D89F}.Debug|Any CPU.Build.0 = Debug|Any CPU
		{588E7760-E1B5-44BA-B6B3-E65D15D8D89F}.Debug|Mixed Platforms.ActiveCfg = Debug|x86
		{588E7760-E1B5-44BA-B6B3-E65D15D8D89F}.Debug|Mixed Platforms.Build.0 = Debug|x86
		{588E7760-E1B5-44BA-B6B3-E65D15D8D89F}.Debug|x64.ActiveCfg = Debug|x64
		{588E7760-E1B5-44BA-B6B3-E65D15D8D89F}.Debug|x64.Build.0 = Debug|x64
		{588E7760-E1B5-44BA-B6B3-E65D15D8D89F}.Debug|x86.ActiveCfg = Debug|x86
		{588E7760-E1B5-44BA-B6B3-E65D15D8D89F}.Debug|x86.Build.0 = Debug|x86
		{588E7760-E1B5-44BA-B6B3-E65D15D8D89F}.DVD-5|Any CPU.ActiveCfg = Debug|Any CPU
		{588E7760-E1B5-44BA-B6B3-E65D15D8D89F}.DVD-5|Any CPU.Build.0 = Debug|Any CPU
		{588E7760-E1B5-44BA-B6B3-E65D15D8D89F}.DVD-5|Mixed Platforms.ActiveCfg = Debug|x86
		{588E7760-E1B5-44BA-B6B3-E65D15D8D89F}.DVD-5|Mixed Platforms.Build.0 = Debug|x86
		{588E7760-E1B5-44BA-B6B3-E65D15D8D89F}.DVD-5|x64.ActiveCfg = Debug|x64
		{588E7760-E1B5-44BA-B6B3-E65D15D8D89F}.DVD-5|x64.Build.0 = Debug|x64
		{588E7760-E1B5-44BA-B6B3-E65D15D8D89F}.DVD-5|x86.ActiveCfg = Debug|x86
		{588E7760-E1B5-44BA-B6B3-E65D15D8D89F}.DVD-5|x86.Build.0 = Debug|x86
		{588E7760-E1B5-44BA-B6B3-E65D15D8D89F}.Release|Any CPU.ActiveCfg = Release|Any CPU
		{588E7760-E1B5-44BA-B6B3-E65D15D8D89F}.Release|Any CPU.Build.0 = Release|Any CPU
		{588E7760-E1B5-44BA-B6B3-E65D15D8D89F}.Release|Mixed Platforms.ActiveCfg = Release|x86
		{588E7760-E1B5-44BA-B6B3-E65D15D8D89F}.Release|Mixed Platforms.Build.0 = Release|x86
		{588E7760-E1B5-44BA-B6B3-E65D15D8D89F}.Release|x64.ActiveCfg = Release|x64
		{588E7760-E1B5-44BA-B6B3-E65D15D8D89F}.Release|x64.Build.0 = Release|x64
		{588E7760-E1B5-44BA-B6B3-E65D15D8D89F}.Release|x86.ActiveCfg = Release|x86
		{588E7760-E1B5-44BA-B6B3-E65D15D8D89F}.Release|x86.Build.0 = Release|x86
		{588E7760-E1B5-44BA-B6B3-E65D15D8D89F}.SingleImage|Any CPU.ActiveCfg = Release|Any CPU
		{588E7760-E1B5-44BA-B6B3-E65D15D8D89F}.SingleImage|Any CPU.Build.0 = Release|Any CPU
		{588E7760-E1B5-44BA-B6B3-E65D15D8D89F}.SingleImage|Mixed Platforms.ActiveCfg = Release|x86
		{588E7760-E1B5-44BA-B6B3-E65D15D8D89F}.SingleImage|Mixed Platforms.Build.0 = Release|x86
		{588E7760-E1B5-44BA-B6B3-E65D15D8D89F}.SingleImage|x64.ActiveCfg = Release|x64
		{588E7760-E1B5-44BA-B6B3-E65D15D8D89F}.SingleImage|x64.Build.0 = Release|x64
		{588E7760-E1B5-44BA-B6B3-E65D15D8D89F}.SingleImage|x86.ActiveCfg = Release|x86
		{588E7760-E1B5-44BA-B6B3-E65D15D8D89F}.SingleImage|x86.Build.0 = Release|x86
		{5E833829-EA05-458E-B172-FE37FFD24627}.CD_ROM|Any CPU.ActiveCfg = Release|Any CPU
		{5E833829-EA05-458E-B172-FE37FFD24627}.CD_ROM|Any CPU.Build.0 = Release|Any CPU
		{5E833829-EA05-458E-B172-FE37FFD24627}.CD_ROM|Mixed Platforms.ActiveCfg = Release|Any CPU
		{5E833829-EA05-458E-B172-FE37FFD24627}.CD_ROM|Mixed Platforms.Build.0 = Release|Any CPU
		{5E833829-EA05-458E-B172-FE37FFD24627}.CD_ROM|x64.ActiveCfg = Release|x64
		{5E833829-EA05-458E-B172-FE37FFD24627}.CD_ROM|x64.Build.0 = Release|x64
		{5E833829-EA05-458E-B172-FE37FFD24627}.CD_ROM|x86.ActiveCfg = Release|Any CPU
		{5E833829-EA05-458E-B172-FE37FFD24627}.Debug|Any CPU.ActiveCfg = Debug|Any CPU
		{5E833829-EA05-458E-B172-FE37FFD24627}.Debug|Any CPU.Build.0 = Debug|Any CPU
		{5E833829-EA05-458E-B172-FE37FFD24627}.Debug|Mixed Platforms.ActiveCfg = Debug|Any CPU
		{5E833829-EA05-458E-B172-FE37FFD24627}.Debug|Mixed Platforms.Build.0 = Debug|Any CPU
		{5E833829-EA05-458E-B172-FE37FFD24627}.Debug|x64.ActiveCfg = Debug|x64
		{5E833829-EA05-458E-B172-FE37FFD24627}.Debug|x64.Build.0 = Debug|x64
		{5E833829-EA05-458E-B172-FE37FFD24627}.Debug|x86.ActiveCfg = Debug|Any CPU
		{5E833829-EA05-458E-B172-FE37FFD24627}.DVD-5|Any CPU.ActiveCfg = Debug|Any CPU
		{5E833829-EA05-458E-B172-FE37FFD24627}.DVD-5|Any CPU.Build.0 = Debug|Any CPU
		{5E833829-EA05-458E-B172-FE37FFD24627}.DVD-5|Mixed Platforms.ActiveCfg = Debug|Any CPU
		{5E833829-EA05-458E-B172-FE37FFD24627}.DVD-5|Mixed Platforms.Build.0 = Debug|Any CPU
		{5E833829-EA05-458E-B172-FE37FFD24627}.DVD-5|x64.ActiveCfg = Debug|x64
		{5E833829-EA05-458E-B172-FE37FFD24627}.DVD-5|x64.Build.0 = Debug|x64
		{5E833829-EA05-458E-B172-FE37FFD24627}.DVD-5|x86.ActiveCfg = Debug|Any CPU
		{5E833829-EA05-458E-B172-FE37FFD24627}.Release|Any CPU.ActiveCfg = Release|Any CPU
		{5E833829-EA05-458E-B172-FE37FFD24627}.Release|Any CPU.Build.0 = Release|Any CPU
		{5E833829-EA05-458E-B172-FE37FFD24627}.Release|Mixed Platforms.ActiveCfg = Release|Any CPU
		{5E833829-EA05-458E-B172-FE37FFD24627}.Release|Mixed Platforms.Build.0 = Release|Any CPU
		{5E833829-EA05-458E-B172-FE37FFD24627}.Release|x64.ActiveCfg = Release|x64
		{5E833829-EA05-458E-B172-FE37FFD24627}.Release|x64.Build.0 = Release|x64
		{5E833829-EA05-458E-B172-FE37FFD24627}.Release|x86.ActiveCfg = Release|Any CPU
		{5E833829-EA05-458E-B172-FE37FFD24627}.SingleImage|Any CPU.ActiveCfg = Release|Any CPU
		{5E833829-EA05-458E-B172-FE37FFD24627}.SingleImage|Any CPU.Build.0 = Release|Any CPU
		{5E833829-EA05-458E-B172-FE37FFD24627}.SingleImage|Mixed Platforms.ActiveCfg = Release|Any CPU
		{5E833829-EA05-458E-B172-FE37FFD24627}.SingleImage|Mixed Platforms.Build.0 = Release|Any CPU
		{5E833829-EA05-458E-B172-FE37FFD24627}.SingleImage|x64.ActiveCfg = Release|x64
		{5E833829-EA05-458E-B172-FE37FFD24627}.SingleImage|x64.Build.0 = Release|x64
		{5E833829-EA05-458E-B172-FE37FFD24627}.SingleImage|x86.ActiveCfg = Release|Any CPU
		{B8E3C6A4-38C0-40F5-A135-AAD43D989B91}.CD_ROM|Any CPU.ActiveCfg = Release|Any CPU
		{B8E3C6A4-38C0-40F5-A135-AAD43D989B91}.CD_ROM|Any CPU.Build.0 = Release|Any CPU
		{B8E3C6A4-38C0-40F5-A135-AAD43D989B91}.CD_ROM|Mixed Platforms.ActiveCfg = Release|Any CPU
		{B8E3C6A4-38C0-40F5-A135-AAD43D989B91}.CD_ROM|Mixed Platforms.Build.0 = Release|Any CPU
		{B8E3C6A4-38C0-40F5-A135-AAD43D989B91}.CD_ROM|x64.ActiveCfg = Release|x64
		{B8E3C6A4-38C0-40F5-A135-AAD43D989B91}.CD_ROM|x64.Build.0 = Release|x64
		{B8E3C6A4-38C0-40F5-A135-AAD43D989B91}.CD_ROM|x86.ActiveCfg = Release|Any CPU
		{B8E3C6A4-38C0-40F5-A135-AAD43D989B91}.Debug|Any CPU.ActiveCfg = Debug|Any CPU
		{B8E3C6A4-38C0-40F5-A135-AAD43D989B91}.Debug|Any CPU.Build.0 = Debug|Any CPU
		{B8E3C6A4-38C0-40F5-A135-AAD43D989B91}.Debug|Mixed Platforms.ActiveCfg = Debug|Any CPU
		{B8E3C6A4-38C0-40F5-A135-AAD43D989B91}.Debug|Mixed Platforms.Build.0 = Debug|Any CPU
		{B8E3C6A4-38C0-40F5-A135-AAD43D989B91}.Debug|x64.ActiveCfg = Debug|x64
		{B8E3C6A4-38C0-40F5-A135-AAD43D989B91}.Debug|x64.Build.0 = Debug|x64
		{B8E3C6A4-38C0-40F5-A135-AAD43D989B91}.Debug|x86.ActiveCfg = Debug|Any CPU
		{B8E3C6A4-38C0-40F5-A135-AAD43D989B91}.DVD-5|Any CPU.ActiveCfg = Debug|Any CPU
		{B8E3C6A4-38C0-40F5-A135-AAD43D989B91}.DVD-5|Any CPU.Build.0 = Debug|Any CPU
		{B8E3C6A4-38C0-40F5-A135-AAD43D989B91}.DVD-5|Mixed Platforms.ActiveCfg = Debug|Any CPU
		{B8E3C6A4-38C0-40F5-A135-AAD43D989B91}.DVD-5|Mixed Platforms.Build.0 = Debug|Any CPU
		{B8E3C6A4-38C0-40F5-A135-AAD43D989B91}.DVD-5|x64.ActiveCfg = Debug|x64
		{B8E3C6A4-38C0-40F5-A135-AAD43D989B91}.DVD-5|x64.Build.0 = Debug|x64
		{B8E3C6A4-38C0-40F5-A135-AAD43D989B91}.DVD-5|x86.ActiveCfg = Debug|Any CPU
		{B8E3C6A4-38C0-40F5-A135-AAD43D989B91}.Release|Any CPU.ActiveCfg = Release|Any CPU
		{B8E3C6A4-38C0-40F5-A135-AAD43D989B91}.Release|Any CPU.Build.0 = Release|Any CPU
		{B8E3C6A4-38C0-40F5-A135-AAD43D989B91}.Release|Mixed Platforms.ActiveCfg = Release|Any CPU
		{B8E3C6A4-38C0-40F5-A135-AAD43D989B91}.Release|Mixed Platforms.Build.0 = Release|Any CPU
		{B8E3C6A4-38C0-40F5-A135-AAD43D989B91}.Release|x64.ActiveCfg = Release|x64
		{B8E3C6A4-38C0-40F5-A135-AAD43D989B91}.Release|x64.Build.0 = Release|x64
		{B8E3C6A4-38C0-40F5-A135-AAD43D989B91}.Release|x86.ActiveCfg = Release|Any CPU
		{B8E3C6A4-38C0-40F5-A135-AAD43D989B91}.SingleImage|Any CPU.ActiveCfg = Release|Any CPU
		{B8E3C6A4-38C0-40F5-A135-AAD43D989B91}.SingleImage|Any CPU.Build.0 = Release|Any CPU
		{B8E3C6A4-38C0-40F5-A135-AAD43D989B91}.SingleImage|Mixed Platforms.ActiveCfg = Release|Any CPU
		{B8E3C6A4-38C0-40F5-A135-AAD43D989B91}.SingleImage|Mixed Platforms.Build.0 = Release|Any CPU
		{B8E3C6A4-38C0-40F5-A135-AAD43D989B91}.SingleImage|x64.ActiveCfg = Release|x64
		{B8E3C6A4-38C0-40F5-A135-AAD43D989B91}.SingleImage|x64.Build.0 = Release|x64
		{B8E3C6A4-38C0-40F5-A135-AAD43D989B91}.SingleImage|x86.ActiveCfg = Release|Any CPU
		{D2019AF3-6C11-4EA2-8F52-A1073CBC7F99}.CD_ROM|Any CPU.ActiveCfg = Release|Any CPU
		{D2019AF3-6C11-4EA2-8F52-A1073CBC7F99}.CD_ROM|Any CPU.Build.0 = Release|Any CPU
		{D2019AF3-6C11-4EA2-8F52-A1073CBC7F99}.CD_ROM|Mixed Platforms.ActiveCfg = Release|Any CPU
		{D2019AF3-6C11-4EA2-8F52-A1073CBC7F99}.CD_ROM|Mixed Platforms.Build.0 = Release|Any CPU
		{D2019AF3-6C11-4EA2-8F52-A1073CBC7F99}.CD_ROM|x64.ActiveCfg = Release|x64
		{D2019AF3-6C11-4EA2-8F52-A1073CBC7F99}.CD_ROM|x64.Build.0 = Release|x64
		{D2019AF3-6C11-4EA2-8F52-A1073CBC7F99}.CD_ROM|x86.ActiveCfg = Release|Any CPU
		{D2019AF3-6C11-4EA2-8F52-A1073CBC7F99}.Debug|Any CPU.ActiveCfg = Debug|Any CPU
		{D2019AF3-6C11-4EA2-8F52-A1073CBC7F99}.Debug|Any CPU.Build.0 = Debug|Any CPU
		{D2019AF3-6C11-4EA2-8F52-A1073CBC7F99}.Debug|Mixed Platforms.ActiveCfg = Debug|Any CPU
		{D2019AF3-6C11-4EA2-8F52-A1073CBC7F99}.Debug|Mixed Platforms.Build.0 = Debug|Any CPU
		{D2019AF3-6C11-4EA2-8F52-A1073CBC7F99}.Debug|x64.ActiveCfg = Debug|x64
		{D2019AF3-6C11-4EA2-8F52-A1073CBC7F99}.Debug|x64.Build.0 = Debug|x64
		{D2019AF3-6C11-4EA2-8F52-A1073CBC7F99}.Debug|x86.ActiveCfg = Debug|Any CPU
		{D2019AF3-6C11-4EA2-8F52-A1073CBC7F99}.DVD-5|Any CPU.ActiveCfg = Debug|Any CPU
		{D2019AF3-6C11-4EA2-8F52-A1073CBC7F99}.DVD-5|Any CPU.Build.0 = Debug|Any CPU
		{D2019AF3-6C11-4EA2-8F52-A1073CBC7F99}.DVD-5|Mixed Platforms.ActiveCfg = Debug|Any CPU
		{D2019AF3-6C11-4EA2-8F52-A1073CBC7F99}.DVD-5|Mixed Platforms.Build.0 = Debug|Any CPU
		{D2019AF3-6C11-4EA2-8F52-A1073CBC7F99}.DVD-5|x64.ActiveCfg = Debug|x64
		{D2019AF3-6C11-4EA2-8F52-A1073CBC7F99}.DVD-5|x64.Build.0 = Debug|x64
		{D2019AF3-6C11-4EA2-8F52-A1073CBC7F99}.DVD-5|x86.ActiveCfg = Debug|Any CPU
		{D2019AF3-6C11-4EA2-8F52-A1073CBC7F99}.Release|Any CPU.ActiveCfg = Release|Any CPU
		{D2019AF3-6C11-4EA2-8F52-A1073CBC7F99}.Release|Any CPU.Build.0 = Release|Any CPU
		{D2019AF3-6C11-4EA2-8F52-A1073CBC7F99}.Release|Mixed Platforms.ActiveCfg = Release|Any CPU
		{D2019AF3-6C11-4EA2-8F52-A1073CBC7F99}.Release|Mixed Platforms.Build.0 = Release|Any CPU
		{D2019AF3-6C11-4EA2-8F52-A1073CBC7F99}.Release|x64.ActiveCfg = Release|x64
		{D2019AF3-6C11-4EA2-8F52-A1073CBC7F99}.Release|x64.Build.0 = Release|x64
		{D2019AF3-6C11-4EA2-8F52-A1073CBC7F99}.Release|x86.ActiveCfg = Release|Any CPU
		{D2019AF3-6C11-4EA2-8F52-A1073CBC7F99}.SingleImage|Any CPU.ActiveCfg = Release|Any CPU
		{D2019AF3-6C11-4EA2-8F52-A1073CBC7F99}.SingleImage|Any CPU.Build.0 = Release|Any CPU
		{D2019AF3-6C11-4EA2-8F52-A1073CBC7F99}.SingleImage|Mixed Platforms.ActiveCfg = Release|Any CPU
		{D2019AF3-6C11-4EA2-8F52-A1073CBC7F99}.SingleImage|Mixed Platforms.Build.0 = Release|Any CPU
		{D2019AF3-6C11-4EA2-8F52-A1073CBC7F99}.SingleImage|x64.ActiveCfg = Release|x64
		{D2019AF3-6C11-4EA2-8F52-A1073CBC7F99}.SingleImage|x64.Build.0 = Release|x64
		{D2019AF3-6C11-4EA2-8F52-A1073CBC7F99}.SingleImage|x86.ActiveCfg = Release|Any CPU
		{6C705843-6387-4D2D-A7CF-A66976186CE2}.CD_ROM|Any CPU.ActiveCfg = Release|Any CPU
		{6C705843-6387-4D2D-A7CF-A66976186CE2}.CD_ROM|Any CPU.Build.0 = Release|Any CPU
		{6C705843-6387-4D2D-A7CF-A66976186CE2}.CD_ROM|Mixed Platforms.ActiveCfg = Release|Any CPU
		{6C705843-6387-4D2D-A7CF-A66976186CE2}.CD_ROM|Mixed Platforms.Build.0 = Release|Any CPU
		{6C705843-6387-4D2D-A7CF-A66976186CE2}.CD_ROM|x64.ActiveCfg = Release|Any CPU
		{6C705843-6387-4D2D-A7CF-A66976186CE2}.CD_ROM|x86.ActiveCfg = Release|Any CPU
		{6C705843-6387-4D2D-A7CF-A66976186CE2}.Debug|Any CPU.ActiveCfg = Debug|Any CPU
		{6C705843-6387-4D2D-A7CF-A66976186CE2}.Debug|Mixed Platforms.ActiveCfg = Debug|Any CPU
		{6C705843-6387-4D2D-A7CF-A66976186CE2}.Debug|x64.ActiveCfg = Debug|Any CPU
		{6C705843-6387-4D2D-A7CF-A66976186CE2}.Debug|x86.ActiveCfg = Debug|Any CPU
		{6C705843-6387-4D2D-A7CF-A66976186CE2}.DVD-5|Any CPU.ActiveCfg = Debug|Any CPU
		{6C705843-6387-4D2D-A7CF-A66976186CE2}.DVD-5|Any CPU.Build.0 = Debug|Any CPU
		{6C705843-6387-4D2D-A7CF-A66976186CE2}.DVD-5|Mixed Platforms.ActiveCfg = Debug|Any CPU
		{6C705843-6387-4D2D-A7CF-A66976186CE2}.DVD-5|Mixed Platforms.Build.0 = Debug|Any CPU
		{6C705843-6387-4D2D-A7CF-A66976186CE2}.DVD-5|x64.ActiveCfg = Debug|Any CPU
		{6C705843-6387-4D2D-A7CF-A66976186CE2}.DVD-5|x86.ActiveCfg = Debug|Any CPU
		{6C705843-6387-4D2D-A7CF-A66976186CE2}.Release|Any CPU.ActiveCfg = Release|Any CPU
		{6C705843-6387-4D2D-A7CF-A66976186CE2}.Release|Mixed Platforms.ActiveCfg = Release|Any CPU
		{6C705843-6387-4D2D-A7CF-A66976186CE2}.Release|Mixed Platforms.Build.0 = Release|Any CPU
		{6C705843-6387-4D2D-A7CF-A66976186CE2}.Release|x64.ActiveCfg = Release|Any CPU
		{6C705843-6387-4D2D-A7CF-A66976186CE2}.Release|x86.ActiveCfg = Release|Any CPU
		{6C705843-6387-4D2D-A7CF-A66976186CE2}.SingleImage|Any CPU.ActiveCfg = Release|Any CPU
		{6C705843-6387-4D2D-A7CF-A66976186CE2}.SingleImage|Any CPU.Build.0 = Release|Any CPU
		{6C705843-6387-4D2D-A7CF-A66976186CE2}.SingleImage|Mixed Platforms.ActiveCfg = Release|Any CPU
		{6C705843-6387-4D2D-A7CF-A66976186CE2}.SingleImage|Mixed Platforms.Build.0 = Release|Any CPU
		{6C705843-6387-4D2D-A7CF-A66976186CE2}.SingleImage|x64.ActiveCfg = Release|Any CPU
		{6C705843-6387-4D2D-A7CF-A66976186CE2}.SingleImage|x86.ActiveCfg = Release|Any CPU
		{0FAB4900-9FE2-4CE9-A047-CEEB28920F57}.CD_ROM|Any CPU.ActiveCfg = Release|Any CPU
		{0FAB4900-9FE2-4CE9-A047-CEEB28920F57}.CD_ROM|Any CPU.Build.0 = Release|Any CPU
		{0FAB4900-9FE2-4CE9-A047-CEEB28920F57}.CD_ROM|Mixed Platforms.ActiveCfg = Release|Any CPU
		{0FAB4900-9FE2-4CE9-A047-CEEB28920F57}.CD_ROM|Mixed Platforms.Build.0 = Release|Any CPU
		{0FAB4900-9FE2-4CE9-A047-CEEB28920F57}.CD_ROM|x64.ActiveCfg = Release|Any CPU
		{0FAB4900-9FE2-4CE9-A047-CEEB28920F57}.CD_ROM|x86.ActiveCfg = Release|Any CPU
		{0FAB4900-9FE2-4CE9-A047-CEEB28920F57}.Debug|Any CPU.ActiveCfg = Debug|Any CPU
		{0FAB4900-9FE2-4CE9-A047-CEEB28920F57}.Debug|Mixed Platforms.ActiveCfg = Debug|Any CPU
		{0FAB4900-9FE2-4CE9-A047-CEEB28920F57}.Debug|x64.ActiveCfg = Debug|Any CPU
		{0FAB4900-9FE2-4CE9-A047-CEEB28920F57}.Debug|x86.ActiveCfg = Debug|Any CPU
		{0FAB4900-9FE2-4CE9-A047-CEEB28920F57}.DVD-5|Any CPU.ActiveCfg = Debug|Any CPU
		{0FAB4900-9FE2-4CE9-A047-CEEB28920F57}.DVD-5|Any CPU.Build.0 = Debug|Any CPU
		{0FAB4900-9FE2-4CE9-A047-CEEB28920F57}.DVD-5|Mixed Platforms.ActiveCfg = Debug|Any CPU
		{0FAB4900-9FE2-4CE9-A047-CEEB28920F57}.DVD-5|Mixed Platforms.Build.0 = Debug|Any CPU
		{0FAB4900-9FE2-4CE9-A047-CEEB28920F57}.DVD-5|x64.ActiveCfg = Debug|Any CPU
		{0FAB4900-9FE2-4CE9-A047-CEEB28920F57}.DVD-5|x86.ActiveCfg = Debug|Any CPU
		{0FAB4900-9FE2-4CE9-A047-CEEB28920F57}.Release|Any CPU.ActiveCfg = Release|Any CPU
		{0FAB4900-9FE2-4CE9-A047-CEEB28920F57}.Release|Mixed Platforms.ActiveCfg = Release|Any CPU
		{0FAB4900-9FE2-4CE9-A047-CEEB28920F57}.Release|Mixed Platforms.Build.0 = Release|Any CPU
		{0FAB4900-9FE2-4CE9-A047-CEEB28920F57}.Release|x64.ActiveCfg = Release|Any CPU
		{0FAB4900-9FE2-4CE9-A047-CEEB28920F57}.Release|x86.ActiveCfg = Release|Any CPU
		{0FAB4900-9FE2-4CE9-A047-CEEB28920F57}.SingleImage|Any CPU.ActiveCfg = Release|Any CPU
		{0FAB4900-9FE2-4CE9-A047-CEEB28920F57}.SingleImage|Any CPU.Build.0 = Release|Any CPU
		{0FAB4900-9FE2-4CE9-A047-CEEB28920F57}.SingleImage|Mixed Platforms.ActiveCfg = Release|Any CPU
		{0FAB4900-9FE2-4CE9-A047-CEEB28920F57}.SingleImage|x64.ActiveCfg = Release|Any CPU
		{0FAB4900-9FE2-4CE9-A047-CEEB28920F57}.SingleImage|x86.ActiveCfg = Release|Any CPU
		{B9D9FCCA-6132-4BF5-BC17-32EA752D6AD7}.CD_ROM|Any CPU.ActiveCfg = Release|Any CPU
		{B9D9FCCA-6132-4BF5-BC17-32EA752D6AD7}.CD_ROM|Any CPU.Build.0 = Release|Any CPU
		{B9D9FCCA-6132-4BF5-BC17-32EA752D6AD7}.CD_ROM|Mixed Platforms.ActiveCfg = Release|Any CPU
		{B9D9FCCA-6132-4BF5-BC17-32EA752D6AD7}.CD_ROM|Mixed Platforms.Build.0 = Release|Any CPU
		{B9D9FCCA-6132-4BF5-BC17-32EA752D6AD7}.CD_ROM|x64.ActiveCfg = Release|x64
		{B9D9FCCA-6132-4BF5-BC17-32EA752D6AD7}.CD_ROM|x64.Build.0 = Release|x64
		{B9D9FCCA-6132-4BF5-BC17-32EA752D6AD7}.CD_ROM|x86.ActiveCfg = Release|Any CPU
		{B9D9FCCA-6132-4BF5-BC17-32EA752D6AD7}.Debug|Any CPU.ActiveCfg = Debug|Any CPU
		{B9D9FCCA-6132-4BF5-BC17-32EA752D6AD7}.Debug|Any CPU.Build.0 = Debug|Any CPU
		{B9D9FCCA-6132-4BF5-BC17-32EA752D6AD7}.Debug|Mixed Platforms.ActiveCfg = Debug|Any CPU
		{B9D9FCCA-6132-4BF5-BC17-32EA752D6AD7}.Debug|x64.ActiveCfg = Debug|x64
		{B9D9FCCA-6132-4BF5-BC17-32EA752D6AD7}.Debug|x64.Build.0 = Debug|x64
		{B9D9FCCA-6132-4BF5-BC17-32EA752D6AD7}.Debug|x86.ActiveCfg = Debug|Any CPU
		{B9D9FCCA-6132-4BF5-BC17-32EA752D6AD7}.DVD-5|Any CPU.ActiveCfg = Debug|Any CPU
		{B9D9FCCA-6132-4BF5-BC17-32EA752D6AD7}.DVD-5|Any CPU.Build.0 = Debug|Any CPU
		{B9D9FCCA-6132-4BF5-BC17-32EA752D6AD7}.DVD-5|Mixed Platforms.ActiveCfg = Debug|Any CPU
		{B9D9FCCA-6132-4BF5-BC17-32EA752D6AD7}.DVD-5|Mixed Platforms.Build.0 = Debug|Any CPU
		{B9D9FCCA-6132-4BF5-BC17-32EA752D6AD7}.DVD-5|x64.ActiveCfg = Debug|x64
		{B9D9FCCA-6132-4BF5-BC17-32EA752D6AD7}.DVD-5|x64.Build.0 = Debug|x64
		{B9D9FCCA-6132-4BF5-BC17-32EA752D6AD7}.DVD-5|x86.ActiveCfg = Debug|Any CPU
		{B9D9FCCA-6132-4BF5-BC17-32EA752D6AD7}.Release|Any CPU.ActiveCfg = Release|Any CPU
		{B9D9FCCA-6132-4BF5-BC17-32EA752D6AD7}.Release|Mixed Platforms.ActiveCfg = Release|Any CPU
		{B9D9FCCA-6132-4BF5-BC17-32EA752D6AD7}.Release|Mixed Platforms.Build.0 = Release|Any CPU
		{B9D9FCCA-6132-4BF5-BC17-32EA752D6AD7}.Release|x64.ActiveCfg = Release|x64
		{B9D9FCCA-6132-4BF5-BC17-32EA752D6AD7}.Release|x64.Build.0 = Release|x64
		{B9D9FCCA-6132-4BF5-BC17-32EA752D6AD7}.Release|x86.ActiveCfg = Release|Any CPU
		{B9D9FCCA-6132-4BF5-BC17-32EA752D6AD7}.SingleImage|Any CPU.ActiveCfg = Release|Any CPU
		{B9D9FCCA-6132-4BF5-BC17-32EA752D6AD7}.SingleImage|Any CPU.Build.0 = Release|Any CPU
		{B9D9FCCA-6132-4BF5-BC17-32EA752D6AD7}.SingleImage|Mixed Platforms.ActiveCfg = Release|Any CPU
		{B9D9FCCA-6132-4BF5-BC17-32EA752D6AD7}.SingleImage|Mixed Platforms.Build.0 = Release|Any CPU
		{B9D9FCCA-6132-4BF5-BC17-32EA752D6AD7}.SingleImage|x64.ActiveCfg = Release|x64
		{B9D9FCCA-6132-4BF5-BC17-32EA752D6AD7}.SingleImage|x64.Build.0 = Release|x64
		{B9D9FCCA-6132-4BF5-BC17-32EA752D6AD7}.SingleImage|x86.ActiveCfg = Release|Any CPU
		{7FF92139-EA5D-469D-AA7C-A309B2E2FA29}.CD_ROM|Any CPU.ActiveCfg = Release|Any CPU
		{7FF92139-EA5D-469D-AA7C-A309B2E2FA29}.CD_ROM|Any CPU.Build.0 = Release|Any CPU
		{7FF92139-EA5D-469D-AA7C-A309B2E2FA29}.CD_ROM|Mixed Platforms.ActiveCfg = Release|Any CPU
		{7FF92139-EA5D-469D-AA7C-A309B2E2FA29}.CD_ROM|Mixed Platforms.Build.0 = Release|Any CPU
		{7FF92139-EA5D-469D-AA7C-A309B2E2FA29}.CD_ROM|x64.ActiveCfg = Release|Any CPU
		{7FF92139-EA5D-469D-AA7C-A309B2E2FA29}.CD_ROM|x86.ActiveCfg = Release|Any CPU
		{7FF92139-EA5D-469D-AA7C-A309B2E2FA29}.Debug|Any CPU.ActiveCfg = Debug|Any CPU
		{7FF92139-EA5D-469D-AA7C-A309B2E2FA29}.Debug|Any CPU.Build.0 = Debug|Any CPU
		{7FF92139-EA5D-469D-AA7C-A309B2E2FA29}.Debug|Mixed Platforms.ActiveCfg = Debug|Any CPU
		{7FF92139-EA5D-469D-AA7C-A309B2E2FA29}.Debug|Mixed Platforms.Build.0 = Debug|Any CPU
		{7FF92139-EA5D-469D-AA7C-A309B2E2FA29}.Debug|x64.ActiveCfg = Debug|Any CPU
		{7FF92139-EA5D-469D-AA7C-A309B2E2FA29}.Debug|x86.ActiveCfg = Debug|Any CPU
		{7FF92139-EA5D-469D-AA7C-A309B2E2FA29}.DVD-5|Any CPU.ActiveCfg = Debug|Any CPU
		{7FF92139-EA5D-469D-AA7C-A309B2E2FA29}.DVD-5|Any CPU.Build.0 = Debug|Any CPU
		{7FF92139-EA5D-469D-AA7C-A309B2E2FA29}.DVD-5|Mixed Platforms.ActiveCfg = Debug|Any CPU
		{7FF92139-EA5D-469D-AA7C-A309B2E2FA29}.DVD-5|Mixed Platforms.Build.0 = Debug|Any CPU
		{7FF92139-EA5D-469D-AA7C-A309B2E2FA29}.DVD-5|x64.ActiveCfg = Debug|Any CPU
		{7FF92139-EA5D-469D-AA7C-A309B2E2FA29}.DVD-5|x86.ActiveCfg = Debug|Any CPU
		{7FF92139-EA5D-469D-AA7C-A309B2E2FA29}.Release|Any CPU.ActiveCfg = Release|Any CPU
		{7FF92139-EA5D-469D-AA7C-A309B2E2FA29}.Release|Any CPU.Build.0 = Release|Any CPU
		{7FF92139-EA5D-469D-AA7C-A309B2E2FA29}.Release|Mixed Platforms.ActiveCfg = Release|Any CPU
		{7FF92139-EA5D-469D-AA7C-A309B2E2FA29}.Release|Mixed Platforms.Build.0 = Release|Any CPU
		{7FF92139-EA5D-469D-AA7C-A309B2E2FA29}.Release|x64.ActiveCfg = Release|Any CPU
		{7FF92139-EA5D-469D-AA7C-A309B2E2FA29}.Release|x86.ActiveCfg = Release|Any CPU
		{7FF92139-EA5D-469D-AA7C-A309B2E2FA29}.SingleImage|Any CPU.ActiveCfg = Release|Any CPU
		{7FF92139-EA5D-469D-AA7C-A309B2E2FA29}.SingleImage|Any CPU.Build.0 = Release|Any CPU
		{7FF92139-EA5D-469D-AA7C-A309B2E2FA29}.SingleImage|Mixed Platforms.ActiveCfg = Release|Any CPU
		{7FF92139-EA5D-469D-AA7C-A309B2E2FA29}.SingleImage|Mixed Platforms.Build.0 = Release|Any CPU
		{7FF92139-EA5D-469D-AA7C-A309B2E2FA29}.SingleImage|x64.ActiveCfg = Release|Any CPU
		{7FF92139-EA5D-469D-AA7C-A309B2E2FA29}.SingleImage|x86.ActiveCfg = Release|Any CPU
		{70DD8ABC-B012-427A-8163-64E63304BD42}.CD_ROM|Any CPU.ActiveCfg = Release|Any CPU
		{70DD8ABC-B012-427A-8163-64E63304BD42}.CD_ROM|Any CPU.Build.0 = Release|Any CPU
		{70DD8ABC-B012-427A-8163-64E63304BD42}.CD_ROM|Mixed Platforms.ActiveCfg = Release|Any CPU
		{70DD8ABC-B012-427A-8163-64E63304BD42}.CD_ROM|Mixed Platforms.Build.0 = Release|Any CPU
		{70DD8ABC-B012-427A-8163-64E63304BD42}.CD_ROM|x64.ActiveCfg = Release|Any CPU
		{70DD8ABC-B012-427A-8163-64E63304BD42}.CD_ROM|x86.ActiveCfg = Release|Any CPU
		{70DD8ABC-B012-427A-8163-64E63304BD42}.Debug|Any CPU.ActiveCfg = Debug|Any CPU
		{70DD8ABC-B012-427A-8163-64E63304BD42}.Debug|Any CPU.Build.0 = Debug|Any CPU
		{70DD8ABC-B012-427A-8163-64E63304BD42}.Debug|Mixed Platforms.ActiveCfg = Debug|Any CPU
		{70DD8ABC-B012-427A-8163-64E63304BD42}.Debug|Mixed Platforms.Build.0 = Debug|Any CPU
		{70DD8ABC-B012-427A-8163-64E63304BD42}.Debug|x64.ActiveCfg = Debug|Any CPU
		{70DD8ABC-B012-427A-8163-64E63304BD42}.Debug|x86.ActiveCfg = Debug|Any CPU
		{70DD8ABC-B012-427A-8163-64E63304BD42}.DVD-5|Any CPU.ActiveCfg = Debug|Any CPU
		{70DD8ABC-B012-427A-8163-64E63304BD42}.DVD-5|Any CPU.Build.0 = Debug|Any CPU
		{70DD8ABC-B012-427A-8163-64E63304BD42}.DVD-5|Mixed Platforms.ActiveCfg = Debug|Any CPU
		{70DD8ABC-B012-427A-8163-64E63304BD42}.DVD-5|Mixed Platforms.Build.0 = Debug|Any CPU
		{70DD8ABC-B012-427A-8163-64E63304BD42}.DVD-5|x64.ActiveCfg = Debug|Any CPU
		{70DD8ABC-B012-427A-8163-64E63304BD42}.DVD-5|x86.ActiveCfg = Debug|Any CPU
		{70DD8ABC-B012-427A-8163-64E63304BD42}.Release|Any CPU.ActiveCfg = Release|Any CPU
		{70DD8ABC-B012-427A-8163-64E63304BD42}.Release|Any CPU.Build.0 = Release|Any CPU
		{70DD8ABC-B012-427A-8163-64E63304BD42}.Release|Mixed Platforms.ActiveCfg = Release|Any CPU
		{70DD8ABC-B012-427A-8163-64E63304BD42}.Release|Mixed Platforms.Build.0 = Release|Any CPU
		{70DD8ABC-B012-427A-8163-64E63304BD42}.Release|x64.ActiveCfg = Release|Any CPU
		{70DD8ABC-B012-427A-8163-64E63304BD42}.Release|x86.ActiveCfg = Release|Any CPU
		{70DD8ABC-B012-427A-8163-64E63304BD42}.SingleImage|Any CPU.ActiveCfg = Release|Any CPU
		{70DD8ABC-B012-427A-8163-64E63304BD42}.SingleImage|Any CPU.Build.0 = Release|Any CPU
		{70DD8ABC-B012-427A-8163-64E63304BD42}.SingleImage|Mixed Platforms.ActiveCfg = Release|Any CPU
		{70DD8ABC-B012-427A-8163-64E63304BD42}.SingleImage|Mixed Platforms.Build.0 = Release|Any CPU
		{70DD8ABC-B012-427A-8163-64E63304BD42}.SingleImage|x64.ActiveCfg = Release|Any CPU
		{70DD8ABC-B012-427A-8163-64E63304BD42}.SingleImage|x86.ActiveCfg = Release|Any CPU
		{D694308B-9801-4BE7-9461-5BB40AA3C1E7}.CD_ROM|Any CPU.ActiveCfg = Release|Any CPU
		{D694308B-9801-4BE7-9461-5BB40AA3C1E7}.CD_ROM|Any CPU.Build.0 = Release|Any CPU
		{D694308B-9801-4BE7-9461-5BB40AA3C1E7}.CD_ROM|Mixed Platforms.ActiveCfg = Release|Any CPU
		{D694308B-9801-4BE7-9461-5BB40AA3C1E7}.CD_ROM|Mixed Platforms.Build.0 = Release|Any CPU
		{D694308B-9801-4BE7-9461-5BB40AA3C1E7}.CD_ROM|x64.ActiveCfg = Release|Any CPU
		{D694308B-9801-4BE7-9461-5BB40AA3C1E7}.CD_ROM|x86.ActiveCfg = Release|Any CPU
		{D694308B-9801-4BE7-9461-5BB40AA3C1E7}.Debug|Any CPU.ActiveCfg = Debug|Any CPU
		{D694308B-9801-4BE7-9461-5BB40AA3C1E7}.Debug|Any CPU.Build.0 = Debug|Any CPU
		{D694308B-9801-4BE7-9461-5BB40AA3C1E7}.Debug|Mixed Platforms.ActiveCfg = Debug|Any CPU
		{D694308B-9801-4BE7-9461-5BB40AA3C1E7}.Debug|Mixed Platforms.Build.0 = Debug|Any CPU
		{D694308B-9801-4BE7-9461-5BB40AA3C1E7}.Debug|x64.ActiveCfg = Debug|Any CPU
		{D694308B-9801-4BE7-9461-5BB40AA3C1E7}.Debug|x86.ActiveCfg = Debug|Any CPU
		{D694308B-9801-4BE7-9461-5BB40AA3C1E7}.DVD-5|Any CPU.ActiveCfg = Debug|Any CPU
		{D694308B-9801-4BE7-9461-5BB40AA3C1E7}.DVD-5|Any CPU.Build.0 = Debug|Any CPU
		{D694308B-9801-4BE7-9461-5BB40AA3C1E7}.DVD-5|Mixed Platforms.ActiveCfg = Debug|Any CPU
		{D694308B-9801-4BE7-9461-5BB40AA3C1E7}.DVD-5|Mixed Platforms.Build.0 = Debug|Any CPU
		{D694308B-9801-4BE7-9461-5BB40AA3C1E7}.DVD-5|x64.ActiveCfg = Debug|Any CPU
		{D694308B-9801-4BE7-9461-5BB40AA3C1E7}.DVD-5|x86.ActiveCfg = Debug|Any CPU
		{D694308B-9801-4BE7-9461-5BB40AA3C1E7}.Release|Any CPU.ActiveCfg = Release|Any CPU
		{D694308B-9801-4BE7-9461-5BB40AA3C1E7}.Release|Any CPU.Build.0 = Release|Any CPU
		{D694308B-9801-4BE7-9461-5BB40AA3C1E7}.Release|Mixed Platforms.ActiveCfg = Release|Any CPU
		{D694308B-9801-4BE7-9461-5BB40AA3C1E7}.Release|Mixed Platforms.Build.0 = Release|Any CPU
		{D694308B-9801-4BE7-9461-5BB40AA3C1E7}.Release|x64.ActiveCfg = Release|Any CPU
		{D694308B-9801-4BE7-9461-5BB40AA3C1E7}.Release|x86.ActiveCfg = Release|Any CPU
		{D694308B-9801-4BE7-9461-5BB40AA3C1E7}.SingleImage|Any CPU.ActiveCfg = Release|Any CPU
		{D694308B-9801-4BE7-9461-5BB40AA3C1E7}.SingleImage|Any CPU.Build.0 = Release|Any CPU
		{D694308B-9801-4BE7-9461-5BB40AA3C1E7}.SingleImage|Mixed Platforms.ActiveCfg = Release|Any CPU
		{D694308B-9801-4BE7-9461-5BB40AA3C1E7}.SingleImage|Mixed Platforms.Build.0 = Release|Any CPU
		{D694308B-9801-4BE7-9461-5BB40AA3C1E7}.SingleImage|x64.ActiveCfg = Release|Any CPU
		{D694308B-9801-4BE7-9461-5BB40AA3C1E7}.SingleImage|x86.ActiveCfg = Release|Any CPU
	EndGlobalSection
	GlobalSection(SolutionProperties) = preSolution
		HideSolutionNode = FALSE
	EndGlobalSection
	GlobalSection(NestedProjects) = preSolution
		{1A65812B-28C3-4C8B-A6FB-CF3B741C60DC} = {828726FE-375E-4E46-B21C-F87F65F3332D}
		{8EC62356-6DAA-4CBE-AAD5-CE81D1DCAB7F} = {828726FE-375E-4E46-B21C-F87F65F3332D}
		{BBC177DF-CD0C-4FDF-9E78-41F2CE4FAF52} = {828726FE-375E-4E46-B21C-F87F65F3332D}
		{10DC0388-A989-4061-B680-7FE4FFC711A0} = {828726FE-375E-4E46-B21C-F87F65F3332D}
		{EE8EE82E-4AEA-4677-BD69-6BCA5A6B4969} = {828726FE-375E-4E46-B21C-F87F65F3332D}
		{65CEFE18-D7FB-4189-AC46-5ACFD7BE80D8} = {828726FE-375E-4E46-B21C-F87F65F3332D}
		{8920F657-54A3-4376-99A5-C2D823F94038} = {828726FE-375E-4E46-B21C-F87F65F3332D}
		{C4D9BBC4-C123-4AAB-B1E6-9906B7B51BC6} = {828726FE-375E-4E46-B21C-F87F65F3332D}
		{7589DF10-1129-4833-B5BA-321B2F44B747} = {5A5E5E66-F5CE-496B-B9F2-C3A0B16E8F2B}
		{B0574724-C83B-417D-B76B-034B6EB4D0BA} = {5A5E5E66-F5CE-496B-B9F2-C3A0B16E8F2B}
		{28DC8C24-C4A0-47D8-A114-DD4E2D42B1EB} = {5A5E5E66-F5CE-496B-B9F2-C3A0B16E8F2B}
		{2C246131-39C1-44E1-AAA4-768EE30F4E0D} = {5A5E5E66-F5CE-496B-B9F2-C3A0B16E8F2B}
		{10D55FB3-1876-4D7D-8135-0E8CD5C6204D} = {5A5E5E66-F5CE-496B-B9F2-C3A0B16E8F2B}
		{B9D9FCCA-6132-4BF5-BC17-32EA752D6AD7} = {5A5E5E66-F5CE-496B-B9F2-C3A0B16E8F2B}
		{70DD8ABC-B012-427A-8163-64E63304BD42} = {5A5E5E66-F5CE-496B-B9F2-C3A0B16E8F2B}
		{5E833829-EA05-458E-B172-FE37FFD24627} = {1A65812B-28C3-4C8B-A6FB-CF3B741C60DC}
		{B8E3C6A4-38C0-40F5-A135-AAD43D989B91} = {1A65812B-28C3-4C8B-A6FB-CF3B741C60DC}
		{D2019AF3-6C11-4EA2-8F52-A1073CBC7F99} = {1A65812B-28C3-4C8B-A6FB-CF3B741C60DC}
		{588E7760-E1B5-44BA-B6B3-E65D15D8D89F} = {8EC62356-6DAA-4CBE-AAD5-CE81D1DCAB7F}
		{6C705843-6387-4D2D-A7CF-A66976186CE2} = {8EC62356-6DAA-4CBE-AAD5-CE81D1DCAB7F}
		{0FAB4900-9FE2-4CE9-A047-CEEB28920F57} = {8EC62356-6DAA-4CBE-AAD5-CE81D1DCAB7F}
		{7FF92139-EA5D-469D-AA7C-A309B2E2FA29} = {8EC62356-6DAA-4CBE-AAD5-CE81D1DCAB7F}
		{D694308B-9801-4BE7-9461-5BB40AA3C1E7} = {8EC62356-6DAA-4CBE-AAD5-CE81D1DCAB7F}
	EndGlobalSection
EndGlobal
