
Microsoft Visual Studio Solution File, Format Version 12.00
# Visual Studio 2012
Project("{FAE04EC0-301F-11D3-BF4B-00C04F79EFBC}") = "CWWebsite", "CW\CWWebsite\CWWebsite.csproj", "{519191F7-7957-43B8-94A8-5F89473DFE47}"
EndProject
Project("{2150E333-8FDC-42A3-9474-1A3956D46DE8}") = "CW", "CW", "{9FFAC044-7B6D-45C5-937F-70D14078D0A3}"
EndProject
Project("{2150E333-8FDC-42A3-9474-1A3956D46DE8}") = "SharePointHelpers", "SharePointHelpers", "{BE440823-1114-4835-BC08-7850469C754F}"
EndProject
Project("{FAE04EC0-301F-11D3-BF4B-00C04F79EFBC}") = "CWWebsiteModel", "CW\CWWebsiteModel\CWWebsiteModel.csproj", "{28191AA2-5BFF-4D48-A7AD-B10C83044E3C}"
EndProject
Project("{FAE04EC0-301F-11D3-BF4B-00C04F79EFBC}") = "CWResources", "CW\CWResources\CWResources.csproj", "{DD1AC983-8A81-4292-A097-D61545CAD390}"
EndProject
Project("{FAE04EC0-301F-11D3-BF4B-00C04F79EFBC}") = "CWWorkflows", "CW\CWWorkflows\CWWorkflows.csproj", "{52A878E1-45DB-4416-B2C5-1CEDC59BF4B5}"
EndProject
Project("{FAE04EC0-301F-11D3-BF4B-00C04F79EFBC}") = "CWDashboards", "CW\CWDashboards\CWDashboards.csproj", "{19649FCB-22B6-428A-9B59-D53EF86ECE80}"
	ProjectSection(ProjectDependencies) = postProject
		{99FC1B00-0242-4E8E-A431-5D8930458BE7} = {99FC1B00-0242-4E8E-A431-5D8930458BE7}
	EndProjectSection
EndProject
Project("{FAE04EC0-301F-11D3-BF4B-00C04F79EFBC}") = "CWInteroperability", "CW\CWInteroperability\CWInteroperability.csproj", "{F0416078-82CD-4F9D-905C-1E346198759A}"
EndProject
Project("{FAE04EC0-301F-11D3-BF4B-00C04F79EFBC}") = "SPMetalParametersCreator", "..\PR44-SharePoint\SPMetalParametersCreator\SPMetalParametersCreator.csproj", "{7589DF10-1129-4833-B5BA-321B2F44B747}"
EndProject
Project("{FAE04EC0-301F-11D3-BF4B-00C04F79EFBC}") = "Customs", "Customs\Customs.csproj", "{6C705843-6387-4D2D-A7CF-A66976186CE2}"
EndProject
Project("{2150E333-8FDC-42A3-9474-1A3956D46DE8}") = "SolutionItems", "SolutionItems", "{E5B3C924-7BC6-495C-B50F-0617E2CF29F9}"
	ProjectSection(SolutionItems) = preProject
		..\PR39-CommonResources\T4Definitions\AssemblyInfo.t4 = ..\PR39-CommonResources\T4Definitions\AssemblyInfo.t4
		CW\CWModel.t4 = CW\CWModel.t4
		..\CommonBinaries\take_recent_binaries.cmd = ..\CommonBinaries\take_recent_binaries.cmd
	EndProjectSection
EndProject
Project("{FAE04EC0-301F-11D3-BF4B-00C04F79EFBC}") = "Microsoft.Practices.SharePoint.Common", "..\EX06-SharePointGuidance2010\SharePoint 2010\Microsoft.Practices.SharePoint.Common\Source\Microsoft.Practices.SharePoint.Common.csproj", "{0FAB4900-9FE2-4CE9-A047-CEEB28920F57}"
EndProject
Project("{FAE04EC0-301F-11D3-BF4B-00C04F79EFBC}") = "SharePoint", "..\PR44-SharePoint\SharePoint\SharePoint.csproj", "{B9D9FCCA-6132-4BF5-BC17-32EA752D6AD7}"
EndProject
Project("{2150E333-8FDC-42A3-9474-1A3956D46DE8}") = "Silverlight", "Silverlight", "{8BA48226-1040-4FA2-941D-11A82B11FE78}"
EndProject
Project("{FAE04EC0-301F-11D3-BF4B-00C04F79EFBC}") = "TestDisposalRequest", "CW\Tests\SharePointProjects\TestDisposalRequest\TestDisposalRequest.csproj", "{23461D4D-437C-4663-8B92-38F85398E12A}"
	ProjectSection(ProjectDependencies) = postProject
		{99FC1B00-0242-4E8E-A431-5D8930458BE7} = {99FC1B00-0242-4E8E-A431-5D8930458BE7}
		{8BA48226-1040-4FA2-941D-11A82B11FE78} = {8BA48226-1040-4FA2-941D-11A82B11FE78}
	EndProjectSection
EndProject
Project("{2150E333-8FDC-42A3-9474-1A3956D46DE8}") = "Tests", "Tests", "{08691AFE-4E6E-4ADC-A123-1ECDC93D23C7}"
EndProject
Project("{FAE04EC0-301F-11D3-BF4B-00C04F79EFBC}") = "DisposalRequestWebPart", "CW\Silverlight\DisposalRequestWebPart\DisposalRequestWebPart.csproj", "{99FC1B00-0242-4E8E-A431-5D8930458BE7}"
EndProject
Project("{FAE04EC0-301F-11D3-BF4B-00C04F79EFBC}") = "SharePointLinqClient", "..\PR44-SharePoint\SharePointLinqClient\SharePointLinqClient.csproj", "{70DD8ABC-B012-427A-8163-64E63304BD42}"
EndProject
Global
	GlobalSection(SolutionConfigurationPlatforms) = preSolution
		Debug|Any CPU = Debug|Any CPU
		Debug|x64 = Debug|x64
		Debug|x86 = Debug|x86
		Release|Any CPU = Release|Any CPU
		Release|x64 = Release|x64
		Release|x86 = Release|x86
	EndGlobalSection
	GlobalSection(ProjectConfigurationPlatforms) = postSolution
		{519191F7-7957-43B8-94A8-5F89473DFE47}.Debug|Any CPU.ActiveCfg = Debug|Any CPU
		{519191F7-7957-43B8-94A8-5F89473DFE47}.Debug|Any CPU.Build.0 = Debug|Any CPU
		{519191F7-7957-43B8-94A8-5F89473DFE47}.Debug|Any CPU.Deploy.0 = Debug|Any CPU
		{519191F7-7957-43B8-94A8-5F89473DFE47}.Debug|x64.ActiveCfg = Debug|Any CPU
		{519191F7-7957-43B8-94A8-5F89473DFE47}.Debug|x86.ActiveCfg = Debug|Any CPU
		{519191F7-7957-43B8-94A8-5F89473DFE47}.Release|Any CPU.ActiveCfg = Release|Any CPU
		{519191F7-7957-43B8-94A8-5F89473DFE47}.Release|Any CPU.Build.0 = Release|Any CPU
		{519191F7-7957-43B8-94A8-5F89473DFE47}.Release|Any CPU.Deploy.0 = Release|Any CPU
		{519191F7-7957-43B8-94A8-5F89473DFE47}.Release|x64.ActiveCfg = Release|Any CPU
		{519191F7-7957-43B8-94A8-5F89473DFE47}.Release|x86.ActiveCfg = Release|Any CPU
		{28191AA2-5BFF-4D48-A7AD-B10C83044E3C}.Debug|Any CPU.ActiveCfg = Debug|Any CPU
		{28191AA2-5BFF-4D48-A7AD-B10C83044E3C}.Debug|Any CPU.Build.0 = Debug|Any CPU
		{28191AA2-5BFF-4D48-A7AD-B10C83044E3C}.Debug|Any CPU.Deploy.0 = Debug|Any CPU
		{28191AA2-5BFF-4D48-A7AD-B10C83044E3C}.Debug|x64.ActiveCfg = Debug|Any CPU
		{28191AA2-5BFF-4D48-A7AD-B10C83044E3C}.Debug|x86.ActiveCfg = Debug|Any CPU
		{28191AA2-5BFF-4D48-A7AD-B10C83044E3C}.Release|Any CPU.ActiveCfg = Release|Any CPU
		{28191AA2-5BFF-4D48-A7AD-B10C83044E3C}.Release|Any CPU.Build.0 = Release|Any CPU
		{28191AA2-5BFF-4D48-A7AD-B10C83044E3C}.Release|Any CPU.Deploy.0 = Release|Any CPU
		{28191AA2-5BFF-4D48-A7AD-B10C83044E3C}.Release|x64.ActiveCfg = Release|Any CPU
		{28191AA2-5BFF-4D48-A7AD-B10C83044E3C}.Release|x86.ActiveCfg = Release|Any CPU
		{DD1AC983-8A81-4292-A097-D61545CAD390}.Debug|Any CPU.ActiveCfg = Debug|Any CPU
		{DD1AC983-8A81-4292-A097-D61545CAD390}.Debug|Any CPU.Build.0 = Debug|Any CPU
		{DD1AC983-8A81-4292-A097-D61545CAD390}.Debug|Any CPU.Deploy.0 = Debug|Any CPU
		{DD1AC983-8A81-4292-A097-D61545CAD390}.Debug|x64.ActiveCfg = Debug|Any CPU
		{DD1AC983-8A81-4292-A097-D61545CAD390}.Debug|x86.ActiveCfg = Debug|Any CPU
		{DD1AC983-8A81-4292-A097-D61545CAD390}.Release|Any CPU.ActiveCfg = Release|Any CPU
		{DD1AC983-8A81-4292-A097-D61545CAD390}.Release|Any CPU.Build.0 = Release|Any CPU
		{DD1AC983-8A81-4292-A097-D61545CAD390}.Release|Any CPU.Deploy.0 = Release|Any CPU
		{DD1AC983-8A81-4292-A097-D61545CAD390}.Release|x64.ActiveCfg = Release|Any CPU
		{DD1AC983-8A81-4292-A097-D61545CAD390}.Release|x86.ActiveCfg = Release|Any CPU
		{52A878E1-45DB-4416-B2C5-1CEDC59BF4B5}.Debug|Any CPU.ActiveCfg = Debug|Any CPU
		{52A878E1-45DB-4416-B2C5-1CEDC59BF4B5}.Debug|Any CPU.Build.0 = Debug|Any CPU
		{52A878E1-45DB-4416-B2C5-1CEDC59BF4B5}.Debug|Any CPU.Deploy.0 = Debug|Any CPU
		{52A878E1-45DB-4416-B2C5-1CEDC59BF4B5}.Debug|x64.ActiveCfg = Debug|Any CPU
		{52A878E1-45DB-4416-B2C5-1CEDC59BF4B5}.Debug|x86.ActiveCfg = Debug|Any CPU
		{52A878E1-45DB-4416-B2C5-1CEDC59BF4B5}.Release|Any CPU.ActiveCfg = Release|Any CPU
		{52A878E1-45DB-4416-B2C5-1CEDC59BF4B5}.Release|Any CPU.Build.0 = Release|Any CPU
		{52A878E1-45DB-4416-B2C5-1CEDC59BF4B5}.Release|Any CPU.Deploy.0 = Release|Any CPU
		{52A878E1-45DB-4416-B2C5-1CEDC59BF4B5}.Release|x64.ActiveCfg = Release|Any CPU
		{52A878E1-45DB-4416-B2C5-1CEDC59BF4B5}.Release|x86.ActiveCfg = Release|Any CPU
		{19649FCB-22B6-428A-9B59-D53EF86ECE80}.Debug|Any CPU.ActiveCfg = Debug|Any CPU
		{19649FCB-22B6-428A-9B59-D53EF86ECE80}.Debug|Any CPU.Build.0 = Debug|Any CPU
		{19649FCB-22B6-428A-9B59-D53EF86ECE80}.Debug|Any CPU.Deploy.0 = Debug|Any CPU
		{19649FCB-22B6-428A-9B59-D53EF86ECE80}.Debug|x64.ActiveCfg = Debug|Any CPU
		{19649FCB-22B6-428A-9B59-D53EF86ECE80}.Debug|x86.ActiveCfg = Debug|Any CPU
		{19649FCB-22B6-428A-9B59-D53EF86ECE80}.Release|Any CPU.ActiveCfg = Release|Any CPU
		{19649FCB-22B6-428A-9B59-D53EF86ECE80}.Release|Any CPU.Build.0 = Release|Any CPU
		{19649FCB-22B6-428A-9B59-D53EF86ECE80}.Release|Any CPU.Deploy.0 = Release|Any CPU
		{19649FCB-22B6-428A-9B59-D53EF86ECE80}.Release|x64.ActiveCfg = Release|Any CPU
		{19649FCB-22B6-428A-9B59-D53EF86ECE80}.Release|x86.ActiveCfg = Release|Any CPU
		{F0416078-82CD-4F9D-905C-1E346198759A}.Debug|Any CPU.ActiveCfg = Debug|Any CPU
		{F0416078-82CD-4F9D-905C-1E346198759A}.Debug|Any CPU.Build.0 = Debug|Any CPU
		{F0416078-82CD-4F9D-905C-1E346198759A}.Debug|Any CPU.Deploy.0 = Debug|Any CPU
		{F0416078-82CD-4F9D-905C-1E346198759A}.Debug|x64.ActiveCfg = Debug|Any CPU
		{F0416078-82CD-4F9D-905C-1E346198759A}.Debug|x86.ActiveCfg = Debug|Any CPU
		{F0416078-82CD-4F9D-905C-1E346198759A}.Release|Any CPU.ActiveCfg = Release|Any CPU
		{F0416078-82CD-4F9D-905C-1E346198759A}.Release|Any CPU.Build.0 = Release|Any CPU
		{F0416078-82CD-4F9D-905C-1E346198759A}.Release|Any CPU.Deploy.0 = Release|Any CPU
		{F0416078-82CD-4F9D-905C-1E346198759A}.Release|x64.ActiveCfg = Release|Any CPU
		{F0416078-82CD-4F9D-905C-1E346198759A}.Release|x86.ActiveCfg = Release|Any CPU
		{7589DF10-1129-4833-B5BA-321B2F44B747}.Debug|Any CPU.ActiveCfg = Debug|Any CPU
		{7589DF10-1129-4833-B5BA-321B2F44B747}.Debug|Any CPU.Build.0 = Debug|Any CPU
		{7589DF10-1129-4833-B5BA-321B2F44B747}.Debug|x64.ActiveCfg = Debug|x64
		{7589DF10-1129-4833-B5BA-321B2F44B747}.Debug|x64.Build.0 = Debug|x64
		{7589DF10-1129-4833-B5BA-321B2F44B747}.Debug|x86.ActiveCfg = Debug|x86
		{7589DF10-1129-4833-B5BA-321B2F44B747}.Debug|x86.Build.0 = Debug|x86
		{7589DF10-1129-4833-B5BA-321B2F44B747}.Release|Any CPU.ActiveCfg = Release|Any CPU
		{7589DF10-1129-4833-B5BA-321B2F44B747}.Release|Any CPU.Build.0 = Release|Any CPU
		{7589DF10-1129-4833-B5BA-321B2F44B747}.Release|x64.ActiveCfg = Release|x64
		{7589DF10-1129-4833-B5BA-321B2F44B747}.Release|x64.Build.0 = Release|x64
		{7589DF10-1129-4833-B5BA-321B2F44B747}.Release|x86.ActiveCfg = Release|x86
		{7589DF10-1129-4833-B5BA-321B2F44B747}.Release|x86.Build.0 = Release|x86
		{6C705843-6387-4D2D-A7CF-A66976186CE2}.Debug|Any CPU.ActiveCfg = Debug|Any CPU
		{6C705843-6387-4D2D-A7CF-A66976186CE2}.Debug|x64.ActiveCfg = Debug|Any CPU
		{6C705843-6387-4D2D-A7CF-A66976186CE2}.Debug|x86.ActiveCfg = Debug|Any CPU
		{6C705843-6387-4D2D-A7CF-A66976186CE2}.Release|Any CPU.ActiveCfg = Release|Any CPU
		{6C705843-6387-4D2D-A7CF-A66976186CE2}.Release|Any CPU.Build.0 = Release|Any CPU
		{6C705843-6387-4D2D-A7CF-A66976186CE2}.Release|x64.ActiveCfg = Release|Any CPU
		{6C705843-6387-4D2D-A7CF-A66976186CE2}.Release|x86.ActiveCfg = Release|Any CPU
		{0FAB4900-9FE2-4CE9-A047-CEEB28920F57}.Debug|Any CPU.ActiveCfg = Debug|Any CPU
		{0FAB4900-9FE2-4CE9-A047-CEEB28920F57}.Debug|x64.ActiveCfg = Debug|Any CPU
		{0FAB4900-9FE2-4CE9-A047-CEEB28920F57}.Debug|x86.ActiveCfg = Debug|Any CPU
		{0FAB4900-9FE2-4CE9-A047-CEEB28920F57}.Release|Any CPU.ActiveCfg = Release|Any CPU
		{0FAB4900-9FE2-4CE9-A047-CEEB28920F57}.Release|Any CPU.Build.0 = Release|Any CPU
		{0FAB4900-9FE2-4CE9-A047-CEEB28920F57}.Release|x64.ActiveCfg = Release|Any CPU
		{0FAB4900-9FE2-4CE9-A047-CEEB28920F57}.Release|x86.ActiveCfg = Release|Any CPU
		{B9D9FCCA-6132-4BF5-BC17-32EA752D6AD7}.Debug|Any CPU.ActiveCfg = Debug|Any CPU
		{B9D9FCCA-6132-4BF5-BC17-32EA752D6AD7}.Debug|x64.ActiveCfg = Debug|x64
		{B9D9FCCA-6132-4BF5-BC17-32EA752D6AD7}.Debug|x64.Build.0 = Debug|x64
		{B9D9FCCA-6132-4BF5-BC17-32EA752D6AD7}.Debug|x86.ActiveCfg = Debug|Any CPU
		{B9D9FCCA-6132-4BF5-BC17-32EA752D6AD7}.Release|Any CPU.ActiveCfg = Release|Any CPU
		{B9D9FCCA-6132-4BF5-BC17-32EA752D6AD7}.Release|Any CPU.Build.0 = Release|Any CPU
		{B9D9FCCA-6132-4BF5-BC17-32EA752D6AD7}.Release|x64.ActiveCfg = Release|x64
		{B9D9FCCA-6132-4BF5-BC17-32EA752D6AD7}.Release|x64.Build.0 = Release|x64
		{B9D9FCCA-6132-4BF5-BC17-32EA752D6AD7}.Release|x86.ActiveCfg = Release|Any CPU
		{23461D4D-437C-4663-8B92-38F85398E12A}.Debug|Any CPU.ActiveCfg = Debug|Any CPU
		{23461D4D-437C-4663-8B92-38F85398E12A}.Debug|Any CPU.Build.0 = Debug|Any CPU
		{23461D4D-437C-4663-8B92-38F85398E12A}.Debug|Any CPU.Deploy.0 = Debug|Any CPU
		{23461D4D-437C-4663-8B92-38F85398E12A}.Debug|x64.ActiveCfg = Debug|Any CPU
		{23461D4D-437C-4663-8B92-38F85398E12A}.Debug|x86.ActiveCfg = Debug|Any CPU
		{23461D4D-437C-4663-8B92-38F85398E12A}.Release|Any CPU.ActiveCfg = Release|Any CPU
		{23461D4D-437C-4663-8B92-38F85398E12A}.Release|Any CPU.Build.0 = Release|Any CPU
		{23461D4D-437C-4663-8B92-38F85398E12A}.Release|Any CPU.Deploy.0 = Release|Any CPU
		{23461D4D-437C-4663-8B92-38F85398E12A}.Release|x64.ActiveCfg = Release|Any CPU
		{23461D4D-437C-4663-8B92-38F85398E12A}.Release|x86.ActiveCfg = Release|Any CPU
		{99FC1B00-0242-4E8E-A431-5D8930458BE7}.Debug|Any CPU.ActiveCfg = Debug|Any CPU
		{99FC1B00-0242-4E8E-A431-5D8930458BE7}.Debug|Any CPU.Build.0 = Debug|Any CPU
		{99FC1B00-0242-4E8E-A431-5D8930458BE7}.Debug|x64.ActiveCfg = Debug|Any CPU
		{99FC1B00-0242-4E8E-A431-5D8930458BE7}.Debug|x86.ActiveCfg = Debug|Any CPU
		{99FC1B00-0242-4E8E-A431-5D8930458BE7}.Release|Any CPU.ActiveCfg = Release|Any CPU
		{99FC1B00-0242-4E8E-A431-5D8930458BE7}.Release|Any CPU.Build.0 = Release|Any CPU
		{99FC1B00-0242-4E8E-A431-5D8930458BE7}.Release|x64.ActiveCfg = Release|Any CPU
		{99FC1B00-0242-4E8E-A431-5D8930458BE7}.Release|x86.ActiveCfg = Release|Any CPU
		{70DD8ABC-B012-427A-8163-64E63304BD42}.Debug|Any CPU.ActiveCfg = Debug|Any CPU
		{70DD8ABC-B012-427A-8163-64E63304BD42}.Debug|Any CPU.Build.0 = Debug|Any CPU
		{70DD8ABC-B012-427A-8163-64E63304BD42}.Debug|x64.ActiveCfg = Debug|Any CPU
		{70DD8ABC-B012-427A-8163-64E63304BD42}.Debug|x86.ActiveCfg = Debug|Any CPU
		{70DD8ABC-B012-427A-8163-64E63304BD42}.Release|Any CPU.ActiveCfg = Release|Any CPU
		{70DD8ABC-B012-427A-8163-64E63304BD42}.Release|Any CPU.Build.0 = Release|Any CPU
		{70DD8ABC-B012-427A-8163-64E63304BD42}.Release|x64.ActiveCfg = Release|Any CPU
		{70DD8ABC-B012-427A-8163-64E63304BD42}.Release|x86.ActiveCfg = Release|Any CPU
	EndGlobalSection
	GlobalSection(SolutionProperties) = preSolution
		HideSolutionNode = FALSE
	EndGlobalSection
	GlobalSection(NestedProjects) = preSolution
		{519191F7-7957-43B8-94A8-5F89473DFE47} = {9FFAC044-7B6D-45C5-937F-70D14078D0A3}
		{28191AA2-5BFF-4D48-A7AD-B10C83044E3C} = {9FFAC044-7B6D-45C5-937F-70D14078D0A3}
		{DD1AC983-8A81-4292-A097-D61545CAD390} = {9FFAC044-7B6D-45C5-937F-70D14078D0A3}
		{52A878E1-45DB-4416-B2C5-1CEDC59BF4B5} = {9FFAC044-7B6D-45C5-937F-70D14078D0A3}
		{19649FCB-22B6-428A-9B59-D53EF86ECE80} = {9FFAC044-7B6D-45C5-937F-70D14078D0A3}
		{F0416078-82CD-4F9D-905C-1E346198759A} = {9FFAC044-7B6D-45C5-937F-70D14078D0A3}
		{7589DF10-1129-4833-B5BA-321B2F44B747} = {BE440823-1114-4835-BC08-7850469C754F}
		{6C705843-6387-4D2D-A7CF-A66976186CE2} = {BE440823-1114-4835-BC08-7850469C754F}
		{0FAB4900-9FE2-4CE9-A047-CEEB28920F57} = {BE440823-1114-4835-BC08-7850469C754F}
		{B9D9FCCA-6132-4BF5-BC17-32EA752D6AD7} = {BE440823-1114-4835-BC08-7850469C754F}
		{70DD8ABC-B012-427A-8163-64E63304BD42} = {BE440823-1114-4835-BC08-7850469C754F}
		{99FC1B00-0242-4E8E-A431-5D8930458BE7} = {8BA48226-1040-4FA2-941D-11A82B11FE78}
		{23461D4D-437C-4663-8B92-38F85398E12A} = {08691AFE-4E6E-4ADC-A123-1ECDC93D23C7}
	EndGlobalSection
EndGlobal
