
Microsoft Visual Studio Solution File, Format Version 12.00
# Visual Studio 2013
VisualStudioVersion = 12.0.30501.0
MinimumVisualStudioVersion = 10.0.40219.1
Project("{2150E333-8FDC-42A3-9474-1A3956D46DE8}") = "IPR", "IPR", "{828726FE-375E-4E46-B21C-F87F65F3332D}"
	ProjectSection(SolutionItems) = preProject
		Model.t4 = Model.t4
	EndProjectSection
EndProject
Project("{2150E333-8FDC-42A3-9474-1A3956D46DE8}") = "SharePointHelpers", "SharePointHelpers", "{5A5E5E66-F5CE-496B-B9F2-C3A0B16E8F2B}"
	ProjectSection(SolutionItems) = preProject
		..\PR44-SharePoint\Model.t4 = ..\PR44-SharePoint\Model.t4
	EndProjectSection
EndProject
Project("{2150E333-8FDC-42A3-9474-1A3956D46DE8}") = "Client", "Client", "{8EC62356-6DAA-4CBE-AAD5-CE81D1DCAB7F}"
EndProject
Project("{FAE04EC0-301F-11D3-BF4B-00C04F79EFBC}") = "Packaging", "..\PR44-SharePoint\Tools\Packaging\Packaging.csproj", "{28DC8C24-C4A0-47D8-A114-DD4E2D42B1EB}"
EndProject
Project("{2150E333-8FDC-42A3-9474-1A3956D46DE8}") = "Solution Items", "Solution Items", "{F6BF3B41-D310-49FD-B761-EB30E2D0BB44}"
	ProjectSection(SolutionItems) = preProject
		..\PR39-CommonResources\T4Definitions\AssemblyInfo.t4 = ..\PR39-CommonResources\T4Definitions\AssemblyInfo.t4
		..\PR44-SharePoint\Tools\SPExplorer\bin\Debug\SQLScriptFileName.sql = ..\PR44-SharePoint\Tools\SPExplorer\bin\Debug\SQLScriptFileName.sql
	EndProjectSection
EndProject
Project("{FAE04EC0-301F-11D3-BF4B-00C04F79EFBC}") = "Scripts", "Scripts\Scripts.csproj", "{A46DAE36-02EA-4302-A476-7AF770CB20C0}"
EndProject
Project("{2150E333-8FDC-42A3-9474-1A3956D46DE8}") = "WebsiteApplication", "WebsiteApplication", "{EDD4F80B-95E1-4598-8538-54B68DD1ABF0}"
EndProject
Project("{FAE04EC0-301F-11D3-BF4B-00C04F79EFBC}") = "IPRDashboards", "IPR\WebsiteApplication\IPRDashboards\IPRDashboards.csproj", "{8CCC9DAC-E6F5-4A29-93F8-CB9A1869B08D}"
EndProject
Project("{FAE04EC0-301F-11D3-BF4B-00C04F79EFBC}") = "IPRResources", "IPR\WebsiteApplication\IPRResources\IPRResources.csproj", "{EE8EE82E-4AEA-4677-BD69-6BCA5A6B4969}"
EndProject
Project("{FAE04EC0-301F-11D3-BF4B-00C04F79EFBC}") = "IPRWebsite", "IPR\WebsiteApplication\IPRWebsite\IPRWebsite.csproj", "{65CEFE18-D7FB-4189-AC46-5ACFD7BE80D8}"
EndProject
Project("{FAE04EC0-301F-11D3-BF4B-00C04F79EFBC}") = "IPRWebsiteModel", "IPR\WebsiteApplication\IPRWebsiteModel\IPRWebsiteModel.csproj", "{8920F657-54A3-4376-99A5-C2D823F94038}"
EndProject
Project("{FAE04EC0-301F-11D3-BF4B-00C04F79EFBC}") = "IPRWorkflows", "IPR\WebsiteApplication\IPRWorkflow\IPRWorkflows.csproj", "{C4D9BBC4-C123-4AAB-B1E6-9906B7B51BC6}"
EndProject
Project("{2150E333-8FDC-42A3-9474-1A3956D46DE8}") = "Library", "Library", "{400C9656-249A-429A-BBB0-E0B98AD7AFCC}"
EndProject
Project("{2150E333-8FDC-42A3-9474-1A3956D46DE8}") = "Tools", "Tools", "{696C97BE-F554-41D9-A2F0-603BFB0002AD}"
EndProject
Project("{2150E333-8FDC-42A3-9474-1A3956D46DE8}") = "Tests", "Tests", "{5800D43D-6500-4C24-A7B5-D194DF615B55}"
EndProject
Project("{FAE04EC0-301F-11D3-BF4B-00C04F79EFBC}") = "IPRDashboardsTest", "IPR\Tools\Tests\IPRDashboardsTest\IPRDashboardsTest.csproj", "{5E833829-EA05-458E-B172-FE37FFD24627}"
EndProject
Project("{FAE04EC0-301F-11D3-BF4B-00C04F79EFBC}") = "IPRDashboardsTests", "IPR\Tools\Tests\IPRDashboardsTests\IPRDashboardsTests.csproj", "{1A2201BF-D16D-46DA-9295-6D39609091E9}"
EndProject
Project("{FAE04EC0-301F-11D3-BF4B-00C04F79EFBC}") = "IPRExternalDataTest", "IPR\Tools\Tests\IPRExternalDataTest\IPRExternalDataTest.csproj", "{B8E3C6A4-38C0-40F5-A135-AAD43D989B91}"
EndProject
Project("{FAE04EC0-301F-11D3-BF4B-00C04F79EFBC}") = "IPRWorkflowsUnitTests", "IPR\Tools\Tests\IPRWorkflowsUnitTests\IPRWorkflowsUnitTests.csproj", "{D2019AF3-6C11-4EA2-8F52-A1073CBC7F99}"
EndProject
Project("{FAE04EC0-301F-11D3-BF4B-00C04F79EFBC}") = "IPRImport", "IPR\Tools\IPRImport.Application\IPRImport.csproj", "{588E7760-E1B5-44BA-B6B3-E65D15D8D89F}"
EndProject
Project("{FAE04EC0-301F-11D3-BF4B-00C04F79EFBC}") = "IPRInteroperability", "IPR\WebsiteApplication\IPRInteroperability\IPRInteroperability.csproj", "{BBC177DF-CD0C-4FDF-9E78-41F2CE4FAF52}"
EndProject
Project("{FAE04EC0-301F-11D3-BF4B-00C04F79EFBC}") = "SharePoint", "..\PR44-SharePoint\Libraries\SharePoint\SharePoint.csproj", "{B9D9FCCA-6132-4BF5-BC17-32EA752D6AD7}"
EndProject
Project("{FAE04EC0-301F-11D3-BF4B-00C04F79EFBC}") = "SPExplorer", "..\PR44-SharePoint\Tools\SPExplorer\SPExplorer.csproj", "{66ABD095-6B8F-411D-9BCF-744287833269}"
EndProject
Project("{FAE04EC0-301F-11D3-BF4B-00C04F79EFBC}") = "ClientSiteUserInterface", "IPR\Client\ClientSiteUserInterface\ClientSiteUserInterface.csproj", "{D694308B-9801-4BE7-9461-5BB40AA3C1E7}"
EndProject
Project("{00D1A9C2-B5F0-4AF3-8072-F6C62B433612}") = "IPRArchivingClientTests", "IPR\Tools\Tests\IPRArchivingClientTests\IPRArchivingClientTests.sqlproj", "{A9AD017F-C291-42A6-932F-0BF74C2A1A78}"
EndProject
Project("{FAE04EC0-301F-11D3-BF4B-00C04F79EFBC}") = "Prism.Interactivity", "..\..\EX07-PrismV5SourcePrismLibrary\Desktop\Prism.Interactivity\Prism.Interactivity.csproj", "{DE856812-A32C-4866-801E-AF396D711942}"
EndProject
Project("{FAE04EC0-301F-11D3-BF4B-00C04F79EFBC}") = "ClientDataManagement", "IPR\Library\ClientDataManagement\ClientDataManagement.csproj", "{7FF92139-EA5D-469D-AA7C-A309B2E2FA29}"
EndProject
Project("{FAE04EC0-301F-11D3-BF4B-00C04F79EFBC}") = "SharePointClient", "..\PR44-SharePoint\Libraries\SharePointLinqClient\SharePointClient.csproj", "{70DD8ABC-B012-427A-8163-64E63304BD42}"
EndProject
Project("{00D1A9C2-B5F0-4AF3-8072-F6C62B433612}") = "IPRArchivinglDtabase", "IPR\Tools\Tests\IPRArchivalDtabase\IPRArchivinglDtabase.sqlproj", "{7548155D-B262-4CA2-9C9B-D7090F8D3D57}"
EndProject
Project("{FAE04EC0-301F-11D3-BF4B-00C04F79EFBC}") = "IPRClientEntityTests", "IPR\Tools\Tests\IPRClientEntityTests\IPRClientEntityTests.csproj", "{62283B68-6A61-4502-B64B-4FF4B1BEB980}"
EndProject
Global
	GlobalSection(SolutionConfigurationPlatforms) = preSolution
		CD_ROM|Any CPU = CD_ROM|Any CPU
		CD_ROM|Mixed Platforms = CD_ROM|Mixed Platforms
		CD_ROM|x64 = CD_ROM|x64
		CD_ROM|x86 = CD_ROM|x86
		Debug|Any CPU = Debug|Any CPU
		Debug|Mixed Platforms = Debug|Mixed Platforms
		Debug|x64 = Debug|x64
		Debug|x86 = Debug|x86
		DVD-5|Any CPU = DVD-5|Any CPU
		DVD-5|Mixed Platforms = DVD-5|Mixed Platforms
		DVD-5|x64 = DVD-5|x64
		DVD-5|x86 = DVD-5|x86
		Release|Any CPU = Release|Any CPU
		Release|Mixed Platforms = Release|Mixed Platforms
		Release|x64 = Release|x64
		Release|x86 = Release|x86
		SingleImage|Any CPU = SingleImage|Any CPU
		SingleImage|Mixed Platforms = SingleImage|Mixed Platforms
		SingleImage|x64 = SingleImage|x64
		SingleImage|x86 = SingleImage|x86
	EndGlobalSection
	GlobalSection(ProjectConfigurationPlatforms) = postSolution
		{28DC8C24-C4A0-47D8-A114-DD4E2D42B1EB}.CD_ROM|Any CPU.ActiveCfg = Release|Any CPU
		{28DC8C24-C4A0-47D8-A114-DD4E2D42B1EB}.CD_ROM|Any CPU.Build.0 = Release|Any CPU
		{28DC8C24-C4A0-47D8-A114-DD4E2D42B1EB}.CD_ROM|Mixed Platforms.ActiveCfg = Release|Any CPU
		{28DC8C24-C4A0-47D8-A114-DD4E2D42B1EB}.CD_ROM|Mixed Platforms.Build.0 = Release|Any CPU
		{28DC8C24-C4A0-47D8-A114-DD4E2D42B1EB}.CD_ROM|x64.ActiveCfg = Release|x64
		{28DC8C24-C4A0-47D8-A114-DD4E2D42B1EB}.CD_ROM|x64.Build.0 = Release|x64
		{28DC8C24-C4A0-47D8-A114-DD4E2D42B1EB}.CD_ROM|x86.ActiveCfg = Release|Any CPU
		{28DC8C24-C4A0-47D8-A114-DD4E2D42B1EB}.Debug|Any CPU.ActiveCfg = Debug|Any CPU
		{28DC8C24-C4A0-47D8-A114-DD4E2D42B1EB}.Debug|Any CPU.Build.0 = Debug|Any CPU
		{28DC8C24-C4A0-47D8-A114-DD4E2D42B1EB}.Debug|Mixed Platforms.ActiveCfg = Debug|Any CPU
		{28DC8C24-C4A0-47D8-A114-DD4E2D42B1EB}.Debug|Mixed Platforms.Build.0 = Debug|Any CPU
		{28DC8C24-C4A0-47D8-A114-DD4E2D42B1EB}.Debug|x64.ActiveCfg = Debug|x64
		{28DC8C24-C4A0-47D8-A114-DD4E2D42B1EB}.Debug|x86.ActiveCfg = Debug|Any CPU
		{28DC8C24-C4A0-47D8-A114-DD4E2D42B1EB}.DVD-5|Any CPU.ActiveCfg = Debug|Any CPU
		{28DC8C24-C4A0-47D8-A114-DD4E2D42B1EB}.DVD-5|Any CPU.Build.0 = Debug|Any CPU
		{28DC8C24-C4A0-47D8-A114-DD4E2D42B1EB}.DVD-5|Mixed Platforms.ActiveCfg = Debug|Any CPU
		{28DC8C24-C4A0-47D8-A114-DD4E2D42B1EB}.DVD-5|Mixed Platforms.Build.0 = Debug|Any CPU
		{28DC8C24-C4A0-47D8-A114-DD4E2D42B1EB}.DVD-5|x64.ActiveCfg = Debug|x64
		{28DC8C24-C4A0-47D8-A114-DD4E2D42B1EB}.DVD-5|x64.Build.0 = Debug|x64
		{28DC8C24-C4A0-47D8-A114-DD4E2D42B1EB}.DVD-5|x86.ActiveCfg = Debug|Any CPU
		{28DC8C24-C4A0-47D8-A114-DD4E2D42B1EB}.Release|Any CPU.ActiveCfg = Release|Any CPU
		{28DC8C24-C4A0-47D8-A114-DD4E2D42B1EB}.Release|Any CPU.Build.0 = Release|Any CPU
		{28DC8C24-C4A0-47D8-A114-DD4E2D42B1EB}.Release|Mixed Platforms.ActiveCfg = Release|Any CPU
		{28DC8C24-C4A0-47D8-A114-DD4E2D42B1EB}.Release|Mixed Platforms.Build.0 = Release|Any CPU
		{28DC8C24-C4A0-47D8-A114-DD4E2D42B1EB}.Release|x64.ActiveCfg = Release|x64
		{28DC8C24-C4A0-47D8-A114-DD4E2D42B1EB}.Release|x86.ActiveCfg = Release|Any CPU
		{28DC8C24-C4A0-47D8-A114-DD4E2D42B1EB}.SingleImage|Any CPU.ActiveCfg = Release|Any CPU
		{28DC8C24-C4A0-47D8-A114-DD4E2D42B1EB}.SingleImage|Any CPU.Build.0 = Release|Any CPU
		{28DC8C24-C4A0-47D8-A114-DD4E2D42B1EB}.SingleImage|Mixed Platforms.ActiveCfg = Release|Any CPU
		{28DC8C24-C4A0-47D8-A114-DD4E2D42B1EB}.SingleImage|Mixed Platforms.Build.0 = Release|Any CPU
		{28DC8C24-C4A0-47D8-A114-DD4E2D42B1EB}.SingleImage|x64.ActiveCfg = Release|x64
		{28DC8C24-C4A0-47D8-A114-DD4E2D42B1EB}.SingleImage|x64.Build.0 = Release|x64
		{28DC8C24-C4A0-47D8-A114-DD4E2D42B1EB}.SingleImage|x86.ActiveCfg = Release|Any CPU
		{A46DAE36-02EA-4302-A476-7AF770CB20C0}.CD_ROM|Any CPU.ActiveCfg = Release|Any CPU
		{A46DAE36-02EA-4302-A476-7AF770CB20C0}.CD_ROM|Any CPU.Build.0 = Release|Any CPU
		{A46DAE36-02EA-4302-A476-7AF770CB20C0}.CD_ROM|Mixed Platforms.ActiveCfg = Release|Any CPU
		{A46DAE36-02EA-4302-A476-7AF770CB20C0}.CD_ROM|Mixed Platforms.Build.0 = Release|Any CPU
		{A46DAE36-02EA-4302-A476-7AF770CB20C0}.CD_ROM|x64.ActiveCfg = Release|Any CPU
		{A46DAE36-02EA-4302-A476-7AF770CB20C0}.CD_ROM|x86.ActiveCfg = Release|Any CPU
		{A46DAE36-02EA-4302-A476-7AF770CB20C0}.Debug|Any CPU.ActiveCfg = Debug|Any CPU
		{A46DAE36-02EA-4302-A476-7AF770CB20C0}.Debug|Any CPU.Build.0 = Debug|Any CPU
		{A46DAE36-02EA-4302-A476-7AF770CB20C0}.Debug|Mixed Platforms.ActiveCfg = Debug|Any CPU
		{A46DAE36-02EA-4302-A476-7AF770CB20C0}.Debug|Mixed Platforms.Build.0 = Debug|Any CPU
		{A46DAE36-02EA-4302-A476-7AF770CB20C0}.Debug|x64.ActiveCfg = Debug|Any CPU
		{A46DAE36-02EA-4302-A476-7AF770CB20C0}.Debug|x86.ActiveCfg = Debug|Any CPU
		{A46DAE36-02EA-4302-A476-7AF770CB20C0}.DVD-5|Any CPU.ActiveCfg = Debug|Any CPU
		{A46DAE36-02EA-4302-A476-7AF770CB20C0}.DVD-5|Any CPU.Build.0 = Debug|Any CPU
		{A46DAE36-02EA-4302-A476-7AF770CB20C0}.DVD-5|Mixed Platforms.ActiveCfg = Debug|Any CPU
		{A46DAE36-02EA-4302-A476-7AF770CB20C0}.DVD-5|Mixed Platforms.Build.0 = Debug|Any CPU
		{A46DAE36-02EA-4302-A476-7AF770CB20C0}.DVD-5|x64.ActiveCfg = Debug|Any CPU
		{A46DAE36-02EA-4302-A476-7AF770CB20C0}.DVD-5|x86.ActiveCfg = Debug|Any CPU
		{A46DAE36-02EA-4302-A476-7AF770CB20C0}.Release|Any CPU.ActiveCfg = Release|Any CPU
		{A46DAE36-02EA-4302-A476-7AF770CB20C0}.Release|Any CPU.Build.0 = Release|Any CPU
		{A46DAE36-02EA-4302-A476-7AF770CB20C0}.Release|Mixed Platforms.ActiveCfg = Release|Any CPU
		{A46DAE36-02EA-4302-A476-7AF770CB20C0}.Release|Mixed Platforms.Build.0 = Release|Any CPU
		{A46DAE36-02EA-4302-A476-7AF770CB20C0}.Release|x64.ActiveCfg = Release|Any CPU
		{A46DAE36-02EA-4302-A476-7AF770CB20C0}.Release|x86.ActiveCfg = Release|Any CPU
		{A46DAE36-02EA-4302-A476-7AF770CB20C0}.SingleImage|Any CPU.ActiveCfg = Release|Any CPU
		{A46DAE36-02EA-4302-A476-7AF770CB20C0}.SingleImage|Any CPU.Build.0 = Release|Any CPU
		{A46DAE36-02EA-4302-A476-7AF770CB20C0}.SingleImage|Mixed Platforms.ActiveCfg = Release|Any CPU
		{A46DAE36-02EA-4302-A476-7AF770CB20C0}.SingleImage|Mixed Platforms.Build.0 = Release|Any CPU
		{A46DAE36-02EA-4302-A476-7AF770CB20C0}.SingleImage|x64.ActiveCfg = Release|Any CPU
		{A46DAE36-02EA-4302-A476-7AF770CB20C0}.SingleImage|x86.ActiveCfg = Release|Any CPU
		{8CCC9DAC-E6F5-4A29-93F8-CB9A1869B08D}.CD_ROM|Any CPU.ActiveCfg = Release|Any CPU
		{8CCC9DAC-E6F5-4A29-93F8-CB9A1869B08D}.CD_ROM|Any CPU.Build.0 = Release|Any CPU
		{8CCC9DAC-E6F5-4A29-93F8-CB9A1869B08D}.CD_ROM|Any CPU.Deploy.0 = Release|Any CPU
		{8CCC9DAC-E6F5-4A29-93F8-CB9A1869B08D}.CD_ROM|Mixed Platforms.ActiveCfg = Release|Any CPU
		{8CCC9DAC-E6F5-4A29-93F8-CB9A1869B08D}.CD_ROM|Mixed Platforms.Build.0 = Release|Any CPU
		{8CCC9DAC-E6F5-4A29-93F8-CB9A1869B08D}.CD_ROM|Mixed Platforms.Deploy.0 = Release|Any CPU
		{8CCC9DAC-E6F5-4A29-93F8-CB9A1869B08D}.CD_ROM|x64.ActiveCfg = Release|x64
		{8CCC9DAC-E6F5-4A29-93F8-CB9A1869B08D}.CD_ROM|x64.Build.0 = Release|x64
		{8CCC9DAC-E6F5-4A29-93F8-CB9A1869B08D}.CD_ROM|x64.Deploy.0 = Release|x64
		{8CCC9DAC-E6F5-4A29-93F8-CB9A1869B08D}.CD_ROM|x86.ActiveCfg = Release|Any CPU
		{8CCC9DAC-E6F5-4A29-93F8-CB9A1869B08D}.Debug|Any CPU.ActiveCfg = Debug|Any CPU
		{8CCC9DAC-E6F5-4A29-93F8-CB9A1869B08D}.Debug|Any CPU.Build.0 = Debug|Any CPU
		{8CCC9DAC-E6F5-4A29-93F8-CB9A1869B08D}.Debug|Any CPU.Deploy.0 = Debug|Any CPU
		{8CCC9DAC-E6F5-4A29-93F8-CB9A1869B08D}.Debug|Mixed Platforms.ActiveCfg = Debug|Any CPU
		{8CCC9DAC-E6F5-4A29-93F8-CB9A1869B08D}.Debug|Mixed Platforms.Build.0 = Debug|Any CPU
		{8CCC9DAC-E6F5-4A29-93F8-CB9A1869B08D}.Debug|Mixed Platforms.Deploy.0 = Debug|Any CPU
		{8CCC9DAC-E6F5-4A29-93F8-CB9A1869B08D}.Debug|x64.ActiveCfg = Debug|x64
		{8CCC9DAC-E6F5-4A29-93F8-CB9A1869B08D}.Debug|x64.Build.0 = Debug|x64
		{8CCC9DAC-E6F5-4A29-93F8-CB9A1869B08D}.Debug|x64.Deploy.0 = Debug|x64
		{8CCC9DAC-E6F5-4A29-93F8-CB9A1869B08D}.Debug|x86.ActiveCfg = Debug|Any CPU
		{8CCC9DAC-E6F5-4A29-93F8-CB9A1869B08D}.DVD-5|Any CPU.ActiveCfg = Debug|Any CPU
		{8CCC9DAC-E6F5-4A29-93F8-CB9A1869B08D}.DVD-5|Any CPU.Build.0 = Debug|Any CPU
		{8CCC9DAC-E6F5-4A29-93F8-CB9A1869B08D}.DVD-5|Any CPU.Deploy.0 = Debug|Any CPU
		{8CCC9DAC-E6F5-4A29-93F8-CB9A1869B08D}.DVD-5|Mixed Platforms.ActiveCfg = Debug|Any CPU
		{8CCC9DAC-E6F5-4A29-93F8-CB9A1869B08D}.DVD-5|Mixed Platforms.Build.0 = Debug|Any CPU
		{8CCC9DAC-E6F5-4A29-93F8-CB9A1869B08D}.DVD-5|Mixed Platforms.Deploy.0 = Debug|Any CPU
		{8CCC9DAC-E6F5-4A29-93F8-CB9A1869B08D}.DVD-5|x64.ActiveCfg = Debug|x64
		{8CCC9DAC-E6F5-4A29-93F8-CB9A1869B08D}.DVD-5|x64.Build.0 = Debug|x64
		{8CCC9DAC-E6F5-4A29-93F8-CB9A1869B08D}.DVD-5|x64.Deploy.0 = Debug|x64
		{8CCC9DAC-E6F5-4A29-93F8-CB9A1869B08D}.DVD-5|x86.ActiveCfg = Debug|Any CPU
		{8CCC9DAC-E6F5-4A29-93F8-CB9A1869B08D}.Release|Any CPU.ActiveCfg = Release|Any CPU
		{8CCC9DAC-E6F5-4A29-93F8-CB9A1869B08D}.Release|Any CPU.Build.0 = Release|Any CPU
		{8CCC9DAC-E6F5-4A29-93F8-CB9A1869B08D}.Release|Any CPU.Deploy.0 = Release|Any CPU
		{8CCC9DAC-E6F5-4A29-93F8-CB9A1869B08D}.Release|Mixed Platforms.ActiveCfg = Release|Any CPU
		{8CCC9DAC-E6F5-4A29-93F8-CB9A1869B08D}.Release|Mixed Platforms.Build.0 = Release|Any CPU
		{8CCC9DAC-E6F5-4A29-93F8-CB9A1869B08D}.Release|Mixed Platforms.Deploy.0 = Release|Any CPU
		{8CCC9DAC-E6F5-4A29-93F8-CB9A1869B08D}.Release|x64.ActiveCfg = Release|x64
		{8CCC9DAC-E6F5-4A29-93F8-CB9A1869B08D}.Release|x64.Build.0 = Release|x64
		{8CCC9DAC-E6F5-4A29-93F8-CB9A1869B08D}.Release|x64.Deploy.0 = Release|x64
		{8CCC9DAC-E6F5-4A29-93F8-CB9A1869B08D}.Release|x86.ActiveCfg = Release|Any CPU
		{8CCC9DAC-E6F5-4A29-93F8-CB9A1869B08D}.SingleImage|Any CPU.ActiveCfg = Release|Any CPU
		{8CCC9DAC-E6F5-4A29-93F8-CB9A1869B08D}.SingleImage|Any CPU.Build.0 = Release|Any CPU
		{8CCC9DAC-E6F5-4A29-93F8-CB9A1869B08D}.SingleImage|Any CPU.Deploy.0 = Release|Any CPU
		{8CCC9DAC-E6F5-4A29-93F8-CB9A1869B08D}.SingleImage|Mixed Platforms.ActiveCfg = Release|Any CPU
		{8CCC9DAC-E6F5-4A29-93F8-CB9A1869B08D}.SingleImage|Mixed Platforms.Build.0 = Release|Any CPU
		{8CCC9DAC-E6F5-4A29-93F8-CB9A1869B08D}.SingleImage|Mixed Platforms.Deploy.0 = Release|Any CPU
		{8CCC9DAC-E6F5-4A29-93F8-CB9A1869B08D}.SingleImage|x64.ActiveCfg = Release|x64
		{8CCC9DAC-E6F5-4A29-93F8-CB9A1869B08D}.SingleImage|x64.Build.0 = Release|x64
		{8CCC9DAC-E6F5-4A29-93F8-CB9A1869B08D}.SingleImage|x64.Deploy.0 = Release|x64
		{8CCC9DAC-E6F5-4A29-93F8-CB9A1869B08D}.SingleImage|x86.ActiveCfg = Release|Any CPU
		{EE8EE82E-4AEA-4677-BD69-6BCA5A6B4969}.CD_ROM|Any CPU.ActiveCfg = Release|Any CPU
		{EE8EE82E-4AEA-4677-BD69-6BCA5A6B4969}.CD_ROM|Any CPU.Build.0 = Release|Any CPU
		{EE8EE82E-4AEA-4677-BD69-6BCA5A6B4969}.CD_ROM|Any CPU.Deploy.0 = Release|Any CPU
		{EE8EE82E-4AEA-4677-BD69-6BCA5A6B4969}.CD_ROM|Mixed Platforms.ActiveCfg = Release|Any CPU
		{EE8EE82E-4AEA-4677-BD69-6BCA5A6B4969}.CD_ROM|Mixed Platforms.Build.0 = Release|Any CPU
		{EE8EE82E-4AEA-4677-BD69-6BCA5A6B4969}.CD_ROM|Mixed Platforms.Deploy.0 = Release|Any CPU
		{EE8EE82E-4AEA-4677-BD69-6BCA5A6B4969}.CD_ROM|x64.ActiveCfg = Release|x64
		{EE8EE82E-4AEA-4677-BD69-6BCA5A6B4969}.CD_ROM|x64.Build.0 = Release|x64
		{EE8EE82E-4AEA-4677-BD69-6BCA5A6B4969}.CD_ROM|x64.Deploy.0 = Release|x64
		{EE8EE82E-4AEA-4677-BD69-6BCA5A6B4969}.CD_ROM|x86.ActiveCfg = Release|Any CPU
		{EE8EE82E-4AEA-4677-BD69-6BCA5A6B4969}.Debug|Any CPU.ActiveCfg = Debug|Any CPU
		{EE8EE82E-4AEA-4677-BD69-6BCA5A6B4969}.Debug|Any CPU.Build.0 = Debug|Any CPU
		{EE8EE82E-4AEA-4677-BD69-6BCA5A6B4969}.Debug|Any CPU.Deploy.0 = Debug|Any CPU
		{EE8EE82E-4AEA-4677-BD69-6BCA5A6B4969}.Debug|Mixed Platforms.ActiveCfg = Debug|Any CPU
		{EE8EE82E-4AEA-4677-BD69-6BCA5A6B4969}.Debug|Mixed Platforms.Build.0 = Debug|Any CPU
		{EE8EE82E-4AEA-4677-BD69-6BCA5A6B4969}.Debug|Mixed Platforms.Deploy.0 = Debug|Any CPU
		{EE8EE82E-4AEA-4677-BD69-6BCA5A6B4969}.Debug|x64.ActiveCfg = Debug|x64
		{EE8EE82E-4AEA-4677-BD69-6BCA5A6B4969}.Debug|x64.Build.0 = Debug|x64
		{EE8EE82E-4AEA-4677-BD69-6BCA5A6B4969}.Debug|x64.Deploy.0 = Debug|x64
		{EE8EE82E-4AEA-4677-BD69-6BCA5A6B4969}.Debug|x86.ActiveCfg = Debug|Any CPU
		{EE8EE82E-4AEA-4677-BD69-6BCA5A6B4969}.DVD-5|Any CPU.ActiveCfg = Debug|Any CPU
		{EE8EE82E-4AEA-4677-BD69-6BCA5A6B4969}.DVD-5|Any CPU.Build.0 = Debug|Any CPU
		{EE8EE82E-4AEA-4677-BD69-6BCA5A6B4969}.DVD-5|Any CPU.Deploy.0 = Debug|Any CPU
		{EE8EE82E-4AEA-4677-BD69-6BCA5A6B4969}.DVD-5|Mixed Platforms.ActiveCfg = Debug|Any CPU
		{EE8EE82E-4AEA-4677-BD69-6BCA5A6B4969}.DVD-5|Mixed Platforms.Build.0 = Debug|Any CPU
		{EE8EE82E-4AEA-4677-BD69-6BCA5A6B4969}.DVD-5|Mixed Platforms.Deploy.0 = Debug|Any CPU
		{EE8EE82E-4AEA-4677-BD69-6BCA5A6B4969}.DVD-5|x64.ActiveCfg = Debug|x64
		{EE8EE82E-4AEA-4677-BD69-6BCA5A6B4969}.DVD-5|x64.Build.0 = Debug|x64
		{EE8EE82E-4AEA-4677-BD69-6BCA5A6B4969}.DVD-5|x64.Deploy.0 = Debug|x64
		{EE8EE82E-4AEA-4677-BD69-6BCA5A6B4969}.DVD-5|x86.ActiveCfg = Debug|Any CPU
		{EE8EE82E-4AEA-4677-BD69-6BCA5A6B4969}.Release|Any CPU.ActiveCfg = Release|Any CPU
		{EE8EE82E-4AEA-4677-BD69-6BCA5A6B4969}.Release|Any CPU.Build.0 = Release|Any CPU
		{EE8EE82E-4AEA-4677-BD69-6BCA5A6B4969}.Release|Any CPU.Deploy.0 = Release|Any CPU
		{EE8EE82E-4AEA-4677-BD69-6BCA5A6B4969}.Release|Mixed Platforms.ActiveCfg = Release|Any CPU
		{EE8EE82E-4AEA-4677-BD69-6BCA5A6B4969}.Release|Mixed Platforms.Build.0 = Release|Any CPU
		{EE8EE82E-4AEA-4677-BD69-6BCA5A6B4969}.Release|Mixed Platforms.Deploy.0 = Release|Any CPU
		{EE8EE82E-4AEA-4677-BD69-6BCA5A6B4969}.Release|x64.ActiveCfg = Release|x64
		{EE8EE82E-4AEA-4677-BD69-6BCA5A6B4969}.Release|x64.Build.0 = Release|x64
		{EE8EE82E-4AEA-4677-BD69-6BCA5A6B4969}.Release|x64.Deploy.0 = Release|x64
		{EE8EE82E-4AEA-4677-BD69-6BCA5A6B4969}.Release|x86.ActiveCfg = Release|Any CPU
		{EE8EE82E-4AEA-4677-BD69-6BCA5A6B4969}.SingleImage|Any CPU.ActiveCfg = Release|Any CPU
		{EE8EE82E-4AEA-4677-BD69-6BCA5A6B4969}.SingleImage|Any CPU.Build.0 = Release|Any CPU
		{EE8EE82E-4AEA-4677-BD69-6BCA5A6B4969}.SingleImage|Any CPU.Deploy.0 = Release|Any CPU
		{EE8EE82E-4AEA-4677-BD69-6BCA5A6B4969}.SingleImage|Mixed Platforms.ActiveCfg = Release|Any CPU
		{EE8EE82E-4AEA-4677-BD69-6BCA5A6B4969}.SingleImage|Mixed Platforms.Build.0 = Release|Any CPU
		{EE8EE82E-4AEA-4677-BD69-6BCA5A6B4969}.SingleImage|Mixed Platforms.Deploy.0 = Release|Any CPU
		{EE8EE82E-4AEA-4677-BD69-6BCA5A6B4969}.SingleImage|x64.ActiveCfg = Release|x64
		{EE8EE82E-4AEA-4677-BD69-6BCA5A6B4969}.SingleImage|x64.Build.0 = Release|x64
		{EE8EE82E-4AEA-4677-BD69-6BCA5A6B4969}.SingleImage|x64.Deploy.0 = Release|x64
		{EE8EE82E-4AEA-4677-BD69-6BCA5A6B4969}.SingleImage|x86.ActiveCfg = Release|Any CPU
		{65CEFE18-D7FB-4189-AC46-5ACFD7BE80D8}.CD_ROM|Any CPU.ActiveCfg = Release|Any CPU
		{65CEFE18-D7FB-4189-AC46-5ACFD7BE80D8}.CD_ROM|Any CPU.Build.0 = Release|Any CPU
		{65CEFE18-D7FB-4189-AC46-5ACFD7BE80D8}.CD_ROM|Any CPU.Deploy.0 = Release|Any CPU
		{65CEFE18-D7FB-4189-AC46-5ACFD7BE80D8}.CD_ROM|Mixed Platforms.ActiveCfg = Release|Any CPU
		{65CEFE18-D7FB-4189-AC46-5ACFD7BE80D8}.CD_ROM|Mixed Platforms.Build.0 = Release|Any CPU
		{65CEFE18-D7FB-4189-AC46-5ACFD7BE80D8}.CD_ROM|Mixed Platforms.Deploy.0 = Release|Any CPU
		{65CEFE18-D7FB-4189-AC46-5ACFD7BE80D8}.CD_ROM|x64.ActiveCfg = Release|x64
		{65CEFE18-D7FB-4189-AC46-5ACFD7BE80D8}.CD_ROM|x64.Build.0 = Release|x64
		{65CEFE18-D7FB-4189-AC46-5ACFD7BE80D8}.CD_ROM|x64.Deploy.0 = Release|x64
		{65CEFE18-D7FB-4189-AC46-5ACFD7BE80D8}.CD_ROM|x86.ActiveCfg = Release|Any CPU
		{65CEFE18-D7FB-4189-AC46-5ACFD7BE80D8}.Debug|Any CPU.ActiveCfg = Debug|Any CPU
		{65CEFE18-D7FB-4189-AC46-5ACFD7BE80D8}.Debug|Any CPU.Build.0 = Debug|Any CPU
		{65CEFE18-D7FB-4189-AC46-5ACFD7BE80D8}.Debug|Any CPU.Deploy.0 = Debug|Any CPU
		{65CEFE18-D7FB-4189-AC46-5ACFD7BE80D8}.Debug|Mixed Platforms.ActiveCfg = Debug|Any CPU
		{65CEFE18-D7FB-4189-AC46-5ACFD7BE80D8}.Debug|Mixed Platforms.Build.0 = Debug|Any CPU
		{65CEFE18-D7FB-4189-AC46-5ACFD7BE80D8}.Debug|Mixed Platforms.Deploy.0 = Debug|Any CPU
		{65CEFE18-D7FB-4189-AC46-5ACFD7BE80D8}.Debug|x64.ActiveCfg = Debug|x64
		{65CEFE18-D7FB-4189-AC46-5ACFD7BE80D8}.Debug|x64.Build.0 = Debug|x64
		{65CEFE18-D7FB-4189-AC46-5ACFD7BE80D8}.Debug|x64.Deploy.0 = Debug|x64
		{65CEFE18-D7FB-4189-AC46-5ACFD7BE80D8}.Debug|x86.ActiveCfg = Debug|Any CPU
		{65CEFE18-D7FB-4189-AC46-5ACFD7BE80D8}.DVD-5|Any CPU.ActiveCfg = Debug|Any CPU
		{65CEFE18-D7FB-4189-AC46-5ACFD7BE80D8}.DVD-5|Any CPU.Build.0 = Debug|Any CPU
		{65CEFE18-D7FB-4189-AC46-5ACFD7BE80D8}.DVD-5|Any CPU.Deploy.0 = Debug|Any CPU
		{65CEFE18-D7FB-4189-AC46-5ACFD7BE80D8}.DVD-5|Mixed Platforms.ActiveCfg = Debug|Any CPU
		{65CEFE18-D7FB-4189-AC46-5ACFD7BE80D8}.DVD-5|Mixed Platforms.Build.0 = Debug|Any CPU
		{65CEFE18-D7FB-4189-AC46-5ACFD7BE80D8}.DVD-5|Mixed Platforms.Deploy.0 = Debug|Any CPU
		{65CEFE18-D7FB-4189-AC46-5ACFD7BE80D8}.DVD-5|x64.ActiveCfg = Debug|x64
		{65CEFE18-D7FB-4189-AC46-5ACFD7BE80D8}.DVD-5|x64.Build.0 = Debug|x64
		{65CEFE18-D7FB-4189-AC46-5ACFD7BE80D8}.DVD-5|x64.Deploy.0 = Debug|x64
		{65CEFE18-D7FB-4189-AC46-5ACFD7BE80D8}.DVD-5|x86.ActiveCfg = Debug|Any CPU
		{65CEFE18-D7FB-4189-AC46-5ACFD7BE80D8}.Release|Any CPU.ActiveCfg = Release|Any CPU
		{65CEFE18-D7FB-4189-AC46-5ACFD7BE80D8}.Release|Any CPU.Build.0 = Release|Any CPU
		{65CEFE18-D7FB-4189-AC46-5ACFD7BE80D8}.Release|Any CPU.Deploy.0 = Release|Any CPU
		{65CEFE18-D7FB-4189-AC46-5ACFD7BE80D8}.Release|Mixed Platforms.ActiveCfg = Release|Any CPU
		{65CEFE18-D7FB-4189-AC46-5ACFD7BE80D8}.Release|Mixed Platforms.Build.0 = Release|Any CPU
		{65CEFE18-D7FB-4189-AC46-5ACFD7BE80D8}.Release|Mixed Platforms.Deploy.0 = Release|Any CPU
		{65CEFE18-D7FB-4189-AC46-5ACFD7BE80D8}.Release|x64.ActiveCfg = Release|x64
		{65CEFE18-D7FB-4189-AC46-5ACFD7BE80D8}.Release|x64.Build.0 = Release|x64
		{65CEFE18-D7FB-4189-AC46-5ACFD7BE80D8}.Release|x64.Deploy.0 = Release|x64
		{65CEFE18-D7FB-4189-AC46-5ACFD7BE80D8}.Release|x86.ActiveCfg = Release|Any CPU
		{65CEFE18-D7FB-4189-AC46-5ACFD7BE80D8}.SingleImage|Any CPU.ActiveCfg = Release|Any CPU
		{65CEFE18-D7FB-4189-AC46-5ACFD7BE80D8}.SingleImage|Any CPU.Build.0 = Release|Any CPU
		{65CEFE18-D7FB-4189-AC46-5ACFD7BE80D8}.SingleImage|Any CPU.Deploy.0 = Release|Any CPU
		{65CEFE18-D7FB-4189-AC46-5ACFD7BE80D8}.SingleImage|Mixed Platforms.ActiveCfg = Release|Any CPU
		{65CEFE18-D7FB-4189-AC46-5ACFD7BE80D8}.SingleImage|Mixed Platforms.Build.0 = Release|Any CPU
		{65CEFE18-D7FB-4189-AC46-5ACFD7BE80D8}.SingleImage|Mixed Platforms.Deploy.0 = Release|Any CPU
		{65CEFE18-D7FB-4189-AC46-5ACFD7BE80D8}.SingleImage|x64.ActiveCfg = Release|x64
		{65CEFE18-D7FB-4189-AC46-5ACFD7BE80D8}.SingleImage|x64.Build.0 = Release|x64
		{65CEFE18-D7FB-4189-AC46-5ACFD7BE80D8}.SingleImage|x64.Deploy.0 = Release|x64
		{65CEFE18-D7FB-4189-AC46-5ACFD7BE80D8}.SingleImage|x86.ActiveCfg = Release|Any CPU
		{8920F657-54A3-4376-99A5-C2D823F94038}.CD_ROM|Any CPU.ActiveCfg = Release|Any CPU
		{8920F657-54A3-4376-99A5-C2D823F94038}.CD_ROM|Any CPU.Build.0 = Release|Any CPU
		{8920F657-54A3-4376-99A5-C2D823F94038}.CD_ROM|Any CPU.Deploy.0 = Release|Any CPU
		{8920F657-54A3-4376-99A5-C2D823F94038}.CD_ROM|Mixed Platforms.ActiveCfg = Release|Any CPU
		{8920F657-54A3-4376-99A5-C2D823F94038}.CD_ROM|Mixed Platforms.Build.0 = Release|Any CPU
		{8920F657-54A3-4376-99A5-C2D823F94038}.CD_ROM|Mixed Platforms.Deploy.0 = Release|Any CPU
		{8920F657-54A3-4376-99A5-C2D823F94038}.CD_ROM|x64.ActiveCfg = Release|x64
		{8920F657-54A3-4376-99A5-C2D823F94038}.CD_ROM|x64.Build.0 = Release|x64
		{8920F657-54A3-4376-99A5-C2D823F94038}.CD_ROM|x64.Deploy.0 = Release|x64
		{8920F657-54A3-4376-99A5-C2D823F94038}.CD_ROM|x86.ActiveCfg = Release|Any CPU
		{8920F657-54A3-4376-99A5-C2D823F94038}.Debug|Any CPU.ActiveCfg = Debug|Any CPU
		{8920F657-54A3-4376-99A5-C2D823F94038}.Debug|Any CPU.Build.0 = Debug|Any CPU
		{8920F657-54A3-4376-99A5-C2D823F94038}.Debug|Any CPU.Deploy.0 = Debug|Any CPU
		{8920F657-54A3-4376-99A5-C2D823F94038}.Debug|Mixed Platforms.ActiveCfg = Debug|Any CPU
		{8920F657-54A3-4376-99A5-C2D823F94038}.Debug|Mixed Platforms.Build.0 = Debug|Any CPU
		{8920F657-54A3-4376-99A5-C2D823F94038}.Debug|Mixed Platforms.Deploy.0 = Debug|Any CPU
		{8920F657-54A3-4376-99A5-C2D823F94038}.Debug|x64.ActiveCfg = Debug|x64
		{8920F657-54A3-4376-99A5-C2D823F94038}.Debug|x64.Build.0 = Debug|x64
		{8920F657-54A3-4376-99A5-C2D823F94038}.Debug|x64.Deploy.0 = Debug|x64
		{8920F657-54A3-4376-99A5-C2D823F94038}.Debug|x86.ActiveCfg = Debug|Any CPU
		{8920F657-54A3-4376-99A5-C2D823F94038}.DVD-5|Any CPU.ActiveCfg = Debug|Any CPU
		{8920F657-54A3-4376-99A5-C2D823F94038}.DVD-5|Any CPU.Build.0 = Debug|Any CPU
		{8920F657-54A3-4376-99A5-C2D823F94038}.DVD-5|Any CPU.Deploy.0 = Debug|Any CPU
		{8920F657-54A3-4376-99A5-C2D823F94038}.DVD-5|Mixed Platforms.ActiveCfg = Debug|Any CPU
		{8920F657-54A3-4376-99A5-C2D823F94038}.DVD-5|Mixed Platforms.Build.0 = Debug|Any CPU
		{8920F657-54A3-4376-99A5-C2D823F94038}.DVD-5|Mixed Platforms.Deploy.0 = Debug|Any CPU
		{8920F657-54A3-4376-99A5-C2D823F94038}.DVD-5|x64.ActiveCfg = Debug|x64
		{8920F657-54A3-4376-99A5-C2D823F94038}.DVD-5|x64.Build.0 = Debug|x64
		{8920F657-54A3-4376-99A5-C2D823F94038}.DVD-5|x64.Deploy.0 = Debug|x64
		{8920F657-54A3-4376-99A5-C2D823F94038}.DVD-5|x86.ActiveCfg = Debug|Any CPU
		{8920F657-54A3-4376-99A5-C2D823F94038}.Release|Any CPU.ActiveCfg = Release|Any CPU
		{8920F657-54A3-4376-99A5-C2D823F94038}.Release|Any CPU.Build.0 = Release|Any CPU
		{8920F657-54A3-4376-99A5-C2D823F94038}.Release|Any CPU.Deploy.0 = Release|Any CPU
		{8920F657-54A3-4376-99A5-C2D823F94038}.Release|Mixed Platforms.ActiveCfg = Release|Any CPU
		{8920F657-54A3-4376-99A5-C2D823F94038}.Release|Mixed Platforms.Build.0 = Release|Any CPU
		{8920F657-54A3-4376-99A5-C2D823F94038}.Release|Mixed Platforms.Deploy.0 = Release|Any CPU
		{8920F657-54A3-4376-99A5-C2D823F94038}.Release|x64.ActiveCfg = Release|x64
		{8920F657-54A3-4376-99A5-C2D823F94038}.Release|x64.Build.0 = Release|x64
		{8920F657-54A3-4376-99A5-C2D823F94038}.Release|x64.Deploy.0 = Release|x64
		{8920F657-54A3-4376-99A5-C2D823F94038}.Release|x86.ActiveCfg = Release|Any CPU
		{8920F657-54A3-4376-99A5-C2D823F94038}.SingleImage|Any CPU.ActiveCfg = Release|Any CPU
		{8920F657-54A3-4376-99A5-C2D823F94038}.SingleImage|Any CPU.Build.0 = Release|Any CPU
		{8920F657-54A3-4376-99A5-C2D823F94038}.SingleImage|Any CPU.Deploy.0 = Release|Any CPU
		{8920F657-54A3-4376-99A5-C2D823F94038}.SingleImage|Mixed Platforms.ActiveCfg = Release|Any CPU
		{8920F657-54A3-4376-99A5-C2D823F94038}.SingleImage|Mixed Platforms.Build.0 = Release|Any CPU
		{8920F657-54A3-4376-99A5-C2D823F94038}.SingleImage|Mixed Platforms.Deploy.0 = Release|Any CPU
		{8920F657-54A3-4376-99A5-C2D823F94038}.SingleImage|x64.ActiveCfg = Release|x64
		{8920F657-54A3-4376-99A5-C2D823F94038}.SingleImage|x64.Build.0 = Release|x64
		{8920F657-54A3-4376-99A5-C2D823F94038}.SingleImage|x64.Deploy.0 = Release|x64
		{8920F657-54A3-4376-99A5-C2D823F94038}.SingleImage|x86.ActiveCfg = Release|Any CPU
		{C4D9BBC4-C123-4AAB-B1E6-9906B7B51BC6}.CD_ROM|Any CPU.ActiveCfg = Release|Any CPU
		{C4D9BBC4-C123-4AAB-B1E6-9906B7B51BC6}.CD_ROM|Any CPU.Build.0 = Release|Any CPU
		{C4D9BBC4-C123-4AAB-B1E6-9906B7B51BC6}.CD_ROM|Any CPU.Deploy.0 = Release|Any CPU
		{C4D9BBC4-C123-4AAB-B1E6-9906B7B51BC6}.CD_ROM|Mixed Platforms.ActiveCfg = Release|Any CPU
		{C4D9BBC4-C123-4AAB-B1E6-9906B7B51BC6}.CD_ROM|Mixed Platforms.Build.0 = Release|Any CPU
		{C4D9BBC4-C123-4AAB-B1E6-9906B7B51BC6}.CD_ROM|Mixed Platforms.Deploy.0 = Release|Any CPU
		{C4D9BBC4-C123-4AAB-B1E6-9906B7B51BC6}.CD_ROM|x64.ActiveCfg = Release|x64
		{C4D9BBC4-C123-4AAB-B1E6-9906B7B51BC6}.CD_ROM|x64.Build.0 = Release|x64
		{C4D9BBC4-C123-4AAB-B1E6-9906B7B51BC6}.CD_ROM|x64.Deploy.0 = Release|x64
		{C4D9BBC4-C123-4AAB-B1E6-9906B7B51BC6}.CD_ROM|x86.ActiveCfg = Release|Any CPU
		{C4D9BBC4-C123-4AAB-B1E6-9906B7B51BC6}.Debug|Any CPU.ActiveCfg = Debug|Any CPU
		{C4D9BBC4-C123-4AAB-B1E6-9906B7B51BC6}.Debug|Any CPU.Build.0 = Debug|Any CPU
		{C4D9BBC4-C123-4AAB-B1E6-9906B7B51BC6}.Debug|Any CPU.Deploy.0 = Debug|Any CPU
		{C4D9BBC4-C123-4AAB-B1E6-9906B7B51BC6}.Debug|Mixed Platforms.ActiveCfg = Debug|Any CPU
		{C4D9BBC4-C123-4AAB-B1E6-9906B7B51BC6}.Debug|Mixed Platforms.Build.0 = Debug|Any CPU
		{C4D9BBC4-C123-4AAB-B1E6-9906B7B51BC6}.Debug|Mixed Platforms.Deploy.0 = Debug|Any CPU
		{C4D9BBC4-C123-4AAB-B1E6-9906B7B51BC6}.Debug|x64.ActiveCfg = Debug|x64
		{C4D9BBC4-C123-4AAB-B1E6-9906B7B51BC6}.Debug|x64.Build.0 = Debug|x64
		{C4D9BBC4-C123-4AAB-B1E6-9906B7B51BC6}.Debug|x64.Deploy.0 = Debug|x64
		{C4D9BBC4-C123-4AAB-B1E6-9906B7B51BC6}.Debug|x86.ActiveCfg = Debug|Any CPU
		{C4D9BBC4-C123-4AAB-B1E6-9906B7B51BC6}.DVD-5|Any CPU.ActiveCfg = Debug|Any CPU
		{C4D9BBC4-C123-4AAB-B1E6-9906B7B51BC6}.DVD-5|Any CPU.Build.0 = Debug|Any CPU
		{C4D9BBC4-C123-4AAB-B1E6-9906B7B51BC6}.DVD-5|Any CPU.Deploy.0 = Debug|Any CPU
		{C4D9BBC4-C123-4AAB-B1E6-9906B7B51BC6}.DVD-5|Mixed Platforms.ActiveCfg = Debug|Any CPU
		{C4D9BBC4-C123-4AAB-B1E6-9906B7B51BC6}.DVD-5|Mixed Platforms.Build.0 = Debug|Any CPU
		{C4D9BBC4-C123-4AAB-B1E6-9906B7B51BC6}.DVD-5|Mixed Platforms.Deploy.0 = Debug|Any CPU
		{C4D9BBC4-C123-4AAB-B1E6-9906B7B51BC6}.DVD-5|x64.ActiveCfg = Debug|x64
		{C4D9BBC4-C123-4AAB-B1E6-9906B7B51BC6}.DVD-5|x64.Build.0 = Debug|x64
		{C4D9BBC4-C123-4AAB-B1E6-9906B7B51BC6}.DVD-5|x64.Deploy.0 = Debug|x64
		{C4D9BBC4-C123-4AAB-B1E6-9906B7B51BC6}.DVD-5|x86.ActiveCfg = Debug|Any CPU
		{C4D9BBC4-C123-4AAB-B1E6-9906B7B51BC6}.Release|Any CPU.ActiveCfg = Release|Any CPU
		{C4D9BBC4-C123-4AAB-B1E6-9906B7B51BC6}.Release|Any CPU.Build.0 = Release|Any CPU
		{C4D9BBC4-C123-4AAB-B1E6-9906B7B51BC6}.Release|Any CPU.Deploy.0 = Release|Any CPU
		{C4D9BBC4-C123-4AAB-B1E6-9906B7B51BC6}.Release|Mixed Platforms.ActiveCfg = Release|Any CPU
		{C4D9BBC4-C123-4AAB-B1E6-9906B7B51BC6}.Release|Mixed Platforms.Build.0 = Release|Any CPU
		{C4D9BBC4-C123-4AAB-B1E6-9906B7B51BC6}.Release|Mixed Platforms.Deploy.0 = Release|Any CPU
		{C4D9BBC4-C123-4AAB-B1E6-9906B7B51BC6}.Release|x64.ActiveCfg = Release|x64
		{C4D9BBC4-C123-4AAB-B1E6-9906B7B51BC6}.Release|x64.Build.0 = Release|x64
		{C4D9BBC4-C123-4AAB-B1E6-9906B7B51BC6}.Release|x64.Deploy.0 = Release|x64
		{C4D9BBC4-C123-4AAB-B1E6-9906B7B51BC6}.Release|x86.ActiveCfg = Release|Any CPU
		{C4D9BBC4-C123-4AAB-B1E6-9906B7B51BC6}.SingleImage|Any CPU.ActiveCfg = Release|Any CPU
		{C4D9BBC4-C123-4AAB-B1E6-9906B7B51BC6}.SingleImage|Any CPU.Build.0 = Release|Any CPU
		{C4D9BBC4-C123-4AAB-B1E6-9906B7B51BC6}.SingleImage|Any CPU.Deploy.0 = Release|Any CPU
		{C4D9BBC4-C123-4AAB-B1E6-9906B7B51BC6}.SingleImage|Mixed Platforms.ActiveCfg = Release|Any CPU
		{C4D9BBC4-C123-4AAB-B1E6-9906B7B51BC6}.SingleImage|Mixed Platforms.Build.0 = Release|Any CPU
		{C4D9BBC4-C123-4AAB-B1E6-9906B7B51BC6}.SingleImage|Mixed Platforms.Deploy.0 = Release|Any CPU
		{C4D9BBC4-C123-4AAB-B1E6-9906B7B51BC6}.SingleImage|x64.ActiveCfg = Release|x64
		{C4D9BBC4-C123-4AAB-B1E6-9906B7B51BC6}.SingleImage|x64.Build.0 = Release|x64
		{C4D9BBC4-C123-4AAB-B1E6-9906B7B51BC6}.SingleImage|x64.Deploy.0 = Release|x64
		{C4D9BBC4-C123-4AAB-B1E6-9906B7B51BC6}.SingleImage|x86.ActiveCfg = Release|Any CPU
		{5E833829-EA05-458E-B172-FE37FFD24627}.CD_ROM|Any CPU.ActiveCfg = Release|Any CPU
		{5E833829-EA05-458E-B172-FE37FFD24627}.CD_ROM|Any CPU.Build.0 = Release|Any CPU
		{5E833829-EA05-458E-B172-FE37FFD24627}.CD_ROM|Mixed Platforms.ActiveCfg = Release|Any CPU
		{5E833829-EA05-458E-B172-FE37FFD24627}.CD_ROM|Mixed Platforms.Build.0 = Release|Any CPU
		{5E833829-EA05-458E-B172-FE37FFD24627}.CD_ROM|x64.ActiveCfg = Release|x64
		{5E833829-EA05-458E-B172-FE37FFD24627}.CD_ROM|x64.Build.0 = Release|x64
		{5E833829-EA05-458E-B172-FE37FFD24627}.CD_ROM|x86.ActiveCfg = Release|Any CPU
		{5E833829-EA05-458E-B172-FE37FFD24627}.Debug|Any CPU.ActiveCfg = Debug|Any CPU
		{5E833829-EA05-458E-B172-FE37FFD24627}.Debug|Any CPU.Build.0 = Debug|Any CPU
		{5E833829-EA05-458E-B172-FE37FFD24627}.Debug|Mixed Platforms.ActiveCfg = Debug|Any CPU
		{5E833829-EA05-458E-B172-FE37FFD24627}.Debug|Mixed Platforms.Build.0 = Debug|Any CPU
		{5E833829-EA05-458E-B172-FE37FFD24627}.Debug|x64.ActiveCfg = Debug|x64
		{5E833829-EA05-458E-B172-FE37FFD24627}.Debug|x64.Build.0 = Debug|x64
		{5E833829-EA05-458E-B172-FE37FFD24627}.Debug|x86.ActiveCfg = Debug|Any CPU
		{5E833829-EA05-458E-B172-FE37FFD24627}.DVD-5|Any CPU.ActiveCfg = Debug|Any CPU
		{5E833829-EA05-458E-B172-FE37FFD24627}.DVD-5|Any CPU.Build.0 = Debug|Any CPU
		{5E833829-EA05-458E-B172-FE37FFD24627}.DVD-5|Mixed Platforms.ActiveCfg = Debug|Any CPU
		{5E833829-EA05-458E-B172-FE37FFD24627}.DVD-5|Mixed Platforms.Build.0 = Debug|Any CPU
		{5E833829-EA05-458E-B172-FE37FFD24627}.DVD-5|x64.ActiveCfg = Debug|x64
		{5E833829-EA05-458E-B172-FE37FFD24627}.DVD-5|x64.Build.0 = Debug|x64
		{5E833829-EA05-458E-B172-FE37FFD24627}.DVD-5|x86.ActiveCfg = Debug|Any CPU
		{5E833829-EA05-458E-B172-FE37FFD24627}.Release|Any CPU.ActiveCfg = Release|Any CPU
		{5E833829-EA05-458E-B172-FE37FFD24627}.Release|Any CPU.Build.0 = Release|Any CPU
		{5E833829-EA05-458E-B172-FE37FFD24627}.Release|Mixed Platforms.ActiveCfg = Release|Any CPU
		{5E833829-EA05-458E-B172-FE37FFD24627}.Release|Mixed Platforms.Build.0 = Release|Any CPU
		{5E833829-EA05-458E-B172-FE37FFD24627}.Release|x64.ActiveCfg = Release|x64
		{5E833829-EA05-458E-B172-FE37FFD24627}.Release|x64.Build.0 = Release|x64
		{5E833829-EA05-458E-B172-FE37FFD24627}.Release|x86.ActiveCfg = Release|Any CPU
		{5E833829-EA05-458E-B172-FE37FFD24627}.SingleImage|Any CPU.ActiveCfg = Release|Any CPU
		{5E833829-EA05-458E-B172-FE37FFD24627}.SingleImage|Any CPU.Build.0 = Release|Any CPU
		{5E833829-EA05-458E-B172-FE37FFD24627}.SingleImage|Mixed Platforms.ActiveCfg = Release|Any CPU
		{5E833829-EA05-458E-B172-FE37FFD24627}.SingleImage|Mixed Platforms.Build.0 = Release|Any CPU
		{5E833829-EA05-458E-B172-FE37FFD24627}.SingleImage|x64.ActiveCfg = Release|x64
		{5E833829-EA05-458E-B172-FE37FFD24627}.SingleImage|x64.Build.0 = Release|x64
		{5E833829-EA05-458E-B172-FE37FFD24627}.SingleImage|x86.ActiveCfg = Release|Any CPU
		{1A2201BF-D16D-46DA-9295-6D39609091E9}.CD_ROM|Any CPU.ActiveCfg = Release|Any CPU
		{1A2201BF-D16D-46DA-9295-6D39609091E9}.CD_ROM|Any CPU.Build.0 = Release|Any CPU
		{1A2201BF-D16D-46DA-9295-6D39609091E9}.CD_ROM|Mixed Platforms.ActiveCfg = Release|Any CPU
		{1A2201BF-D16D-46DA-9295-6D39609091E9}.CD_ROM|Mixed Platforms.Build.0 = Release|Any CPU
		{1A2201BF-D16D-46DA-9295-6D39609091E9}.CD_ROM|x64.ActiveCfg = Release|Any CPU
		{1A2201BF-D16D-46DA-9295-6D39609091E9}.CD_ROM|x86.ActiveCfg = Release|Any CPU
		{1A2201BF-D16D-46DA-9295-6D39609091E9}.Debug|Any CPU.ActiveCfg = Debug|Any CPU
		{1A2201BF-D16D-46DA-9295-6D39609091E9}.Debug|Any CPU.Build.0 = Debug|Any CPU
		{1A2201BF-D16D-46DA-9295-6D39609091E9}.Debug|Mixed Platforms.ActiveCfg = Debug|Any CPU
		{1A2201BF-D16D-46DA-9295-6D39609091E9}.Debug|Mixed Platforms.Build.0 = Debug|Any CPU
		{1A2201BF-D16D-46DA-9295-6D39609091E9}.Debug|x64.ActiveCfg = Debug|Any CPU
		{1A2201BF-D16D-46DA-9295-6D39609091E9}.Debug|x86.ActiveCfg = Debug|Any CPU
		{1A2201BF-D16D-46DA-9295-6D39609091E9}.DVD-5|Any CPU.ActiveCfg = Debug|Any CPU
		{1A2201BF-D16D-46DA-9295-6D39609091E9}.DVD-5|Any CPU.Build.0 = Debug|Any CPU
		{1A2201BF-D16D-46DA-9295-6D39609091E9}.DVD-5|Mixed Platforms.ActiveCfg = Debug|Any CPU
		{1A2201BF-D16D-46DA-9295-6D39609091E9}.DVD-5|Mixed Platforms.Build.0 = Debug|Any CPU
		{1A2201BF-D16D-46DA-9295-6D39609091E9}.DVD-5|x64.ActiveCfg = Debug|Any CPU
		{1A2201BF-D16D-46DA-9295-6D39609091E9}.DVD-5|x86.ActiveCfg = Debug|Any CPU
		{1A2201BF-D16D-46DA-9295-6D39609091E9}.Release|Any CPU.ActiveCfg = Release|Any CPU
		{1A2201BF-D16D-46DA-9295-6D39609091E9}.Release|Any CPU.Build.0 = Release|Any CPU
		{1A2201BF-D16D-46DA-9295-6D39609091E9}.Release|Mixed Platforms.ActiveCfg = Release|Any CPU
		{1A2201BF-D16D-46DA-9295-6D39609091E9}.Release|Mixed Platforms.Build.0 = Release|Any CPU
		{1A2201BF-D16D-46DA-9295-6D39609091E9}.Release|x64.ActiveCfg = Release|Any CPU
		{1A2201BF-D16D-46DA-9295-6D39609091E9}.Release|x86.ActiveCfg = Release|Any CPU
		{1A2201BF-D16D-46DA-9295-6D39609091E9}.SingleImage|Any CPU.ActiveCfg = Release|Any CPU
		{1A2201BF-D16D-46DA-9295-6D39609091E9}.SingleImage|Any CPU.Build.0 = Release|Any CPU
		{1A2201BF-D16D-46DA-9295-6D39609091E9}.SingleImage|Mixed Platforms.ActiveCfg = Release|Any CPU
		{1A2201BF-D16D-46DA-9295-6D39609091E9}.SingleImage|Mixed Platforms.Build.0 = Release|Any CPU
		{1A2201BF-D16D-46DA-9295-6D39609091E9}.SingleImage|x64.ActiveCfg = Release|Any CPU
		{1A2201BF-D16D-46DA-9295-6D39609091E9}.SingleImage|x86.ActiveCfg = Release|Any CPU
		{B8E3C6A4-38C0-40F5-A135-AAD43D989B91}.CD_ROM|Any CPU.ActiveCfg = Release|Any CPU
		{B8E3C6A4-38C0-40F5-A135-AAD43D989B91}.CD_ROM|Any CPU.Build.0 = Release|Any CPU
		{B8E3C6A4-38C0-40F5-A135-AAD43D989B91}.CD_ROM|Mixed Platforms.ActiveCfg = Release|Any CPU
		{B8E3C6A4-38C0-40F5-A135-AAD43D989B91}.CD_ROM|Mixed Platforms.Build.0 = Release|Any CPU
		{B8E3C6A4-38C0-40F5-A135-AAD43D989B91}.CD_ROM|x64.ActiveCfg = Release|x64
		{B8E3C6A4-38C0-40F5-A135-AAD43D989B91}.CD_ROM|x64.Build.0 = Release|x64
		{B8E3C6A4-38C0-40F5-A135-AAD43D989B91}.CD_ROM|x86.ActiveCfg = Release|Any CPU
		{B8E3C6A4-38C0-40F5-A135-AAD43D989B91}.Debug|Any CPU.ActiveCfg = Debug|Any CPU
		{B8E3C6A4-38C0-40F5-A135-AAD43D989B91}.Debug|Any CPU.Build.0 = Debug|Any CPU
		{B8E3C6A4-38C0-40F5-A135-AAD43D989B91}.Debug|Mixed Platforms.ActiveCfg = Debug|Any CPU
		{B8E3C6A4-38C0-40F5-A135-AAD43D989B91}.Debug|Mixed Platforms.Build.0 = Debug|Any CPU
		{B8E3C6A4-38C0-40F5-A135-AAD43D989B91}.Debug|x64.ActiveCfg = Debug|x64
		{B8E3C6A4-38C0-40F5-A135-AAD43D989B91}.Debug|x64.Build.0 = Debug|x64
		{B8E3C6A4-38C0-40F5-A135-AAD43D989B91}.Debug|x86.ActiveCfg = Debug|Any CPU
		{B8E3C6A4-38C0-40F5-A135-AAD43D989B91}.DVD-5|Any CPU.ActiveCfg = Debug|Any CPU
		{B8E3C6A4-38C0-40F5-A135-AAD43D989B91}.DVD-5|Any CPU.Build.0 = Debug|Any CPU
		{B8E3C6A4-38C0-40F5-A135-AAD43D989B91}.DVD-5|Mixed Platforms.ActiveCfg = Debug|Any CPU
		{B8E3C6A4-38C0-40F5-A135-AAD43D989B91}.DVD-5|Mixed Platforms.Build.0 = Debug|Any CPU
		{B8E3C6A4-38C0-40F5-A135-AAD43D989B91}.DVD-5|x64.ActiveCfg = Debug|x64
		{B8E3C6A4-38C0-40F5-A135-AAD43D989B91}.DVD-5|x64.Build.0 = Debug|x64
		{B8E3C6A4-38C0-40F5-A135-AAD43D989B91}.DVD-5|x86.ActiveCfg = Debug|Any CPU
		{B8E3C6A4-38C0-40F5-A135-AAD43D989B91}.Release|Any CPU.ActiveCfg = Release|Any CPU
		{B8E3C6A4-38C0-40F5-A135-AAD43D989B91}.Release|Any CPU.Build.0 = Release|Any CPU
		{B8E3C6A4-38C0-40F5-A135-AAD43D989B91}.Release|Mixed Platforms.ActiveCfg = Release|Any CPU
		{B8E3C6A4-38C0-40F5-A135-AAD43D989B91}.Release|Mixed Platforms.Build.0 = Release|Any CPU
		{B8E3C6A4-38C0-40F5-A135-AAD43D989B91}.Release|x64.ActiveCfg = Release|x64
		{B8E3C6A4-38C0-40F5-A135-AAD43D989B91}.Release|x64.Build.0 = Release|x64
		{B8E3C6A4-38C0-40F5-A135-AAD43D989B91}.Release|x86.ActiveCfg = Release|Any CPU
		{B8E3C6A4-38C0-40F5-A135-AAD43D989B91}.SingleImage|Any CPU.ActiveCfg = Release|Any CPU
		{B8E3C6A4-38C0-40F5-A135-AAD43D989B91}.SingleImage|Any CPU.Build.0 = Release|Any CPU
		{B8E3C6A4-38C0-40F5-A135-AAD43D989B91}.SingleImage|Mixed Platforms.ActiveCfg = Release|Any CPU
		{B8E3C6A4-38C0-40F5-A135-AAD43D989B91}.SingleImage|Mixed Platforms.Build.0 = Release|Any CPU
		{B8E3C6A4-38C0-40F5-A135-AAD43D989B91}.SingleImage|x64.ActiveCfg = Release|x64
		{B8E3C6A4-38C0-40F5-A135-AAD43D989B91}.SingleImage|x64.Build.0 = Release|x64
		{B8E3C6A4-38C0-40F5-A135-AAD43D989B91}.SingleImage|x86.ActiveCfg = Release|Any CPU
		{D2019AF3-6C11-4EA2-8F52-A1073CBC7F99}.CD_ROM|Any CPU.ActiveCfg = Release|Any CPU
		{D2019AF3-6C11-4EA2-8F52-A1073CBC7F99}.CD_ROM|Any CPU.Build.0 = Release|Any CPU
		{D2019AF3-6C11-4EA2-8F52-A1073CBC7F99}.CD_ROM|Mixed Platforms.ActiveCfg = Release|Any CPU
		{D2019AF3-6C11-4EA2-8F52-A1073CBC7F99}.CD_ROM|Mixed Platforms.Build.0 = Release|Any CPU
		{D2019AF3-6C11-4EA2-8F52-A1073CBC7F99}.CD_ROM|x64.ActiveCfg = Release|x64
		{D2019AF3-6C11-4EA2-8F52-A1073CBC7F99}.CD_ROM|x64.Build.0 = Release|x64
		{D2019AF3-6C11-4EA2-8F52-A1073CBC7F99}.CD_ROM|x86.ActiveCfg = Release|Any CPU
		{D2019AF3-6C11-4EA2-8F52-A1073CBC7F99}.Debug|Any CPU.ActiveCfg = Debug|Any CPU
		{D2019AF3-6C11-4EA2-8F52-A1073CBC7F99}.Debug|Any CPU.Build.0 = Debug|Any CPU
		{D2019AF3-6C11-4EA2-8F52-A1073CBC7F99}.Debug|Mixed Platforms.ActiveCfg = Debug|Any CPU
		{D2019AF3-6C11-4EA2-8F52-A1073CBC7F99}.Debug|Mixed Platforms.Build.0 = Debug|Any CPU
		{D2019AF3-6C11-4EA2-8F52-A1073CBC7F99}.Debug|x64.ActiveCfg = Debug|x64
		{D2019AF3-6C11-4EA2-8F52-A1073CBC7F99}.Debug|x64.Build.0 = Debug|x64
		{D2019AF3-6C11-4EA2-8F52-A1073CBC7F99}.Debug|x86.ActiveCfg = Debug|Any CPU
		{D2019AF3-6C11-4EA2-8F52-A1073CBC7F99}.DVD-5|Any CPU.ActiveCfg = Debug|Any CPU
		{D2019AF3-6C11-4EA2-8F52-A1073CBC7F99}.DVD-5|Any CPU.Build.0 = Debug|Any CPU
		{D2019AF3-6C11-4EA2-8F52-A1073CBC7F99}.DVD-5|Mixed Platforms.ActiveCfg = Debug|Any CPU
		{D2019AF3-6C11-4EA2-8F52-A1073CBC7F99}.DVD-5|Mixed Platforms.Build.0 = Debug|Any CPU
		{D2019AF3-6C11-4EA2-8F52-A1073CBC7F99}.DVD-5|x64.ActiveCfg = Debug|x64
		{D2019AF3-6C11-4EA2-8F52-A1073CBC7F99}.DVD-5|x64.Build.0 = Debug|x64
		{D2019AF3-6C11-4EA2-8F52-A1073CBC7F99}.DVD-5|x86.ActiveCfg = Debug|Any CPU
		{D2019AF3-6C11-4EA2-8F52-A1073CBC7F99}.Release|Any CPU.ActiveCfg = Release|Any CPU
		{D2019AF3-6C11-4EA2-8F52-A1073CBC7F99}.Release|Any CPU.Build.0 = Release|Any CPU
		{D2019AF3-6C11-4EA2-8F52-A1073CBC7F99}.Release|Mixed Platforms.ActiveCfg = Release|Any CPU
		{D2019AF3-6C11-4EA2-8F52-A1073CBC7F99}.Release|Mixed Platforms.Build.0 = Release|Any CPU
		{D2019AF3-6C11-4EA2-8F52-A1073CBC7F99}.Release|x64.ActiveCfg = Release|x64
		{D2019AF3-6C11-4EA2-8F52-A1073CBC7F99}.Release|x64.Build.0 = Release|x64
		{D2019AF3-6C11-4EA2-8F52-A1073CBC7F99}.Release|x86.ActiveCfg = Release|Any CPU
		{D2019AF3-6C11-4EA2-8F52-A1073CBC7F99}.SingleImage|Any CPU.ActiveCfg = Release|Any CPU
		{D2019AF3-6C11-4EA2-8F52-A1073CBC7F99}.SingleImage|Any CPU.Build.0 = Release|Any CPU
		{D2019AF3-6C11-4EA2-8F52-A1073CBC7F99}.SingleImage|Mixed Platforms.ActiveCfg = Release|Any CPU
		{D2019AF3-6C11-4EA2-8F52-A1073CBC7F99}.SingleImage|Mixed Platforms.Build.0 = Release|Any CPU
		{D2019AF3-6C11-4EA2-8F52-A1073CBC7F99}.SingleImage|x64.ActiveCfg = Release|x64
		{D2019AF3-6C11-4EA2-8F52-A1073CBC7F99}.SingleImage|x64.Build.0 = Release|x64
		{D2019AF3-6C11-4EA2-8F52-A1073CBC7F99}.SingleImage|x86.ActiveCfg = Release|Any CPU
		{588E7760-E1B5-44BA-B6B3-E65D15D8D89F}.CD_ROM|Any CPU.ActiveCfg = Release|Any CPU
		{588E7760-E1B5-44BA-B6B3-E65D15D8D89F}.CD_ROM|Any CPU.Build.0 = Release|Any CPU
		{588E7760-E1B5-44BA-B6B3-E65D15D8D89F}.CD_ROM|Mixed Platforms.ActiveCfg = Release|x86
		{588E7760-E1B5-44BA-B6B3-E65D15D8D89F}.CD_ROM|Mixed Platforms.Build.0 = Release|x86
		{588E7760-E1B5-44BA-B6B3-E65D15D8D89F}.CD_ROM|x64.ActiveCfg = Release|x64
		{588E7760-E1B5-44BA-B6B3-E65D15D8D89F}.CD_ROM|x64.Build.0 = Release|x64
		{588E7760-E1B5-44BA-B6B3-E65D15D8D89F}.CD_ROM|x86.ActiveCfg = Release|x86
		{588E7760-E1B5-44BA-B6B3-E65D15D8D89F}.CD_ROM|x86.Build.0 = Release|x86
		{588E7760-E1B5-44BA-B6B3-E65D15D8D89F}.Debug|Any CPU.ActiveCfg = Debug|Any CPU
		{588E7760-E1B5-44BA-B6B3-E65D15D8D89F}.Debug|Any CPU.Build.0 = Debug|Any CPU
		{588E7760-E1B5-44BA-B6B3-E65D15D8D89F}.Debug|Mixed Platforms.ActiveCfg = Debug|x86
		{588E7760-E1B5-44BA-B6B3-E65D15D8D89F}.Debug|Mixed Platforms.Build.0 = Debug|x86
		{588E7760-E1B5-44BA-B6B3-E65D15D8D89F}.Debug|x64.ActiveCfg = Debug|x64
		{588E7760-E1B5-44BA-B6B3-E65D15D8D89F}.Debug|x64.Build.0 = Debug|x64
		{588E7760-E1B5-44BA-B6B3-E65D15D8D89F}.Debug|x86.ActiveCfg = Debug|x86
		{588E7760-E1B5-44BA-B6B3-E65D15D8D89F}.Debug|x86.Build.0 = Debug|x86
		{588E7760-E1B5-44BA-B6B3-E65D15D8D89F}.DVD-5|Any CPU.ActiveCfg = Debug|Any CPU
		{588E7760-E1B5-44BA-B6B3-E65D15D8D89F}.DVD-5|Any CPU.Build.0 = Debug|Any CPU
		{588E7760-E1B5-44BA-B6B3-E65D15D8D89F}.DVD-5|Mixed Platforms.ActiveCfg = Debug|x86
		{588E7760-E1B5-44BA-B6B3-E65D15D8D89F}.DVD-5|Mixed Platforms.Build.0 = Debug|x86
		{588E7760-E1B5-44BA-B6B3-E65D15D8D89F}.DVD-5|x64.ActiveCfg = Debug|x64
		{588E7760-E1B5-44BA-B6B3-E65D15D8D89F}.DVD-5|x64.Build.0 = Debug|x64
		{588E7760-E1B5-44BA-B6B3-E65D15D8D89F}.DVD-5|x86.ActiveCfg = Debug|x86
		{588E7760-E1B5-44BA-B6B3-E65D15D8D89F}.DVD-5|x86.Build.0 = Debug|x86
		{588E7760-E1B5-44BA-B6B3-E65D15D8D89F}.Release|Any CPU.ActiveCfg = Release|Any CPU
		{588E7760-E1B5-44BA-B6B3-E65D15D8D89F}.Release|Any CPU.Build.0 = Release|Any CPU
		{588E7760-E1B5-44BA-B6B3-E65D15D8D89F}.Release|Mixed Platforms.ActiveCfg = Release|x86
		{588E7760-E1B5-44BA-B6B3-E65D15D8D89F}.Release|Mixed Platforms.Build.0 = Release|x86
		{588E7760-E1B5-44BA-B6B3-E65D15D8D89F}.Release|x64.ActiveCfg = Release|x64
		{588E7760-E1B5-44BA-B6B3-E65D15D8D89F}.Release|x64.Build.0 = Release|x64
		{588E7760-E1B5-44BA-B6B3-E65D15D8D89F}.Release|x86.ActiveCfg = Release|x86
		{588E7760-E1B5-44BA-B6B3-E65D15D8D89F}.Release|x86.Build.0 = Release|x86
		{588E7760-E1B5-44BA-B6B3-E65D15D8D89F}.SingleImage|Any CPU.ActiveCfg = Release|Any CPU
		{588E7760-E1B5-44BA-B6B3-E65D15D8D89F}.SingleImage|Any CPU.Build.0 = Release|Any CPU
		{588E7760-E1B5-44BA-B6B3-E65D15D8D89F}.SingleImage|Mixed Platforms.ActiveCfg = Release|x86
		{588E7760-E1B5-44BA-B6B3-E65D15D8D89F}.SingleImage|Mixed Platforms.Build.0 = Release|x86
		{588E7760-E1B5-44BA-B6B3-E65D15D8D89F}.SingleImage|x64.ActiveCfg = Release|x64
		{588E7760-E1B5-44BA-B6B3-E65D15D8D89F}.SingleImage|x64.Build.0 = Release|x64
		{588E7760-E1B5-44BA-B6B3-E65D15D8D89F}.SingleImage|x86.ActiveCfg = Release|x86
		{588E7760-E1B5-44BA-B6B3-E65D15D8D89F}.SingleImage|x86.Build.0 = Release|x86
		{BBC177DF-CD0C-4FDF-9E78-41F2CE4FAF52}.CD_ROM|Any CPU.ActiveCfg = Release|Any CPU
		{BBC177DF-CD0C-4FDF-9E78-41F2CE4FAF52}.CD_ROM|Any CPU.Build.0 = Release|Any CPU
		{BBC177DF-CD0C-4FDF-9E78-41F2CE4FAF52}.CD_ROM|Any CPU.Deploy.0 = Release|Any CPU
		{BBC177DF-CD0C-4FDF-9E78-41F2CE4FAF52}.CD_ROM|Mixed Platforms.ActiveCfg = Release|Any CPU
		{BBC177DF-CD0C-4FDF-9E78-41F2CE4FAF52}.CD_ROM|Mixed Platforms.Build.0 = Release|Any CPU
		{BBC177DF-CD0C-4FDF-9E78-41F2CE4FAF52}.CD_ROM|Mixed Platforms.Deploy.0 = Release|Any CPU
		{BBC177DF-CD0C-4FDF-9E78-41F2CE4FAF52}.CD_ROM|x64.ActiveCfg = Release|x64
		{BBC177DF-CD0C-4FDF-9E78-41F2CE4FAF52}.CD_ROM|x64.Build.0 = Release|x64
		{BBC177DF-CD0C-4FDF-9E78-41F2CE4FAF52}.CD_ROM|x64.Deploy.0 = Release|x64
		{BBC177DF-CD0C-4FDF-9E78-41F2CE4FAF52}.CD_ROM|x86.ActiveCfg = Release|Any CPU
		{BBC177DF-CD0C-4FDF-9E78-41F2CE4FAF52}.Debug|Any CPU.ActiveCfg = Debug|Any CPU
		{BBC177DF-CD0C-4FDF-9E78-41F2CE4FAF52}.Debug|Any CPU.Build.0 = Debug|Any CPU
		{BBC177DF-CD0C-4FDF-9E78-41F2CE4FAF52}.Debug|Any CPU.Deploy.0 = Debug|Any CPU
		{BBC177DF-CD0C-4FDF-9E78-41F2CE4FAF52}.Debug|Mixed Platforms.ActiveCfg = Debug|Any CPU
		{BBC177DF-CD0C-4FDF-9E78-41F2CE4FAF52}.Debug|Mixed Platforms.Build.0 = Debug|Any CPU
		{BBC177DF-CD0C-4FDF-9E78-41F2CE4FAF52}.Debug|Mixed Platforms.Deploy.0 = Debug|Any CPU
		{BBC177DF-CD0C-4FDF-9E78-41F2CE4FAF52}.Debug|x64.ActiveCfg = Debug|x64
		{BBC177DF-CD0C-4FDF-9E78-41F2CE4FAF52}.Debug|x64.Build.0 = Debug|x64
		{BBC177DF-CD0C-4FDF-9E78-41F2CE4FAF52}.Debug|x64.Deploy.0 = Debug|x64
		{BBC177DF-CD0C-4FDF-9E78-41F2CE4FAF52}.Debug|x86.ActiveCfg = Debug|Any CPU
		{BBC177DF-CD0C-4FDF-9E78-41F2CE4FAF52}.DVD-5|Any CPU.ActiveCfg = Debug|Any CPU
		{BBC177DF-CD0C-4FDF-9E78-41F2CE4FAF52}.DVD-5|Any CPU.Build.0 = Debug|Any CPU
		{BBC177DF-CD0C-4FDF-9E78-41F2CE4FAF52}.DVD-5|Any CPU.Deploy.0 = Debug|Any CPU
		{BBC177DF-CD0C-4FDF-9E78-41F2CE4FAF52}.DVD-5|Mixed Platforms.ActiveCfg = Debug|Any CPU
		{BBC177DF-CD0C-4FDF-9E78-41F2CE4FAF52}.DVD-5|Mixed Platforms.Build.0 = Debug|Any CPU
		{BBC177DF-CD0C-4FDF-9E78-41F2CE4FAF52}.DVD-5|Mixed Platforms.Deploy.0 = Debug|Any CPU
		{BBC177DF-CD0C-4FDF-9E78-41F2CE4FAF52}.DVD-5|x64.ActiveCfg = Debug|x64
		{BBC177DF-CD0C-4FDF-9E78-41F2CE4FAF52}.DVD-5|x64.Build.0 = Debug|x64
		{BBC177DF-CD0C-4FDF-9E78-41F2CE4FAF52}.DVD-5|x64.Deploy.0 = Debug|x64
		{BBC177DF-CD0C-4FDF-9E78-41F2CE4FAF52}.DVD-5|x86.ActiveCfg = Debug|Any CPU
		{BBC177DF-CD0C-4FDF-9E78-41F2CE4FAF52}.Release|Any CPU.ActiveCfg = Release|Any CPU
		{BBC177DF-CD0C-4FDF-9E78-41F2CE4FAF52}.Release|Any CPU.Build.0 = Release|Any CPU
		{BBC177DF-CD0C-4FDF-9E78-41F2CE4FAF52}.Release|Any CPU.Deploy.0 = Release|Any CPU
		{BBC177DF-CD0C-4FDF-9E78-41F2CE4FAF52}.Release|Mixed Platforms.ActiveCfg = Release|Any CPU
		{BBC177DF-CD0C-4FDF-9E78-41F2CE4FAF52}.Release|Mixed Platforms.Build.0 = Release|Any CPU
		{BBC177DF-CD0C-4FDF-9E78-41F2CE4FAF52}.Release|Mixed Platforms.Deploy.0 = Release|Any CPU
		{BBC177DF-CD0C-4FDF-9E78-41F2CE4FAF52}.Release|x64.ActiveCfg = Release|x64
		{BBC177DF-CD0C-4FDF-9E78-41F2CE4FAF52}.Release|x64.Build.0 = Release|x64
		{BBC177DF-CD0C-4FDF-9E78-41F2CE4FAF52}.Release|x64.Deploy.0 = Release|x64
		{BBC177DF-CD0C-4FDF-9E78-41F2CE4FAF52}.Release|x86.ActiveCfg = Release|Any CPU
		{BBC177DF-CD0C-4FDF-9E78-41F2CE4FAF52}.SingleImage|Any CPU.ActiveCfg = Release|Any CPU
		{BBC177DF-CD0C-4FDF-9E78-41F2CE4FAF52}.SingleImage|Any CPU.Build.0 = Release|Any CPU
		{BBC177DF-CD0C-4FDF-9E78-41F2CE4FAF52}.SingleImage|Any CPU.Deploy.0 = Release|Any CPU
		{BBC177DF-CD0C-4FDF-9E78-41F2CE4FAF52}.SingleImage|Mixed Platforms.ActiveCfg = Release|Any CPU
		{BBC177DF-CD0C-4FDF-9E78-41F2CE4FAF52}.SingleImage|Mixed Platforms.Build.0 = Release|Any CPU
		{BBC177DF-CD0C-4FDF-9E78-41F2CE4FAF52}.SingleImage|Mixed Platforms.Deploy.0 = Release|Any CPU
		{BBC177DF-CD0C-4FDF-9E78-41F2CE4FAF52}.SingleImage|x64.ActiveCfg = Release|x64
		{BBC177DF-CD0C-4FDF-9E78-41F2CE4FAF52}.SingleImage|x64.Build.0 = Release|x64
		{BBC177DF-CD0C-4FDF-9E78-41F2CE4FAF52}.SingleImage|x64.Deploy.0 = Release|x64
		{BBC177DF-CD0C-4FDF-9E78-41F2CE4FAF52}.SingleImage|x86.ActiveCfg = Release|Any CPU
		{B9D9FCCA-6132-4BF5-BC17-32EA752D6AD7}.CD_ROM|Any CPU.ActiveCfg = Release|Any CPU
		{B9D9FCCA-6132-4BF5-BC17-32EA752D6AD7}.CD_ROM|Any CPU.Build.0 = Release|Any CPU
		{B9D9FCCA-6132-4BF5-BC17-32EA752D6AD7}.CD_ROM|Mixed Platforms.ActiveCfg = Release|Any CPU
		{B9D9FCCA-6132-4BF5-BC17-32EA752D6AD7}.CD_ROM|Mixed Platforms.Build.0 = Release|Any CPU
		{B9D9FCCA-6132-4BF5-BC17-32EA752D6AD7}.CD_ROM|x64.ActiveCfg = Release|x64
		{B9D9FCCA-6132-4BF5-BC17-32EA752D6AD7}.CD_ROM|x64.Build.0 = Release|x64
		{B9D9FCCA-6132-4BF5-BC17-32EA752D6AD7}.CD_ROM|x86.ActiveCfg = Release|Any CPU
		{B9D9FCCA-6132-4BF5-BC17-32EA752D6AD7}.Debug|Any CPU.ActiveCfg = Debug|Any CPU
		{B9D9FCCA-6132-4BF5-BC17-32EA752D6AD7}.Debug|Any CPU.Build.0 = Debug|Any CPU
		{B9D9FCCA-6132-4BF5-BC17-32EA752D6AD7}.Debug|Mixed Platforms.ActiveCfg = Debug|Any CPU
		{B9D9FCCA-6132-4BF5-BC17-32EA752D6AD7}.Debug|Mixed Platforms.Build.0 = Debug|Any CPU
		{B9D9FCCA-6132-4BF5-BC17-32EA752D6AD7}.Debug|x64.ActiveCfg = Debug|x64
		{B9D9FCCA-6132-4BF5-BC17-32EA752D6AD7}.Debug|x64.Build.0 = Debug|x64
		{B9D9FCCA-6132-4BF5-BC17-32EA752D6AD7}.Debug|x86.ActiveCfg = Debug|Any CPU
		{B9D9FCCA-6132-4BF5-BC17-32EA752D6AD7}.DVD-5|Any CPU.ActiveCfg = Debug|Any CPU
		{B9D9FCCA-6132-4BF5-BC17-32EA752D6AD7}.DVD-5|Any CPU.Build.0 = Debug|Any CPU
		{B9D9FCCA-6132-4BF5-BC17-32EA752D6AD7}.DVD-5|Mixed Platforms.ActiveCfg = Debug|Any CPU
		{B9D9FCCA-6132-4BF5-BC17-32EA752D6AD7}.DVD-5|Mixed Platforms.Build.0 = Debug|Any CPU
		{B9D9FCCA-6132-4BF5-BC17-32EA752D6AD7}.DVD-5|x64.ActiveCfg = Debug|x64
		{B9D9FCCA-6132-4BF5-BC17-32EA752D6AD7}.DVD-5|x64.Build.0 = Debug|x64
		{B9D9FCCA-6132-4BF5-BC17-32EA752D6AD7}.DVD-5|x86.ActiveCfg = Debug|Any CPU
		{B9D9FCCA-6132-4BF5-BC17-32EA752D6AD7}.Release|Any CPU.ActiveCfg = Release|Any CPU
		{B9D9FCCA-6132-4BF5-BC17-32EA752D6AD7}.Release|Any CPU.Build.0 = Release|Any CPU
		{B9D9FCCA-6132-4BF5-BC17-32EA752D6AD7}.Release|Mixed Platforms.ActiveCfg = Release|Any CPU
		{B9D9FCCA-6132-4BF5-BC17-32EA752D6AD7}.Release|Mixed Platforms.Build.0 = Release|Any CPU
		{B9D9FCCA-6132-4BF5-BC17-32EA752D6AD7}.Release|x64.ActiveCfg = Release|x64
		{B9D9FCCA-6132-4BF5-BC17-32EA752D6AD7}.Release|x64.Build.0 = Release|x64
		{B9D9FCCA-6132-4BF5-BC17-32EA752D6AD7}.Release|x86.ActiveCfg = Release|Any CPU
		{B9D9FCCA-6132-4BF5-BC17-32EA752D6AD7}.SingleImage|Any CPU.ActiveCfg = Release|Any CPU
		{B9D9FCCA-6132-4BF5-BC17-32EA752D6AD7}.SingleImage|Any CPU.Build.0 = Release|Any CPU
		{B9D9FCCA-6132-4BF5-BC17-32EA752D6AD7}.SingleImage|Mixed Platforms.ActiveCfg = Release|Any CPU
		{B9D9FCCA-6132-4BF5-BC17-32EA752D6AD7}.SingleImage|Mixed Platforms.Build.0 = Release|Any CPU
		{B9D9FCCA-6132-4BF5-BC17-32EA752D6AD7}.SingleImage|x64.ActiveCfg = Release|x64
		{B9D9FCCA-6132-4BF5-BC17-32EA752D6AD7}.SingleImage|x64.Build.0 = Release|x64
		{B9D9FCCA-6132-4BF5-BC17-32EA752D6AD7}.SingleImage|x86.ActiveCfg = Release|Any CPU
		{66ABD095-6B8F-411D-9BCF-744287833269}.CD_ROM|Any CPU.ActiveCfg = Release|Any CPU
		{66ABD095-6B8F-411D-9BCF-744287833269}.CD_ROM|Any CPU.Build.0 = Release|Any CPU
		{66ABD095-6B8F-411D-9BCF-744287833269}.CD_ROM|Mixed Platforms.ActiveCfg = Release|Any CPU
		{66ABD095-6B8F-411D-9BCF-744287833269}.CD_ROM|Mixed Platforms.Build.0 = Release|Any CPU
		{66ABD095-6B8F-411D-9BCF-744287833269}.CD_ROM|x64.ActiveCfg = Release|Any CPU
		{66ABD095-6B8F-411D-9BCF-744287833269}.CD_ROM|x86.ActiveCfg = Release|Any CPU
		{66ABD095-6B8F-411D-9BCF-744287833269}.Debug|Any CPU.ActiveCfg = Debug|Any CPU
		{66ABD095-6B8F-411D-9BCF-744287833269}.Debug|Any CPU.Build.0 = Debug|Any CPU
		{66ABD095-6B8F-411D-9BCF-744287833269}.Debug|Mixed Platforms.ActiveCfg = Debug|Any CPU
		{66ABD095-6B8F-411D-9BCF-744287833269}.Debug|Mixed Platforms.Build.0 = Debug|Any CPU
		{66ABD095-6B8F-411D-9BCF-744287833269}.Debug|x64.ActiveCfg = Debug|Any CPU
		{66ABD095-6B8F-411D-9BCF-744287833269}.Debug|x86.ActiveCfg = Debug|Any CPU
		{66ABD095-6B8F-411D-9BCF-744287833269}.DVD-5|Any CPU.ActiveCfg = Debug|Any CPU
		{66ABD095-6B8F-411D-9BCF-744287833269}.DVD-5|Any CPU.Build.0 = Debug|Any CPU
		{66ABD095-6B8F-411D-9BCF-744287833269}.DVD-5|Mixed Platforms.ActiveCfg = Debug|Any CPU
		{66ABD095-6B8F-411D-9BCF-744287833269}.DVD-5|Mixed Platforms.Build.0 = Debug|Any CPU
		{66ABD095-6B8F-411D-9BCF-744287833269}.DVD-5|x64.ActiveCfg = Debug|Any CPU
		{66ABD095-6B8F-411D-9BCF-744287833269}.DVD-5|x86.ActiveCfg = Debug|Any CPU
		{66ABD095-6B8F-411D-9BCF-744287833269}.Release|Any CPU.ActiveCfg = Release|Any CPU
		{66ABD095-6B8F-411D-9BCF-744287833269}.Release|Any CPU.Build.0 = Release|Any CPU
		{66ABD095-6B8F-411D-9BCF-744287833269}.Release|Mixed Platforms.ActiveCfg = Release|Any CPU
		{66ABD095-6B8F-411D-9BCF-744287833269}.Release|Mixed Platforms.Build.0 = Release|Any CPU
		{66ABD095-6B8F-411D-9BCF-744287833269}.Release|x64.ActiveCfg = Release|Any CPU
		{66ABD095-6B8F-411D-9BCF-744287833269}.Release|x86.ActiveCfg = Release|Any CPU
		{66ABD095-6B8F-411D-9BCF-744287833269}.SingleImage|Any CPU.ActiveCfg = Release|Any CPU
		{66ABD095-6B8F-411D-9BCF-744287833269}.SingleImage|Any CPU.Build.0 = Release|Any CPU
		{66ABD095-6B8F-411D-9BCF-744287833269}.SingleImage|Mixed Platforms.ActiveCfg = Release|Any CPU
		{66ABD095-6B8F-411D-9BCF-744287833269}.SingleImage|Mixed Platforms.Build.0 = Release|Any CPU
		{66ABD095-6B8F-411D-9BCF-744287833269}.SingleImage|x64.ActiveCfg = Release|Any CPU
		{66ABD095-6B8F-411D-9BCF-744287833269}.SingleImage|x86.ActiveCfg = Release|Any CPU
		{D694308B-9801-4BE7-9461-5BB40AA3C1E7}.CD_ROM|Any CPU.ActiveCfg = Release|Any CPU
		{D694308B-9801-4BE7-9461-5BB40AA3C1E7}.CD_ROM|Any CPU.Build.0 = Release|Any CPU
		{D694308B-9801-4BE7-9461-5BB40AA3C1E7}.CD_ROM|Mixed Platforms.ActiveCfg = Release|Any CPU
		{D694308B-9801-4BE7-9461-5BB40AA3C1E7}.CD_ROM|Mixed Platforms.Build.0 = Release|Any CPU
		{D694308B-9801-4BE7-9461-5BB40AA3C1E7}.CD_ROM|x64.ActiveCfg = Release|Any CPU
		{D694308B-9801-4BE7-9461-5BB40AA3C1E7}.CD_ROM|x86.ActiveCfg = Release|Any CPU
		{D694308B-9801-4BE7-9461-5BB40AA3C1E7}.Debug|Any CPU.ActiveCfg = Debug|Any CPU
		{D694308B-9801-4BE7-9461-5BB40AA3C1E7}.Debug|Any CPU.Build.0 = Debug|Any CPU
		{D694308B-9801-4BE7-9461-5BB40AA3C1E7}.Debug|Mixed Platforms.ActiveCfg = Debug|Any CPU
		{D694308B-9801-4BE7-9461-5BB40AA3C1E7}.Debug|Mixed Platforms.Build.0 = Debug|Any CPU
		{D694308B-9801-4BE7-9461-5BB40AA3C1E7}.Debug|x64.ActiveCfg = Debug|Any CPU
		{D694308B-9801-4BE7-9461-5BB40AA3C1E7}.Debug|x86.ActiveCfg = Debug|Any CPU
		{D694308B-9801-4BE7-9461-5BB40AA3C1E7}.DVD-5|Any CPU.ActiveCfg = Debug|Any CPU
		{D694308B-9801-4BE7-9461-5BB40AA3C1E7}.DVD-5|Any CPU.Build.0 = Debug|Any CPU
		{D694308B-9801-4BE7-9461-5BB40AA3C1E7}.DVD-5|Mixed Platforms.ActiveCfg = Debug|Any CPU
		{D694308B-9801-4BE7-9461-5BB40AA3C1E7}.DVD-5|Mixed Platforms.Build.0 = Debug|Any CPU
		{D694308B-9801-4BE7-9461-5BB40AA3C1E7}.DVD-5|x64.ActiveCfg = Debug|Any CPU
		{D694308B-9801-4BE7-9461-5BB40AA3C1E7}.DVD-5|x86.ActiveCfg = Debug|Any CPU
		{D694308B-9801-4BE7-9461-5BB40AA3C1E7}.Release|Any CPU.ActiveCfg = Release|Any CPU
		{D694308B-9801-4BE7-9461-5BB40AA3C1E7}.Release|Any CPU.Build.0 = Release|Any CPU
		{D694308B-9801-4BE7-9461-5BB40AA3C1E7}.Release|Mixed Platforms.ActiveCfg = Release|Any CPU
		{D694308B-9801-4BE7-9461-5BB40AA3C1E7}.Release|Mixed Platforms.Build.0 = Release|Any CPU
		{D694308B-9801-4BE7-9461-5BB40AA3C1E7}.Release|x64.ActiveCfg = Release|Any CPU
		{D694308B-9801-4BE7-9461-5BB40AA3C1E7}.Release|x86.ActiveCfg = Release|Any CPU
		{D694308B-9801-4BE7-9461-5BB40AA3C1E7}.SingleImage|Any CPU.ActiveCfg = Release|Any CPU
		{D694308B-9801-4BE7-9461-5BB40AA3C1E7}.SingleImage|Any CPU.Build.0 = Release|Any CPU
		{D694308B-9801-4BE7-9461-5BB40AA3C1E7}.SingleImage|Mixed Platforms.ActiveCfg = Release|Any CPU
		{D694308B-9801-4BE7-9461-5BB40AA3C1E7}.SingleImage|Mixed Platforms.Build.0 = Release|Any CPU
		{D694308B-9801-4BE7-9461-5BB40AA3C1E7}.SingleImage|x64.ActiveCfg = Release|Any CPU
		{D694308B-9801-4BE7-9461-5BB40AA3C1E7}.SingleImage|x86.ActiveCfg = Release|Any CPU
		{A9AD017F-C291-42A6-932F-0BF74C2A1A78}.CD_ROM|Any CPU.ActiveCfg = Debug|Any CPU
		{A9AD017F-C291-42A6-932F-0BF74C2A1A78}.CD_ROM|Any CPU.Build.0 = Debug|Any CPU
		{A9AD017F-C291-42A6-932F-0BF74C2A1A78}.CD_ROM|Any CPU.Deploy.0 = Debug|Any CPU
		{A9AD017F-C291-42A6-932F-0BF74C2A1A78}.CD_ROM|Mixed Platforms.ActiveCfg = Debug|Any CPU
		{A9AD017F-C291-42A6-932F-0BF74C2A1A78}.CD_ROM|Mixed Platforms.Build.0 = Debug|Any CPU
		{A9AD017F-C291-42A6-932F-0BF74C2A1A78}.CD_ROM|Mixed Platforms.Deploy.0 = Debug|Any CPU
		{A9AD017F-C291-42A6-932F-0BF74C2A1A78}.CD_ROM|x64.ActiveCfg = Debug|Any CPU
		{A9AD017F-C291-42A6-932F-0BF74C2A1A78}.CD_ROM|x86.ActiveCfg = Debug|Any CPU
		{A9AD017F-C291-42A6-932F-0BF74C2A1A78}.Debug|Any CPU.ActiveCfg = Debug|Any CPU
		{A9AD017F-C291-42A6-932F-0BF74C2A1A78}.Debug|Mixed Platforms.ActiveCfg = Debug|Any CPU
		{A9AD017F-C291-42A6-932F-0BF74C2A1A78}.Debug|Mixed Platforms.Build.0 = Debug|Any CPU
		{A9AD017F-C291-42A6-932F-0BF74C2A1A78}.Debug|Mixed Platforms.Deploy.0 = Debug|Any CPU
		{A9AD017F-C291-42A6-932F-0BF74C2A1A78}.Debug|x64.ActiveCfg = Debug|Any CPU
		{A9AD017F-C291-42A6-932F-0BF74C2A1A78}.Debug|x86.ActiveCfg = Debug|Any CPU
		{A9AD017F-C291-42A6-932F-0BF74C2A1A78}.DVD-5|Any CPU.ActiveCfg = Debug|Any CPU
		{A9AD017F-C291-42A6-932F-0BF74C2A1A78}.DVD-5|Any CPU.Build.0 = Debug|Any CPU
		{A9AD017F-C291-42A6-932F-0BF74C2A1A78}.DVD-5|Any CPU.Deploy.0 = Debug|Any CPU
		{A9AD017F-C291-42A6-932F-0BF74C2A1A78}.DVD-5|Mixed Platforms.ActiveCfg = Debug|Any CPU
		{A9AD017F-C291-42A6-932F-0BF74C2A1A78}.DVD-5|Mixed Platforms.Build.0 = Debug|Any CPU
		{A9AD017F-C291-42A6-932F-0BF74C2A1A78}.DVD-5|Mixed Platforms.Deploy.0 = Debug|Any CPU
		{A9AD017F-C291-42A6-932F-0BF74C2A1A78}.DVD-5|x64.ActiveCfg = Debug|Any CPU
		{A9AD017F-C291-42A6-932F-0BF74C2A1A78}.DVD-5|x86.ActiveCfg = Debug|Any CPU
		{A9AD017F-C291-42A6-932F-0BF74C2A1A78}.Release|Any CPU.ActiveCfg = Release|Any CPU
		{A9AD017F-C291-42A6-932F-0BF74C2A1A78}.Release|Any CPU.Build.0 = Release|Any CPU
		{A9AD017F-C291-42A6-932F-0BF74C2A1A78}.Release|Any CPU.Deploy.0 = Release|Any CPU
		{A9AD017F-C291-42A6-932F-0BF74C2A1A78}.Release|Mixed Platforms.ActiveCfg = Release|Any CPU
		{A9AD017F-C291-42A6-932F-0BF74C2A1A78}.Release|Mixed Platforms.Build.0 = Release|Any CPU
		{A9AD017F-C291-42A6-932F-0BF74C2A1A78}.Release|Mixed Platforms.Deploy.0 = Release|Any CPU
		{A9AD017F-C291-42A6-932F-0BF74C2A1A78}.Release|x64.ActiveCfg = Release|Any CPU
		{A9AD017F-C291-42A6-932F-0BF74C2A1A78}.Release|x86.ActiveCfg = Release|Any CPU
		{A9AD017F-C291-42A6-932F-0BF74C2A1A78}.SingleImage|Any CPU.ActiveCfg = Debug|Any CPU
		{A9AD017F-C291-42A6-932F-0BF74C2A1A78}.SingleImage|Any CPU.Build.0 = Debug|Any CPU
		{A9AD017F-C291-42A6-932F-0BF74C2A1A78}.SingleImage|Any CPU.Deploy.0 = Debug|Any CPU
		{A9AD017F-C291-42A6-932F-0BF74C2A1A78}.SingleImage|Mixed Platforms.ActiveCfg = Debug|Any CPU
		{A9AD017F-C291-42A6-932F-0BF74C2A1A78}.SingleImage|Mixed Platforms.Build.0 = Debug|Any CPU
		{A9AD017F-C291-42A6-932F-0BF74C2A1A78}.SingleImage|Mixed Platforms.Deploy.0 = Debug|Any CPU
		{A9AD017F-C291-42A6-932F-0BF74C2A1A78}.SingleImage|x64.ActiveCfg = Debug|Any CPU
		{A9AD017F-C291-42A6-932F-0BF74C2A1A78}.SingleImage|x86.ActiveCfg = Debug|Any CPU
		{DE856812-A32C-4866-801E-AF396D711942}.CD_ROM|Any CPU.ActiveCfg = Release|Any CPU
		{DE856812-A32C-4866-801E-AF396D711942}.CD_ROM|Any CPU.Build.0 = Release|Any CPU
		{DE856812-A32C-4866-801E-AF396D711942}.CD_ROM|Mixed Platforms.ActiveCfg = Release|Any CPU
		{DE856812-A32C-4866-801E-AF396D711942}.CD_ROM|Mixed Platforms.Build.0 = Release|Any CPU
		{DE856812-A32C-4866-801E-AF396D711942}.CD_ROM|x64.ActiveCfg = Release|Any CPU
		{DE856812-A32C-4866-801E-AF396D711942}.CD_ROM|x86.ActiveCfg = Release|Any CPU
		{DE856812-A32C-4866-801E-AF396D711942}.Debug|Any CPU.ActiveCfg = Debug|Any CPU
		{DE856812-A32C-4866-801E-AF396D711942}.Debug|Any CPU.Build.0 = Debug|Any CPU
		{DE856812-A32C-4866-801E-AF396D711942}.Debug|Mixed Platforms.ActiveCfg = Debug|Any CPU
		{DE856812-A32C-4866-801E-AF396D711942}.Debug|Mixed Platforms.Build.0 = Debug|Any CPU
		{DE856812-A32C-4866-801E-AF396D711942}.Debug|x64.ActiveCfg = Debug|Any CPU
		{DE856812-A32C-4866-801E-AF396D711942}.Debug|x86.ActiveCfg = Debug|Any CPU
		{DE856812-A32C-4866-801E-AF396D711942}.DVD-5|Any CPU.ActiveCfg = Debug|Any CPU
		{DE856812-A32C-4866-801E-AF396D711942}.DVD-5|Any CPU.Build.0 = Debug|Any CPU
		{DE856812-A32C-4866-801E-AF396D711942}.DVD-5|Mixed Platforms.ActiveCfg = Debug|Any CPU
		{DE856812-A32C-4866-801E-AF396D711942}.DVD-5|Mixed Platforms.Build.0 = Debug|Any CPU
		{DE856812-A32C-4866-801E-AF396D711942}.DVD-5|x64.ActiveCfg = Debug|Any CPU
		{DE856812-A32C-4866-801E-AF396D711942}.DVD-5|x86.ActiveCfg = Debug|Any CPU
		{DE856812-A32C-4866-801E-AF396D711942}.Release|Any CPU.ActiveCfg = Release|Any CPU
		{DE856812-A32C-4866-801E-AF396D711942}.Release|Any CPU.Build.0 = Release|Any CPU
		{DE856812-A32C-4866-801E-AF396D711942}.Release|Mixed Platforms.ActiveCfg = Release|Any CPU
		{DE856812-A32C-4866-801E-AF396D711942}.Release|Mixed Platforms.Build.0 = Release|Any CPU
		{DE856812-A32C-4866-801E-AF396D711942}.Release|x64.ActiveCfg = Release|Any CPU
		{DE856812-A32C-4866-801E-AF396D711942}.Release|x86.ActiveCfg = Release|Any CPU
		{DE856812-A32C-4866-801E-AF396D711942}.SingleImage|Any CPU.ActiveCfg = Release|Any CPU
		{DE856812-A32C-4866-801E-AF396D711942}.SingleImage|Any CPU.Build.0 = Release|Any CPU
		{DE856812-A32C-4866-801E-AF396D711942}.SingleImage|Mixed Platforms.ActiveCfg = Release|Any CPU
		{DE856812-A32C-4866-801E-AF396D711942}.SingleImage|Mixed Platforms.Build.0 = Release|Any CPU
		{DE856812-A32C-4866-801E-AF396D711942}.SingleImage|x64.ActiveCfg = Release|Any CPU
		{DE856812-A32C-4866-801E-AF396D711942}.SingleImage|x86.ActiveCfg = Release|Any CPU
		{7FF92139-EA5D-469D-AA7C-A309B2E2FA29}.CD_ROM|Any CPU.ActiveCfg = Release|Any CPU
		{7FF92139-EA5D-469D-AA7C-A309B2E2FA29}.CD_ROM|Any CPU.Build.0 = Release|Any CPU
		{7FF92139-EA5D-469D-AA7C-A309B2E2FA29}.CD_ROM|Mixed Platforms.ActiveCfg = Release|Any CPU
		{7FF92139-EA5D-469D-AA7C-A309B2E2FA29}.CD_ROM|Mixed Platforms.Build.0 = Release|Any CPU
		{7FF92139-EA5D-469D-AA7C-A309B2E2FA29}.CD_ROM|x64.ActiveCfg = Release|Any CPU
		{7FF92139-EA5D-469D-AA7C-A309B2E2FA29}.CD_ROM|x86.ActiveCfg = Release|Any CPU
		{7FF92139-EA5D-469D-AA7C-A309B2E2FA29}.Debug|Any CPU.ActiveCfg = Debug|Any CPU
		{7FF92139-EA5D-469D-AA7C-A309B2E2FA29}.Debug|Any CPU.Build.0 = Debug|Any CPU
		{7FF92139-EA5D-469D-AA7C-A309B2E2FA29}.Debug|Mixed Platforms.ActiveCfg = Debug|Any CPU
		{7FF92139-EA5D-469D-AA7C-A309B2E2FA29}.Debug|Mixed Platforms.Build.0 = Debug|Any CPU
		{7FF92139-EA5D-469D-AA7C-A309B2E2FA29}.Debug|x64.ActiveCfg = Debug|Any CPU
		{7FF92139-EA5D-469D-AA7C-A309B2E2FA29}.Debug|x86.ActiveCfg = Debug|Any CPU
		{7FF92139-EA5D-469D-AA7C-A309B2E2FA29}.DVD-5|Any CPU.ActiveCfg = Debug|Any CPU
		{7FF92139-EA5D-469D-AA7C-A309B2E2FA29}.DVD-5|Any CPU.Build.0 = Debug|Any CPU
		{7FF92139-EA5D-469D-AA7C-A309B2E2FA29}.DVD-5|Mixed Platforms.ActiveCfg = Debug|Any CPU
		{7FF92139-EA5D-469D-AA7C-A309B2E2FA29}.DVD-5|Mixed Platforms.Build.0 = Debug|Any CPU
		{7FF92139-EA5D-469D-AA7C-A309B2E2FA29}.DVD-5|x64.ActiveCfg = Debug|Any CPU
		{7FF92139-EA5D-469D-AA7C-A309B2E2FA29}.DVD-5|x86.ActiveCfg = Debug|Any CPU
		{7FF92139-EA5D-469D-AA7C-A309B2E2FA29}.Release|Any CPU.ActiveCfg = Release|Any CPU
		{7FF92139-EA5D-469D-AA7C-A309B2E2FA29}.Release|Any CPU.Build.0 = Release|Any CPU
		{7FF92139-EA5D-469D-AA7C-A309B2E2FA29}.Release|Mixed Platforms.ActiveCfg = Release|Any CPU
		{7FF92139-EA5D-469D-AA7C-A309B2E2FA29}.Release|Mixed Platforms.Build.0 = Release|Any CPU
		{7FF92139-EA5D-469D-AA7C-A309B2E2FA29}.Release|x64.ActiveCfg = Release|Any CPU
		{7FF92139-EA5D-469D-AA7C-A309B2E2FA29}.Release|x86.ActiveCfg = Release|Any CPU
		{7FF92139-EA5D-469D-AA7C-A309B2E2FA29}.SingleImage|Any CPU.ActiveCfg = Release|Any CPU
		{7FF92139-EA5D-469D-AA7C-A309B2E2FA29}.SingleImage|Any CPU.Build.0 = Release|Any CPU
		{7FF92139-EA5D-469D-AA7C-A309B2E2FA29}.SingleImage|Mixed Platforms.ActiveCfg = Release|Any CPU
		{7FF92139-EA5D-469D-AA7C-A309B2E2FA29}.SingleImage|Mixed Platforms.Build.0 = Release|Any CPU
		{7FF92139-EA5D-469D-AA7C-A309B2E2FA29}.SingleImage|x64.ActiveCfg = Release|Any CPU
		{7FF92139-EA5D-469D-AA7C-A309B2E2FA29}.SingleImage|x86.ActiveCfg = Release|Any CPU
		{70DD8ABC-B012-427A-8163-64E63304BD42}.CD_ROM|Any CPU.ActiveCfg = Release|Any CPU
		{70DD8ABC-B012-427A-8163-64E63304BD42}.CD_ROM|Any CPU.Build.0 = Release|Any CPU
		{70DD8ABC-B012-427A-8163-64E63304BD42}.CD_ROM|Mixed Platforms.ActiveCfg = Release|Any CPU
		{70DD8ABC-B012-427A-8163-64E63304BD42}.CD_ROM|Mixed Platforms.Build.0 = Release|Any CPU
		{70DD8ABC-B012-427A-8163-64E63304BD42}.CD_ROM|x64.ActiveCfg = Release|Any CPU
		{70DD8ABC-B012-427A-8163-64E63304BD42}.CD_ROM|x86.ActiveCfg = Release|Any CPU
		{70DD8ABC-B012-427A-8163-64E63304BD42}.Debug|Any CPU.ActiveCfg = Debug|Any CPU
		{70DD8ABC-B012-427A-8163-64E63304BD42}.Debug|Any CPU.Build.0 = Debug|Any CPU
		{70DD8ABC-B012-427A-8163-64E63304BD42}.Debug|Mixed Platforms.ActiveCfg = Debug|Any CPU
		{70DD8ABC-B012-427A-8163-64E63304BD42}.Debug|Mixed Platforms.Build.0 = Debug|Any CPU
		{70DD8ABC-B012-427A-8163-64E63304BD42}.Debug|x64.ActiveCfg = Debug|Any CPU
		{70DD8ABC-B012-427A-8163-64E63304BD42}.Debug|x86.ActiveCfg = Debug|Any CPU
		{70DD8ABC-B012-427A-8163-64E63304BD42}.DVD-5|Any CPU.ActiveCfg = Debug|Any CPU
		{70DD8ABC-B012-427A-8163-64E63304BD42}.DVD-5|Any CPU.Build.0 = Debug|Any CPU
		{70DD8ABC-B012-427A-8163-64E63304BD42}.DVD-5|Mixed Platforms.ActiveCfg = Debug|Any CPU
		{70DD8ABC-B012-427A-8163-64E63304BD42}.DVD-5|Mixed Platforms.Build.0 = Debug|Any CPU
		{70DD8ABC-B012-427A-8163-64E63304BD42}.DVD-5|x64.ActiveCfg = Debug|Any CPU
		{70DD8ABC-B012-427A-8163-64E63304BD42}.DVD-5|x86.ActiveCfg = Debug|Any CPU
		{70DD8ABC-B012-427A-8163-64E63304BD42}.Release|Any CPU.ActiveCfg = Release|Any CPU
		{70DD8ABC-B012-427A-8163-64E63304BD42}.Release|Any CPU.Build.0 = Release|Any CPU
		{70DD8ABC-B012-427A-8163-64E63304BD42}.Release|Mixed Platforms.ActiveCfg = Release|Any CPU
		{70DD8ABC-B012-427A-8163-64E63304BD42}.Release|Mixed Platforms.Build.0 = Release|Any CPU
		{70DD8ABC-B012-427A-8163-64E63304BD42}.Release|x64.ActiveCfg = Release|Any CPU
		{70DD8ABC-B012-427A-8163-64E63304BD42}.Release|x86.ActiveCfg = Release|Any CPU
		{70DD8ABC-B012-427A-8163-64E63304BD42}.SingleImage|Any CPU.ActiveCfg = Release|Any CPU
		{70DD8ABC-B012-427A-8163-64E63304BD42}.SingleImage|Any CPU.Build.0 = Release|Any CPU
		{70DD8ABC-B012-427A-8163-64E63304BD42}.SingleImage|Mixed Platforms.ActiveCfg = Release|Any CPU
		{70DD8ABC-B012-427A-8163-64E63304BD42}.SingleImage|Mixed Platforms.Build.0 = Release|Any CPU
		{70DD8ABC-B012-427A-8163-64E63304BD42}.SingleImage|x64.ActiveCfg = Release|Any CPU
		{70DD8ABC-B012-427A-8163-64E63304BD42}.SingleImage|x86.ActiveCfg = Release|Any CPU
		{7548155D-B262-4CA2-9C9B-D7090F8D3D57}.CD_ROM|Any CPU.ActiveCfg = Debug|Any CPU
		{7548155D-B262-4CA2-9C9B-D7090F8D3D57}.CD_ROM|Any CPU.Build.0 = Debug|Any CPU
		{7548155D-B262-4CA2-9C9B-D7090F8D3D57}.CD_ROM|Any CPU.Deploy.0 = Debug|Any CPU
		{7548155D-B262-4CA2-9C9B-D7090F8D3D57}.CD_ROM|Mixed Platforms.ActiveCfg = Debug|Any CPU
		{7548155D-B262-4CA2-9C9B-D7090F8D3D57}.CD_ROM|Mixed Platforms.Build.0 = Debug|Any CPU
		{7548155D-B262-4CA2-9C9B-D7090F8D3D57}.CD_ROM|Mixed Platforms.Deploy.0 = Debug|Any CPU
		{7548155D-B262-4CA2-9C9B-D7090F8D3D57}.CD_ROM|x64.ActiveCfg = Debug|Any CPU
		{7548155D-B262-4CA2-9C9B-D7090F8D3D57}.CD_ROM|x86.ActiveCfg = Debug|Any CPU
		{7548155D-B262-4CA2-9C9B-D7090F8D3D57}.Debug|Any CPU.ActiveCfg = Debug|Any CPU
		{7548155D-B262-4CA2-9C9B-D7090F8D3D57}.Debug|Any CPU.Build.0 = Debug|Any CPU
		{7548155D-B262-4CA2-9C9B-D7090F8D3D57}.Debug|Any CPU.Deploy.0 = Debug|Any CPU
		{7548155D-B262-4CA2-9C9B-D7090F8D3D57}.Debug|Mixed Platforms.ActiveCfg = Debug|Any CPU
		{7548155D-B262-4CA2-9C9B-D7090F8D3D57}.Debug|Mixed Platforms.Build.0 = Debug|Any CPU
		{7548155D-B262-4CA2-9C9B-D7090F8D3D57}.Debug|Mixed Platforms.Deploy.0 = Debug|Any CPU
		{7548155D-B262-4CA2-9C9B-D7090F8D3D57}.Debug|x64.ActiveCfg = Debug|Any CPU
		{7548155D-B262-4CA2-9C9B-D7090F8D3D57}.Debug|x86.ActiveCfg = Debug|Any CPU
		{7548155D-B262-4CA2-9C9B-D7090F8D3D57}.DVD-5|Any CPU.ActiveCfg = Debug|Any CPU
		{7548155D-B262-4CA2-9C9B-D7090F8D3D57}.DVD-5|Any CPU.Build.0 = Debug|Any CPU
		{7548155D-B262-4CA2-9C9B-D7090F8D3D57}.DVD-5|Any CPU.Deploy.0 = Debug|Any CPU
		{7548155D-B262-4CA2-9C9B-D7090F8D3D57}.DVD-5|Mixed Platforms.ActiveCfg = Debug|Any CPU
		{7548155D-B262-4CA2-9C9B-D7090F8D3D57}.DVD-5|Mixed Platforms.Build.0 = Debug|Any CPU
		{7548155D-B262-4CA2-9C9B-D7090F8D3D57}.DVD-5|Mixed Platforms.Deploy.0 = Debug|Any CPU
		{7548155D-B262-4CA2-9C9B-D7090F8D3D57}.DVD-5|x64.ActiveCfg = Debug|Any CPU
		{7548155D-B262-4CA2-9C9B-D7090F8D3D57}.DVD-5|x86.ActiveCfg = Debug|Any CPU
		{7548155D-B262-4CA2-9C9B-D7090F8D3D57}.Release|Any CPU.ActiveCfg = Release|Any CPU
		{7548155D-B262-4CA2-9C9B-D7090F8D3D57}.Release|Any CPU.Build.0 = Release|Any CPU
		{7548155D-B262-4CA2-9C9B-D7090F8D3D57}.Release|Any CPU.Deploy.0 = Release|Any CPU
		{7548155D-B262-4CA2-9C9B-D7090F8D3D57}.Release|Mixed Platforms.ActiveCfg = Release|Any CPU
		{7548155D-B262-4CA2-9C9B-D7090F8D3D57}.Release|Mixed Platforms.Build.0 = Release|Any CPU
		{7548155D-B262-4CA2-9C9B-D7090F8D3D57}.Release|Mixed Platforms.Deploy.0 = Release|Any CPU
		{7548155D-B262-4CA2-9C9B-D7090F8D3D57}.Release|x64.ActiveCfg = Release|Any CPU
		{7548155D-B262-4CA2-9C9B-D7090F8D3D57}.Release|x86.ActiveCfg = Release|Any CPU
		{7548155D-B262-4CA2-9C9B-D7090F8D3D57}.SingleImage|Any CPU.ActiveCfg = Debug|Any CPU
		{7548155D-B262-4CA2-9C9B-D7090F8D3D57}.SingleImage|Any CPU.Build.0 = Debug|Any CPU
		{7548155D-B262-4CA2-9C9B-D7090F8D3D57}.SingleImage|Any CPU.Deploy.0 = Debug|Any CPU
		{7548155D-B262-4CA2-9C9B-D7090F8D3D57}.SingleImage|Mixed Platforms.ActiveCfg = Debug|Any CPU
		{7548155D-B262-4CA2-9C9B-D7090F8D3D57}.SingleImage|Mixed Platforms.Build.0 = Debug|Any CPU
		{7548155D-B262-4CA2-9C9B-D7090F8D3D57}.SingleImage|Mixed Platforms.Deploy.0 = Debug|Any CPU
		{7548155D-B262-4CA2-9C9B-D7090F8D3D57}.SingleImage|x64.ActiveCfg = Debug|Any CPU
		{7548155D-B262-4CA2-9C9B-D7090F8D3D57}.SingleImage|x86.ActiveCfg = Debug|Any CPU
		{62283B68-6A61-4502-B64B-4FF4B1BEB980}.CD_ROM|Any CPU.ActiveCfg = Release|Any CPU
		{62283B68-6A61-4502-B64B-4FF4B1BEB980}.CD_ROM|Any CPU.Build.0 = Release|Any CPU
		{62283B68-6A61-4502-B64B-4FF4B1BEB980}.CD_ROM|Mixed Platforms.ActiveCfg = Release|Any CPU
		{62283B68-6A61-4502-B64B-4FF4B1BEB980}.CD_ROM|Mixed Platforms.Build.0 = Release|Any CPU
		{62283B68-6A61-4502-B64B-4FF4B1BEB980}.CD_ROM|x64.ActiveCfg = Release|Any CPU
		{62283B68-6A61-4502-B64B-4FF4B1BEB980}.CD_ROM|x86.ActiveCfg = Release|Any CPU
		{62283B68-6A61-4502-B64B-4FF4B1BEB980}.Debug|Any CPU.ActiveCfg = Debug|Any CPU
		{62283B68-6A61-4502-B64B-4FF4B1BEB980}.Debug|Any CPU.Build.0 = Debug|Any CPU
		{62283B68-6A61-4502-B64B-4FF4B1BEB980}.Debug|Mixed Platforms.ActiveCfg = Debug|Any CPU
		{62283B68-6A61-4502-B64B-4FF4B1BEB980}.Debug|Mixed Platforms.Build.0 = Debug|Any CPU
		{62283B68-6A61-4502-B64B-4FF4B1BEB980}.Debug|x64.ActiveCfg = Debug|Any CPU
		{62283B68-6A61-4502-B64B-4FF4B1BEB980}.Debug|x86.ActiveCfg = Debug|Any CPU
		{62283B68-6A61-4502-B64B-4FF4B1BEB980}.DVD-5|Any CPU.ActiveCfg = Debug|Any CPU
		{62283B68-6A61-4502-B64B-4FF4B1BEB980}.DVD-5|Any CPU.Build.0 = Debug|Any CPU
		{62283B68-6A61-4502-B64B-4FF4B1BEB980}.DVD-5|Mixed Platforms.ActiveCfg = Debug|Any CPU
		{62283B68-6A61-4502-B64B-4FF4B1BEB980}.DVD-5|Mixed Platforms.Build.0 = Debug|Any CPU
		{62283B68-6A61-4502-B64B-4FF4B1BEB980}.DVD-5|x64.ActiveCfg = Debug|Any CPU
		{62283B68-6A61-4502-B64B-4FF4B1BEB980}.DVD-5|x86.ActiveCfg = Debug|Any CPU
		{62283B68-6A61-4502-B64B-4FF4B1BEB980}.Release|Any CPU.ActiveCfg = Release|Any CPU
		{62283B68-6A61-4502-B64B-4FF4B1BEB980}.Release|Any CPU.Build.0 = Release|Any CPU
		{62283B68-6A61-4502-B64B-4FF4B1BEB980}.Release|Mixed Platforms.ActiveCfg = Release|Any CPU
		{62283B68-6A61-4502-B64B-4FF4B1BEB980}.Release|Mixed Platforms.Build.0 = Release|Any CPU
		{62283B68-6A61-4502-B64B-4FF4B1BEB980}.Release|x64.ActiveCfg = Release|Any CPU
		{62283B68-6A61-4502-B64B-4FF4B1BEB980}.Release|x86.ActiveCfg = Release|Any CPU
		{62283B68-6A61-4502-B64B-4FF4B1BEB980}.SingleImage|Any CPU.ActiveCfg = Release|Any CPU
		{62283B68-6A61-4502-B64B-4FF4B1BEB980}.SingleImage|Any CPU.Build.0 = Release|Any CPU
		{62283B68-6A61-4502-B64B-4FF4B1BEB980}.SingleImage|Mixed Platforms.ActiveCfg = Release|Any CPU
		{62283B68-6A61-4502-B64B-4FF4B1BEB980}.SingleImage|Mixed Platforms.Build.0 = Release|Any CPU
		{62283B68-6A61-4502-B64B-4FF4B1BEB980}.SingleImage|x64.ActiveCfg = Release|Any CPU
		{62283B68-6A61-4502-B64B-4FF4B1BEB980}.SingleImage|x86.ActiveCfg = Release|Any CPU
	EndGlobalSection
	GlobalSection(SolutionProperties) = preSolution
		HideSolutionNode = FALSE
	EndGlobalSection
	GlobalSection(NestedProjects) = preSolution
		{8EC62356-6DAA-4CBE-AAD5-CE81D1DCAB7F} = {828726FE-375E-4E46-B21C-F87F65F3332D}
		{28DC8C24-C4A0-47D8-A114-DD4E2D42B1EB} = {5A5E5E66-F5CE-496B-B9F2-C3A0B16E8F2B}
		{EDD4F80B-95E1-4598-8538-54B68DD1ABF0} = {828726FE-375E-4E46-B21C-F87F65F3332D}
		{8CCC9DAC-E6F5-4A29-93F8-CB9A1869B08D} = {EDD4F80B-95E1-4598-8538-54B68DD1ABF0}
		{EE8EE82E-4AEA-4677-BD69-6BCA5A6B4969} = {EDD4F80B-95E1-4598-8538-54B68DD1ABF0}
		{65CEFE18-D7FB-4189-AC46-5ACFD7BE80D8} = {EDD4F80B-95E1-4598-8538-54B68DD1ABF0}
		{8920F657-54A3-4376-99A5-C2D823F94038} = {EDD4F80B-95E1-4598-8538-54B68DD1ABF0}
		{C4D9BBC4-C123-4AAB-B1E6-9906B7B51BC6} = {EDD4F80B-95E1-4598-8538-54B68DD1ABF0}
		{400C9656-249A-429A-BBB0-E0B98AD7AFCC} = {828726FE-375E-4E46-B21C-F87F65F3332D}
		{696C97BE-F554-41D9-A2F0-603BFB0002AD} = {828726FE-375E-4E46-B21C-F87F65F3332D}
		{5800D43D-6500-4C24-A7B5-D194DF615B55} = {696C97BE-F554-41D9-A2F0-603BFB0002AD}
		{5E833829-EA05-458E-B172-FE37FFD24627} = {5800D43D-6500-4C24-A7B5-D194DF615B55}
		{1A2201BF-D16D-46DA-9295-6D39609091E9} = {5800D43D-6500-4C24-A7B5-D194DF615B55}
		{B8E3C6A4-38C0-40F5-A135-AAD43D989B91} = {5800D43D-6500-4C24-A7B5-D194DF615B55}
		{D2019AF3-6C11-4EA2-8F52-A1073CBC7F99} = {5800D43D-6500-4C24-A7B5-D194DF615B55}
		{588E7760-E1B5-44BA-B6B3-E65D15D8D89F} = {696C97BE-F554-41D9-A2F0-603BFB0002AD}
		{BBC177DF-CD0C-4FDF-9E78-41F2CE4FAF52} = {EDD4F80B-95E1-4598-8538-54B68DD1ABF0}
		{B9D9FCCA-6132-4BF5-BC17-32EA752D6AD7} = {5A5E5E66-F5CE-496B-B9F2-C3A0B16E8F2B}
		{66ABD095-6B8F-411D-9BCF-744287833269} = {5A5E5E66-F5CE-496B-B9F2-C3A0B16E8F2B}
		{D694308B-9801-4BE7-9461-5BB40AA3C1E7} = {8EC62356-6DAA-4CBE-AAD5-CE81D1DCAB7F}
		{A9AD017F-C291-42A6-932F-0BF74C2A1A78} = {5800D43D-6500-4C24-A7B5-D194DF615B55}
		{DE856812-A32C-4866-801E-AF396D711942} = {400C9656-249A-429A-BBB0-E0B98AD7AFCC}
		{7FF92139-EA5D-469D-AA7C-A309B2E2FA29} = {400C9656-249A-429A-BBB0-E0B98AD7AFCC}
		{70DD8ABC-B012-427A-8163-64E63304BD42} = {5A5E5E66-F5CE-496B-B9F2-C3A0B16E8F2B}
		{7548155D-B262-4CA2-9C9B-D7090F8D3D57} = {5800D43D-6500-4C24-A7B5-D194DF615B55}
		{62283B68-6A61-4502-B64B-4FF4B1BEB980} = {5800D43D-6500-4C24-A7B5-D194DF615B55}
	EndGlobalSection
	GlobalSection(TestCaseManagementSettings) = postSolution
		CategoryFile = SmartFactory.vsmdi
	EndGlobalSection
EndGlobal
