
Microsoft Visual Studio Solution File, Format Version 12.00
# Visual Studio 2013
VisualStudioVersion = 12.0.30501.0
MinimumVisualStudioVersion = 10.0.40219.1
Project("{2150E333-8FDC-42A3-9474-1A3956D46DE8}") = "CW", "CW", "{9FFAC044-7B6D-45C5-937F-70D14078D0A3}"
EndProject
Project("{2150E333-8FDC-42A3-9474-1A3956D46DE8}") = "SharePointHelpers", "SharePointHelpers", "{BE440823-1114-4835-BC08-7850469C754F}"
EndProject
Project("{FAE04EC0-301F-11D3-BF4B-00C04F79EFBC}") = "Customs", "Customs\Customs.csproj", "{6C705843-6387-4D2D-A7CF-A66976186CE2}"
EndProject
Project("{2150E333-8FDC-42A3-9474-1A3956D46DE8}") = "SolutionItems", "SolutionItems", "{E5B3C924-7BC6-495C-B50F-0617E2CF29F9}"
	ProjectSection(SolutionItems) = preProject
		..\PR39-CommonResources\T4Definitions\AssemblyInfo.t4 = ..\PR39-CommonResources\T4Definitions\AssemblyInfo.t4
		..\..\PR39-CommonResources\cas.publickey.txt = ..\..\PR39-CommonResources\cas.publickey.txt
		CW\CWModel.t4 = CW\CWModel.t4
		..\CommonBinaries\take_recent_binaries.cmd = ..\CommonBinaries\take_recent_binaries.cmd
	EndProjectSection
EndProject
Project("{2150E333-8FDC-42A3-9474-1A3956D46DE8}") = "Silverlight", "Silverlight", "{8BA48226-1040-4FA2-941D-11A82B11FE78}"
EndProject
Project("{2150E333-8FDC-42A3-9474-1A3956D46DE8}") = "WebsiteApplication", "WebsiteApplication", "{38804D45-2B87-4DF3-BC86-8ADDE7EEAF09}"
EndProject
Project("{FAE04EC0-301F-11D3-BF4B-00C04F79EFBC}") = "CWDashboards", "CW\WebsiteApplication\CWDashboards\CWDashboards.csproj", "{19649FCB-22B6-428A-9B59-D53EF86ECE80}"
EndProject
Project("{FAE04EC0-301F-11D3-BF4B-00C04F79EFBC}") = "CWInteroperability", "CW\WebsiteApplication\CWInteroperability\CWInteroperability.csproj", "{F0416078-82CD-4F9D-905C-1E346198759A}"
EndProject
Project("{FAE04EC0-301F-11D3-BF4B-00C04F79EFBC}") = "CWResources", "CW\WebsiteApplication\CWResources\CWResources.csproj", "{DD1AC983-8A81-4292-A097-D61545CAD390}"
EndProject
Project("{FAE04EC0-301F-11D3-BF4B-00C04F79EFBC}") = "CWWebsite", "CW\WebsiteApplication\CWWebsite\CWWebsite.csproj", "{519191F7-7957-43B8-94A8-5F89473DFE47}"
EndProject
Project("{FAE04EC0-301F-11D3-BF4B-00C04F79EFBC}") = "CWWebsiteModel", "CW\WebsiteApplication\CWWebsiteModel\CWWebsiteModel.csproj", "{28191AA2-5BFF-4D48-A7AD-B10C83044E3C}"
EndProject
Project("{FAE04EC0-301F-11D3-BF4B-00C04F79EFBC}") = "CWWorkflows", "CW\WebsiteApplication\CWWorkflows\CWWorkflows.csproj", "{52A878E1-45DB-4416-B2C5-1CEDC59BF4B5}"
EndProject
Project("{FAE04EC0-301F-11D3-BF4B-00C04F79EFBC}") = "CheckListWebPart", "CW\WebsiteApplication\Silverlight\CheckListWebPart\CheckListWebPart.csproj", "{62FCC1F2-A711-451A-B1D2-A958341CBD09}"
EndProject
Project("{FAE04EC0-301F-11D3-BF4B-00C04F79EFBC}") = "DisposalRequestWebPart", "CW\WebsiteApplication\Silverlight\DisposalRequestWebPart\DisposalRequestWebPart.csproj", "{99FC1B00-0242-4E8E-A431-5D8930458BE7}"
EndProject
Project("{FAE04EC0-301F-11D3-BF4B-00C04F79EFBC}") = "ExitSheetWebPart", "CW\WebsiteApplication\Silverlight\ExitSheetWebPart\ExitSheetWebPart.csproj", "{22AC8BD1-C6D3-4368-A15D-898CEF4661AD}"
EndProject
Project("{2150E333-8FDC-42A3-9474-1A3956D46DE8}") = "Tools", "Tools", "{944CAF61-A548-431A-AE3F-A4ADD17A6C39}"
EndProject
Project("{2150E333-8FDC-42A3-9474-1A3956D46DE8}") = "Tests", "Tests", "{E975AE4F-A418-466A-8ADE-A40108274615}"
EndProject
Project("{FAE04EC0-301F-11D3-BF4B-00C04F79EFBC}") = "TestDisposalRequest", "CW\Tools\Tests\SharePointProjects\TestDisposalRequest\TestDisposalRequest.csproj", "{23461D4D-437C-4663-8B92-38F85398E12A}"
EndProject
Project("{FAE04EC0-301F-11D3-BF4B-00C04F79EFBC}") = "DashboardsUnitTests", "CW\Tools\Tests\UnitTests\DashboardsUnitTests\DashboardsUnitTests.csproj", "{C1E95F88-8C56-427D-9941-100A6C569659}"
EndProject
Project("{FAE04EC0-301F-11D3-BF4B-00C04F79EFBC}") = "SADGeneraion", "CW\Tools\Tests\UnitTests\SADGeneraion\SADGeneraion.csproj", "{CBFBF758-F8D2-4199-8C10-33FAB9566723}"
EndProject
Project("{FAE04EC0-301F-11D3-BF4B-00C04F79EFBC}") = "SharePoint", "..\PR44-SharePoint\Libraries\SharePoint\SharePoint.csproj", "{B9D9FCCA-6132-4BF5-BC17-32EA752D6AD7}"
EndProject
Project("{FAE04EC0-301F-11D3-BF4B-00C04F79EFBC}") = "SPExplorer", "..\PR44-SharePoint\Tools\SPExplorer\SPExplorer.csproj", "{66ABD095-6B8F-411D-9BCF-744287833269}"
EndProject
Project("{FAE04EC0-301F-11D3-BF4B-00C04F79EFBC}") = "SharePointClient", "..\PR44-SharePoint\Libraries\SharePointLinqClient\SharePointClient.csproj", "{70DD8ABC-B012-427A-8163-64E63304BD42}"
EndProject
Project("{FAE04EC0-301F-11D3-BF4B-00C04F79EFBC}") = "CASCommonClassLibrary350", "..\PR44-SharePoint\Libraries\CASSystem\CASCommonClassLibrary350.csproj", "{8C0D5FEA-F28C-48C7-BD99-71AC92F3EBCA}"
EndProject
Project("{FAE04EC0-301F-11D3-BF4B-00C04F79EFBC}") = "CASCommonClassLibrary", "..\PR44-SharePoint\Libraries\CASSystem\CASCommonClassLibrary.csproj", "{AF2434E6-FD65-43A2-BE31-C8C1E5BA5ACD}"
EndProject
Project("{FAE04EC0-301F-11D3-BF4B-00C04F79EFBC}") = "CASCommonSilverLight", "..\PR44-SharePoint\Libraries\CASSystem\CASCommonSilverLight.csproj", "{EC5BBDE9-71DC-414C-AD01-8CF6D4B00F91}"
EndProject
Project("{FAE04EC0-301F-11D3-BF4B-00C04F79EFBC}") = "DisposalRequestWebPart_WPF", "CW\WebsiteApplication\Silverlight\DisposalRequestWebPart_WPF\DisposalRequestWebPart_WPF.csproj", "{1373310A-B2E5-4737-98D2-F4EFDFF60A76}"
EndProject
Project("{FAE04EC0-301F-11D3-BF4B-00C04F79EFBC}") = "DisposalRequestWebPartTests", "CW\Tools\Tests\DisposalRequestWebPartTests\DisposalRequestWebPartTests.csproj", "{5CA67662-9EF9-4D54-B434-43B80075E7CC}"
EndProject
Global
	GlobalSection(SolutionConfigurationPlatforms) = preSolution
		Debug|Any CPU = Debug|Any CPU
		Debug|x64 = Debug|x64
		Debug|x86 = Debug|x86
		Release|Any CPU = Release|Any CPU
		Release|x64 = Release|x64
		Release|x86 = Release|x86
	EndGlobalSection
	GlobalSection(ProjectConfigurationPlatforms) = postSolution
		{6C705843-6387-4D2D-A7CF-A66976186CE2}.Debug|Any CPU.ActiveCfg = Debug|Any CPU
		{6C705843-6387-4D2D-A7CF-A66976186CE2}.Debug|x64.ActiveCfg = Debug|Any CPU
		{6C705843-6387-4D2D-A7CF-A66976186CE2}.Debug|x86.ActiveCfg = Debug|Any CPU
		{6C705843-6387-4D2D-A7CF-A66976186CE2}.Release|Any CPU.ActiveCfg = Release|Any CPU
		{6C705843-6387-4D2D-A7CF-A66976186CE2}.Release|x64.ActiveCfg = Release|Any CPU
		{6C705843-6387-4D2D-A7CF-A66976186CE2}.Release|x86.ActiveCfg = Release|Any CPU
		{19649FCB-22B6-428A-9B59-D53EF86ECE80}.Debug|Any CPU.ActiveCfg = Debug|Any CPU
		{19649FCB-22B6-428A-9B59-D53EF86ECE80}.Debug|Any CPU.Build.0 = Debug|Any CPU
		{19649FCB-22B6-428A-9B59-D53EF86ECE80}.Debug|Any CPU.Deploy.0 = Debug|Any CPU
		{19649FCB-22B6-428A-9B59-D53EF86ECE80}.Debug|x64.ActiveCfg = Debug|Any CPU
		{19649FCB-22B6-428A-9B59-D53EF86ECE80}.Debug|x86.ActiveCfg = Debug|Any CPU
		{19649FCB-22B6-428A-9B59-D53EF86ECE80}.Release|Any CPU.ActiveCfg = Release|Any CPU
		{19649FCB-22B6-428A-9B59-D53EF86ECE80}.Release|Any CPU.Build.0 = Release|Any CPU
		{19649FCB-22B6-428A-9B59-D53EF86ECE80}.Release|Any CPU.Deploy.0 = Release|Any CPU
		{19649FCB-22B6-428A-9B59-D53EF86ECE80}.Release|x64.ActiveCfg = Release|Any CPU
		{19649FCB-22B6-428A-9B59-D53EF86ECE80}.Release|x86.ActiveCfg = Release|Any CPU
		{F0416078-82CD-4F9D-905C-1E346198759A}.Debug|Any CPU.ActiveCfg = Debug|Any CPU
		{F0416078-82CD-4F9D-905C-1E346198759A}.Debug|Any CPU.Build.0 = Debug|Any CPU
		{F0416078-82CD-4F9D-905C-1E346198759A}.Debug|Any CPU.Deploy.0 = Debug|Any CPU
		{F0416078-82CD-4F9D-905C-1E346198759A}.Debug|x64.ActiveCfg = Debug|Any CPU
		{F0416078-82CD-4F9D-905C-1E346198759A}.Debug|x86.ActiveCfg = Debug|Any CPU
		{F0416078-82CD-4F9D-905C-1E346198759A}.Release|Any CPU.ActiveCfg = Release|Any CPU
		{F0416078-82CD-4F9D-905C-1E346198759A}.Release|Any CPU.Build.0 = Release|Any CPU
		{F0416078-82CD-4F9D-905C-1E346198759A}.Release|Any CPU.Deploy.0 = Release|Any CPU
		{F0416078-82CD-4F9D-905C-1E346198759A}.Release|x64.ActiveCfg = Release|Any CPU
		{F0416078-82CD-4F9D-905C-1E346198759A}.Release|x86.ActiveCfg = Release|Any CPU
		{DD1AC983-8A81-4292-A097-D61545CAD390}.Debug|Any CPU.ActiveCfg = Debug|Any CPU
		{DD1AC983-8A81-4292-A097-D61545CAD390}.Debug|Any CPU.Build.0 = Debug|Any CPU
		{DD1AC983-8A81-4292-A097-D61545CAD390}.Debug|Any CPU.Deploy.0 = Debug|Any CPU
		{DD1AC983-8A81-4292-A097-D61545CAD390}.Debug|x64.ActiveCfg = Debug|Any CPU
		{DD1AC983-8A81-4292-A097-D61545CAD390}.Debug|x86.ActiveCfg = Debug|Any CPU
		{DD1AC983-8A81-4292-A097-D61545CAD390}.Release|Any CPU.ActiveCfg = Release|Any CPU
		{DD1AC983-8A81-4292-A097-D61545CAD390}.Release|Any CPU.Build.0 = Release|Any CPU
		{DD1AC983-8A81-4292-A097-D61545CAD390}.Release|Any CPU.Deploy.0 = Release|Any CPU
		{DD1AC983-8A81-4292-A097-D61545CAD390}.Release|x64.ActiveCfg = Release|Any CPU
		{DD1AC983-8A81-4292-A097-D61545CAD390}.Release|x86.ActiveCfg = Release|Any CPU
		{519191F7-7957-43B8-94A8-5F89473DFE47}.Debug|Any CPU.ActiveCfg = Debug|Any CPU
		{519191F7-7957-43B8-94A8-5F89473DFE47}.Debug|Any CPU.Build.0 = Debug|Any CPU
		{519191F7-7957-43B8-94A8-5F89473DFE47}.Debug|Any CPU.Deploy.0 = Debug|Any CPU
		{519191F7-7957-43B8-94A8-5F89473DFE47}.Debug|x64.ActiveCfg = Debug|Any CPU
		{519191F7-7957-43B8-94A8-5F89473DFE47}.Debug|x86.ActiveCfg = Debug|Any CPU
		{519191F7-7957-43B8-94A8-5F89473DFE47}.Release|Any CPU.ActiveCfg = Release|Any CPU
		{519191F7-7957-43B8-94A8-5F89473DFE47}.Release|Any CPU.Build.0 = Release|Any CPU
		{519191F7-7957-43B8-94A8-5F89473DFE47}.Release|Any CPU.Deploy.0 = Release|Any CPU
		{519191F7-7957-43B8-94A8-5F89473DFE47}.Release|x64.ActiveCfg = Release|Any CPU
		{519191F7-7957-43B8-94A8-5F89473DFE47}.Release|x86.ActiveCfg = Release|Any CPU
		{28191AA2-5BFF-4D48-A7AD-B10C83044E3C}.Debug|Any CPU.ActiveCfg = Debug|Any CPU
		{28191AA2-5BFF-4D48-A7AD-B10C83044E3C}.Debug|Any CPU.Build.0 = Debug|Any CPU
		{28191AA2-5BFF-4D48-A7AD-B10C83044E3C}.Debug|Any CPU.Deploy.0 = Debug|Any CPU
		{28191AA2-5BFF-4D48-A7AD-B10C83044E3C}.Debug|x64.ActiveCfg = Debug|Any CPU
		{28191AA2-5BFF-4D48-A7AD-B10C83044E3C}.Debug|x86.ActiveCfg = Debug|Any CPU
		{28191AA2-5BFF-4D48-A7AD-B10C83044E3C}.Release|Any CPU.ActiveCfg = Release|Any CPU
		{28191AA2-5BFF-4D48-A7AD-B10C83044E3C}.Release|Any CPU.Build.0 = Release|Any CPU
		{28191AA2-5BFF-4D48-A7AD-B10C83044E3C}.Release|Any CPU.Deploy.0 = Release|Any CPU
		{28191AA2-5BFF-4D48-A7AD-B10C83044E3C}.Release|x64.ActiveCfg = Release|Any CPU
		{28191AA2-5BFF-4D48-A7AD-B10C83044E3C}.Release|x86.ActiveCfg = Release|Any CPU
		{52A878E1-45DB-4416-B2C5-1CEDC59BF4B5}.Debug|Any CPU.ActiveCfg = Debug|Any CPU
		{52A878E1-45DB-4416-B2C5-1CEDC59BF4B5}.Debug|Any CPU.Build.0 = Debug|Any CPU
		{52A878E1-45DB-4416-B2C5-1CEDC59BF4B5}.Debug|Any CPU.Deploy.0 = Debug|Any CPU
		{52A878E1-45DB-4416-B2C5-1CEDC59BF4B5}.Debug|x64.ActiveCfg = Debug|Any CPU
		{52A878E1-45DB-4416-B2C5-1CEDC59BF4B5}.Debug|x86.ActiveCfg = Debug|Any CPU
		{52A878E1-45DB-4416-B2C5-1CEDC59BF4B5}.Release|Any CPU.ActiveCfg = Release|Any CPU
		{52A878E1-45DB-4416-B2C5-1CEDC59BF4B5}.Release|Any CPU.Build.0 = Release|Any CPU
		{52A878E1-45DB-4416-B2C5-1CEDC59BF4B5}.Release|Any CPU.Deploy.0 = Release|Any CPU
		{52A878E1-45DB-4416-B2C5-1CEDC59BF4B5}.Release|x64.ActiveCfg = Release|Any CPU
		{52A878E1-45DB-4416-B2C5-1CEDC59BF4B5}.Release|x86.ActiveCfg = Release|Any CPU
		{62FCC1F2-A711-451A-B1D2-A958341CBD09}.Debug|Any CPU.ActiveCfg = Debug|Any CPU
		{62FCC1F2-A711-451A-B1D2-A958341CBD09}.Debug|Any CPU.Build.0 = Debug|Any CPU
		{62FCC1F2-A711-451A-B1D2-A958341CBD09}.Debug|x64.ActiveCfg = Debug|Any CPU
		{62FCC1F2-A711-451A-B1D2-A958341CBD09}.Debug|x86.ActiveCfg = Debug|Any CPU
		{62FCC1F2-A711-451A-B1D2-A958341CBD09}.Release|Any CPU.ActiveCfg = Release|Any CPU
		{62FCC1F2-A711-451A-B1D2-A958341CBD09}.Release|Any CPU.Build.0 = Release|Any CPU
		{62FCC1F2-A711-451A-B1D2-A958341CBD09}.Release|x64.ActiveCfg = Release|Any CPU
		{62FCC1F2-A711-451A-B1D2-A958341CBD09}.Release|x86.ActiveCfg = Release|Any CPU
		{99FC1B00-0242-4E8E-A431-5D8930458BE7}.Debug|Any CPU.ActiveCfg = Debug|Any CPU
		{99FC1B00-0242-4E8E-A431-5D8930458BE7}.Debug|Any CPU.Build.0 = Debug|Any CPU
		{99FC1B00-0242-4E8E-A431-5D8930458BE7}.Debug|x64.ActiveCfg = Debug|Any CPU
		{99FC1B00-0242-4E8E-A431-5D8930458BE7}.Debug|x86.ActiveCfg = Debug|Any CPU
		{99FC1B00-0242-4E8E-A431-5D8930458BE7}.Release|Any CPU.ActiveCfg = Release|Any CPU
		{99FC1B00-0242-4E8E-A431-5D8930458BE7}.Release|Any CPU.Build.0 = Release|Any CPU
		{99FC1B00-0242-4E8E-A431-5D8930458BE7}.Release|x64.ActiveCfg = Release|Any CPU
		{99FC1B00-0242-4E8E-A431-5D8930458BE7}.Release|x86.ActiveCfg = Release|Any CPU
		{22AC8BD1-C6D3-4368-A15D-898CEF4661AD}.Debug|Any CPU.ActiveCfg = Debug|Any CPU
		{22AC8BD1-C6D3-4368-A15D-898CEF4661AD}.Debug|Any CPU.Build.0 = Debug|Any CPU
		{22AC8BD1-C6D3-4368-A15D-898CEF4661AD}.Debug|x64.ActiveCfg = Debug|Any CPU
		{22AC8BD1-C6D3-4368-A15D-898CEF4661AD}.Debug|x86.ActiveCfg = Debug|Any CPU
		{22AC8BD1-C6D3-4368-A15D-898CEF4661AD}.Release|Any CPU.ActiveCfg = Release|Any CPU
		{22AC8BD1-C6D3-4368-A15D-898CEF4661AD}.Release|Any CPU.Build.0 = Release|Any CPU
		{22AC8BD1-C6D3-4368-A15D-898CEF4661AD}.Release|x64.ActiveCfg = Release|Any CPU
		{22AC8BD1-C6D3-4368-A15D-898CEF4661AD}.Release|x86.ActiveCfg = Release|Any CPU
		{23461D4D-437C-4663-8B92-38F85398E12A}.Debug|Any CPU.ActiveCfg = Debug|Any CPU
		{23461D4D-437C-4663-8B92-38F85398E12A}.Debug|Any CPU.Build.0 = Debug|Any CPU
		{23461D4D-437C-4663-8B92-38F85398E12A}.Debug|Any CPU.Deploy.0 = Debug|Any CPU
		{23461D4D-437C-4663-8B92-38F85398E12A}.Debug|x64.ActiveCfg = Debug|Any CPU
		{23461D4D-437C-4663-8B92-38F85398E12A}.Debug|x86.ActiveCfg = Debug|Any CPU
		{23461D4D-437C-4663-8B92-38F85398E12A}.Release|Any CPU.ActiveCfg = Release|Any CPU
		{23461D4D-437C-4663-8B92-38F85398E12A}.Release|Any CPU.Build.0 = Release|Any CPU
		{23461D4D-437C-4663-8B92-38F85398E12A}.Release|Any CPU.Deploy.0 = Release|Any CPU
		{23461D4D-437C-4663-8B92-38F85398E12A}.Release|x64.ActiveCfg = Release|Any CPU
		{23461D4D-437C-4663-8B92-38F85398E12A}.Release|x86.ActiveCfg = Release|Any CPU
		{C1E95F88-8C56-427D-9941-100A6C569659}.Debug|Any CPU.ActiveCfg = Debug|Any CPU
		{C1E95F88-8C56-427D-9941-100A6C569659}.Debug|Any CPU.Build.0 = Debug|Any CPU
		{C1E95F88-8C56-427D-9941-100A6C569659}.Debug|x64.ActiveCfg = Debug|Any CPU
		{C1E95F88-8C56-427D-9941-100A6C569659}.Debug|x86.ActiveCfg = Debug|Any CPU
		{C1E95F88-8C56-427D-9941-100A6C569659}.Release|Any CPU.ActiveCfg = Release|Any CPU
		{C1E95F88-8C56-427D-9941-100A6C569659}.Release|Any CPU.Build.0 = Release|Any CPU
		{C1E95F88-8C56-427D-9941-100A6C569659}.Release|x64.ActiveCfg = Release|Any CPU
		{C1E95F88-8C56-427D-9941-100A6C569659}.Release|x86.ActiveCfg = Release|Any CPU
		{CBFBF758-F8D2-4199-8C10-33FAB9566723}.Debug|Any CPU.ActiveCfg = Debug|Any CPU
		{CBFBF758-F8D2-4199-8C10-33FAB9566723}.Debug|Any CPU.Build.0 = Debug|Any CPU
		{CBFBF758-F8D2-4199-8C10-33FAB9566723}.Debug|x64.ActiveCfg = Debug|Any CPU
		{CBFBF758-F8D2-4199-8C10-33FAB9566723}.Debug|x86.ActiveCfg = Debug|Any CPU
		{CBFBF758-F8D2-4199-8C10-33FAB9566723}.Release|Any CPU.ActiveCfg = Release|Any CPU
		{CBFBF758-F8D2-4199-8C10-33FAB9566723}.Release|Any CPU.Build.0 = Release|Any CPU
		{CBFBF758-F8D2-4199-8C10-33FAB9566723}.Release|x64.ActiveCfg = Release|Any CPU
		{CBFBF758-F8D2-4199-8C10-33FAB9566723}.Release|x86.ActiveCfg = Release|Any CPU
		{B9D9FCCA-6132-4BF5-BC17-32EA752D6AD7}.Debug|Any CPU.ActiveCfg = Debug|Any CPU
		{B9D9FCCA-6132-4BF5-BC17-32EA752D6AD7}.Debug|Any CPU.Build.0 = Debug|Any CPU
		{B9D9FCCA-6132-4BF5-BC17-32EA752D6AD7}.Debug|x64.ActiveCfg = Debug|x64
		{B9D9FCCA-6132-4BF5-BC17-32EA752D6AD7}.Debug|x64.Build.0 = Debug|x64
		{B9D9FCCA-6132-4BF5-BC17-32EA752D6AD7}.Debug|x86.ActiveCfg = Debug|Any CPU
		{B9D9FCCA-6132-4BF5-BC17-32EA752D6AD7}.Release|Any CPU.ActiveCfg = Release|Any CPU
		{B9D9FCCA-6132-4BF5-BC17-32EA752D6AD7}.Release|Any CPU.Build.0 = Release|Any CPU
		{B9D9FCCA-6132-4BF5-BC17-32EA752D6AD7}.Release|x64.ActiveCfg = Release|x64
		{B9D9FCCA-6132-4BF5-BC17-32EA752D6AD7}.Release|x64.Build.0 = Release|x64
		{B9D9FCCA-6132-4BF5-BC17-32EA752D6AD7}.Release|x86.ActiveCfg = Release|Any CPU
		{66ABD095-6B8F-411D-9BCF-744287833269}.Debug|Any CPU.ActiveCfg = Debug|Any CPU
		{66ABD095-6B8F-411D-9BCF-744287833269}.Debug|Any CPU.Build.0 = Debug|Any CPU
		{66ABD095-6B8F-411D-9BCF-744287833269}.Debug|x64.ActiveCfg = Debug|Any CPU
		{66ABD095-6B8F-411D-9BCF-744287833269}.Debug|x86.ActiveCfg = Debug|Any CPU
		{66ABD095-6B8F-411D-9BCF-744287833269}.Release|Any CPU.ActiveCfg = Release|Any CPU
		{66ABD095-6B8F-411D-9BCF-744287833269}.Release|Any CPU.Build.0 = Release|Any CPU
		{66ABD095-6B8F-411D-9BCF-744287833269}.Release|x64.ActiveCfg = Release|Any CPU
		{66ABD095-6B8F-411D-9BCF-744287833269}.Release|x86.ActiveCfg = Release|Any CPU
		{70DD8ABC-B012-427A-8163-64E63304BD42}.Debug|Any CPU.ActiveCfg = Debug|Any CPU
		{70DD8ABC-B012-427A-8163-64E63304BD42}.Debug|Any CPU.Build.0 = Debug|Any CPU
		{70DD8ABC-B012-427A-8163-64E63304BD42}.Debug|x64.ActiveCfg = Debug|Any CPU
		{70DD8ABC-B012-427A-8163-64E63304BD42}.Debug|x86.ActiveCfg = Debug|Any CPU
		{70DD8ABC-B012-427A-8163-64E63304BD42}.Release|Any CPU.ActiveCfg = Release|Any CPU
		{70DD8ABC-B012-427A-8163-64E63304BD42}.Release|Any CPU.Build.0 = Release|Any CPU
		{70DD8ABC-B012-427A-8163-64E63304BD42}.Release|x64.ActiveCfg = Release|Any CPU
		{70DD8ABC-B012-427A-8163-64E63304BD42}.Release|x86.ActiveCfg = Release|Any CPU
		{8C0D5FEA-F28C-48C7-BD99-71AC92F3EBCA}.Debug|Any CPU.ActiveCfg = Debug|Any CPU
		{8C0D5FEA-F28C-48C7-BD99-71AC92F3EBCA}.Debug|x64.ActiveCfg = Debug|Any CPU
		{8C0D5FEA-F28C-48C7-BD99-71AC92F3EBCA}.Debug|x86.ActiveCfg = Debug|Any CPU
		{8C0D5FEA-F28C-48C7-BD99-71AC92F3EBCA}.Release|Any CPU.ActiveCfg = Release|Any CPU
		{8C0D5FEA-F28C-48C7-BD99-71AC92F3EBCA}.Release|Any CPU.Build.0 = Release|Any CPU
		{8C0D5FEA-F28C-48C7-BD99-71AC92F3EBCA}.Release|x64.ActiveCfg = Release|Any CPU
		{8C0D5FEA-F28C-48C7-BD99-71AC92F3EBCA}.Release|x86.ActiveCfg = Release|Any CPU
		{AF2434E6-FD65-43A2-BE31-C8C1E5BA5ACD}.Debug|Any CPU.ActiveCfg = Debug|Any CPU
		{AF2434E6-FD65-43A2-BE31-C8C1E5BA5ACD}.Debug|x64.ActiveCfg = Debug|Any CPU
		{AF2434E6-FD65-43A2-BE31-C8C1E5BA5ACD}.Debug|x86.ActiveCfg = Debug|Any CPU
		{AF2434E6-FD65-43A2-BE31-C8C1E5BA5ACD}.Release|Any CPU.ActiveCfg = Release|Any CPU
		{AF2434E6-FD65-43A2-BE31-C8C1E5BA5ACD}.Release|Any CPU.Build.0 = Release|Any CPU
		{AF2434E6-FD65-43A2-BE31-C8C1E5BA5ACD}.Release|x64.ActiveCfg = Release|Any CPU
		{AF2434E6-FD65-43A2-BE31-C8C1E5BA5ACD}.Release|x86.ActiveCfg = Release|Any CPU
		{EC5BBDE9-71DC-414C-AD01-8CF6D4B00F91}.Debug|Any CPU.ActiveCfg = Debug|Any CPU
		{EC5BBDE9-71DC-414C-AD01-8CF6D4B00F91}.Debug|x64.ActiveCfg = Debug|Any CPU
		{EC5BBDE9-71DC-414C-AD01-8CF6D4B00F91}.Debug|x86.ActiveCfg = Debug|Any CPU
		{EC5BBDE9-71DC-414C-AD01-8CF6D4B00F91}.Release|Any CPU.ActiveCfg = Release|Any CPU
		{EC5BBDE9-71DC-414C-AD01-8CF6D4B00F91}.Release|Any CPU.Build.0 = Release|Any CPU
		{EC5BBDE9-71DC-414C-AD01-8CF6D4B00F91}.Release|x64.ActiveCfg = Release|Any CPU
		{EC5BBDE9-71DC-414C-AD01-8CF6D4B00F91}.Release|x86.ActiveCfg = Release|Any CPU
		{1373310A-B2E5-4737-98D2-F4EFDFF60A76}.Debug|Any CPU.ActiveCfg = Debug|Any CPU
		{1373310A-B2E5-4737-98D2-F4EFDFF60A76}.Debug|Any CPU.Build.0 = Debug|Any CPU
		{1373310A-B2E5-4737-98D2-F4EFDFF60A76}.Debug|x64.ActiveCfg = Debug|Any CPU
		{1373310A-B2E5-4737-98D2-F4EFDFF60A76}.Debug|x86.ActiveCfg = Debug|Any CPU
		{1373310A-B2E5-4737-98D2-F4EFDFF60A76}.Release|Any CPU.ActiveCfg = Release|Any CPU
		{1373310A-B2E5-4737-98D2-F4EFDFF60A76}.Release|Any CPU.Build.0 = Release|Any CPU
		{1373310A-B2E5-4737-98D2-F4EFDFF60A76}.Release|x64.ActiveCfg = Release|Any CPU
		{1373310A-B2E5-4737-98D2-F4EFDFF60A76}.Release|x86.ActiveCfg = Release|Any CPU
		{5CA67662-9EF9-4D54-B434-43B80075E7CC}.Debug|Any CPU.ActiveCfg = Debug|Any CPU
		{5CA67662-9EF9-4D54-B434-43B80075E7CC}.Debug|Any CPU.Build.0 = Debug|Any CPU
		{5CA67662-9EF9-4D54-B434-43B80075E7CC}.Debug|x64.ActiveCfg = Debug|Any CPU
		{5CA67662-9EF9-4D54-B434-43B80075E7CC}.Debug|x86.ActiveCfg = Debug|Any CPU
		{5CA67662-9EF9-4D54-B434-43B80075E7CC}.Release|Any CPU.ActiveCfg = Release|Any CPU
		{5CA67662-9EF9-4D54-B434-43B80075E7CC}.Release|Any CPU.Build.0 = Release|Any CPU
		{5CA67662-9EF9-4D54-B434-43B80075E7CC}.Release|x64.ActiveCfg = Release|Any CPU
		{5CA67662-9EF9-4D54-B434-43B80075E7CC}.Release|x86.ActiveCfg = Release|Any CPU
	EndGlobalSection
	GlobalSection(SolutionProperties) = preSolution
		HideSolutionNode = FALSE
	EndGlobalSection
	GlobalSection(NestedProjects) = preSolution
		{6C705843-6387-4D2D-A7CF-A66976186CE2} = {BE440823-1114-4835-BC08-7850469C754F}
		{8BA48226-1040-4FA2-941D-11A82B11FE78} = {38804D45-2B87-4DF3-BC86-8ADDE7EEAF09}
		{38804D45-2B87-4DF3-BC86-8ADDE7EEAF09} = {9FFAC044-7B6D-45C5-937F-70D14078D0A3}
		{19649FCB-22B6-428A-9B59-D53EF86ECE80} = {38804D45-2B87-4DF3-BC86-8ADDE7EEAF09}
		{F0416078-82CD-4F9D-905C-1E346198759A} = {38804D45-2B87-4DF3-BC86-8ADDE7EEAF09}
		{DD1AC983-8A81-4292-A097-D61545CAD390} = {38804D45-2B87-4DF3-BC86-8ADDE7EEAF09}
		{519191F7-7957-43B8-94A8-5F89473DFE47} = {38804D45-2B87-4DF3-BC86-8ADDE7EEAF09}
		{28191AA2-5BFF-4D48-A7AD-B10C83044E3C} = {38804D45-2B87-4DF3-BC86-8ADDE7EEAF09}
		{52A878E1-45DB-4416-B2C5-1CEDC59BF4B5} = {38804D45-2B87-4DF3-BC86-8ADDE7EEAF09}
		{62FCC1F2-A711-451A-B1D2-A958341CBD09} = {8BA48226-1040-4FA2-941D-11A82B11FE78}
		{99FC1B00-0242-4E8E-A431-5D8930458BE7} = {8BA48226-1040-4FA2-941D-11A82B11FE78}
		{22AC8BD1-C6D3-4368-A15D-898CEF4661AD} = {8BA48226-1040-4FA2-941D-11A82B11FE78}
		{944CAF61-A548-431A-AE3F-A4ADD17A6C39} = {9FFAC044-7B6D-45C5-937F-70D14078D0A3}
		{E975AE4F-A418-466A-8ADE-A40108274615} = {944CAF61-A548-431A-AE3F-A4ADD17A6C39}
		{23461D4D-437C-4663-8B92-38F85398E12A} = {E975AE4F-A418-466A-8ADE-A40108274615}
		{C1E95F88-8C56-427D-9941-100A6C569659} = {E975AE4F-A418-466A-8ADE-A40108274615}
		{CBFBF758-F8D2-4199-8C10-33FAB9566723} = {E975AE4F-A418-466A-8ADE-A40108274615}
		{B9D9FCCA-6132-4BF5-BC17-32EA752D6AD7} = {BE440823-1114-4835-BC08-7850469C754F}
		{66ABD095-6B8F-411D-9BCF-744287833269} = {BE440823-1114-4835-BC08-7850469C754F}
		{70DD8ABC-B012-427A-8163-64E63304BD42} = {BE440823-1114-4835-BC08-7850469C754F}
		{8C0D5FEA-F28C-48C7-BD99-71AC92F3EBCA} = {BE440823-1114-4835-BC08-7850469C754F}
		{AF2434E6-FD65-43A2-BE31-C8C1E5BA5ACD} = {BE440823-1114-4835-BC08-7850469C754F}
		{EC5BBDE9-71DC-414C-AD01-8CF6D4B00F91} = {BE440823-1114-4835-BC08-7850469C754F}
		{1373310A-B2E5-4737-98D2-F4EFDFF60A76} = {8BA48226-1040-4FA2-941D-11A82B11FE78}
		{5CA67662-9EF9-4D54-B434-43B80075E7CC} = {E975AE4F-A418-466A-8ADE-A40108274615}
	EndGlobalSection
EndGlobal
