
Microsoft Visual Studio Solution File, Format Version 12.00
# Visual Studio 2013
VisualStudioVersion = 12.0.40629.0
MinimumVisualStudioVersion = 10.0.40219.1
Project("{FAE04EC0-301F-11D3-BF4B-00C04F79EFBC}") = "CommonAssembly", "SmartFactory\CommonAssembly\CommonAssembly.csproj", "{A125A86E-1502-4ABC-B858-D167F0BD4A13}"
EndProject
Project("{FAE04EC0-301F-11D3-BF4B-00C04F79EFBC}") = "Customs", "SmartFactory\Customs\Customs.csproj", "{6C705843-6387-4D2D-A7CF-A66976186CE2}"
EndProject
Project("{2150E333-8FDC-42A3-9474-1A3956D46DE8}") = "Solution Items", "Solution Items", "{D1508D66-3788-4965-B7ED-112163D06E82}"
	ProjectSection(SolutionItems) = preProject
		..\PR39-CommonResources\T4Definitions\AssemblyInfo.t4 = ..\PR39-CommonResources\T4Definitions\AssemblyInfo.t4
	EndProjectSection
EndProject
Project("{FAE04EC0-301F-11D3-BF4B-00C04F79EFBC}") = "CustomsUnitTest", "SmartFactory\UT\CustomsUnitTest\CustomsUnitTest.csproj", "{722DD9E6-6C9D-46E2-A817-9E4777015B40}"
EndProject
Project("{2150E333-8FDC-42A3-9474-1A3956D46DE8}") = "SmartFactory", "SmartFactory", "{5C70BF7E-F32F-46F5-9F71-411C2A55D380}"
EndProject
Project("{2150E333-8FDC-42A3-9474-1A3956D46DE8}") = "UnderDevelopment", "UnderDevelopment", "{E3FA46EC-A8CE-44DB-8059-C489CC6039D4}"
EndProject
Project("{FAE04EC0-301F-11D3-BF4B-00C04F79EFBC}") = "UnderDevelopment", "UnderDevelopment\UnderDevelopment\UnderDevelopment.csproj", "{6D08053A-F16E-47DD-AE33-A0E8EFA7CBAA}"
EndProject
Project("{2150E333-8FDC-42A3-9474-1A3956D46DE8}") = "Scripts", "Scripts", "{469DB76B-E9FB-45A4-952D-CC9F423CDFD7}"
EndProject
Project("{FAE04EC0-301F-11D3-BF4B-00C04F79EFBC}") = "Scripts", "Scripts\Scripts.csproj", "{A46DAE36-02EA-4302-A476-7AF770CB20C0}"
EndProject
Project("{2150E333-8FDC-42A3-9474-1A3956D46DE8}") = "CW", "CW", "{199C3772-736C-4EE2-9C1B-25D21C9CD1B2}"
EndProject
Project("{2150E333-8FDC-42A3-9474-1A3956D46DE8}") = "WebsiteApplication", "WebsiteApplication", "{0BA75D2E-3788-42FB-88EA-C16CC9310C3F}"
EndProject
Project("{FAE04EC0-301F-11D3-BF4B-00C04F79EFBC}") = "CWWebsite", "CW\WebsiteApplication\CWWebsite\CWWebsite.csproj", "{519191F7-7957-43B8-94A8-5F89473DFE47}"
EndProject
Project("{FAE04EC0-301F-11D3-BF4B-00C04F79EFBC}") = "CWResources", "CW\WebsiteApplication\CWResources\CWResources.csproj", "{DD1AC983-8A81-4292-A097-D61545CAD390}"
EndProject
Project("{FAE04EC0-301F-11D3-BF4B-00C04F79EFBC}") = "CWWebsiteModel", "CW\WebsiteApplication\CWWebsiteModel\CWWebsiteModel.csproj", "{28191AA2-5BFF-4D48-A7AD-B10C83044E3C}"
EndProject
Project("{2150E333-8FDC-42A3-9474-1A3956D46DE8}") = "Silverlight", "Silverlight", "{EBF2BD89-F1C0-4154-B133-3767BD19B78E}"
EndProject
Project("{FAE04EC0-301F-11D3-BF4B-00C04F79EFBC}") = "CheckListWebPart", "CW\WebsiteApplication\Silverlight\CheckListWebPart\CheckListWebPart.csproj", "{62FCC1F2-A711-451A-B1D2-A958341CBD09}"
EndProject
Project("{FAE04EC0-301F-11D3-BF4B-00C04F79EFBC}") = "DisposalRequestWebPart", "CW\WebsiteApplication\Silverlight\DisposalRequestWebPart\DisposalRequestWebPart.csproj", "{99FC1B00-0242-4E8E-A431-5D8930458BE7}"
EndProject
Project("{FAE04EC0-301F-11D3-BF4B-00C04F79EFBC}") = "DisposalRequestWebPart_WPF", "CW\WebsiteApplication\Silverlight\DisposalRequestWebPart_WPF\DisposalRequestWebPart_WPF.csproj", "{1373310A-B2E5-4737-98D2-F4EFDFF60A76}"
EndProject
Project("{FAE04EC0-301F-11D3-BF4B-00C04F79EFBC}") = "ExitSheetWebPart", "CW\WebsiteApplication\Silverlight\ExitSheetWebPart\ExitSheetWebPart.csproj", "{22AC8BD1-C6D3-4368-A15D-898CEF4661AD}"
EndProject
Project("{FAE04EC0-301F-11D3-BF4B-00C04F79EFBC}") = "GenerateSadConsignmentWebPart", "CW\WebsiteApplication\Silverlight\GenerateSadConsignmentWebPart\GenerateSadConsignmentWebPart.csproj", "{9A661289-0540-4CD6-8EBF-9AEB71F2A84C}"
EndProject
Project("{FAE04EC0-301F-11D3-BF4B-00C04F79EFBC}") = "CWListsEventsHandlers", "CW\WebsiteApplication\CWListsEventsHandlers\CWListsEventsHandlers.csproj", "{86343919-AE3A-475F-868B-8B16FEAC2E60}"
EndProject
Project("{FAE04EC0-301F-11D3-BF4B-00C04F79EFBC}") = "CWInteroperability", "CW\WebsiteApplication\CWInteroperability\CWInteroperability.csproj", "{F0416078-82CD-4F9D-905C-1E346198759A}"
EndProject
Project("{FAE04EC0-301F-11D3-BF4B-00C04F79EFBC}") = "CWWorkflows", "CW\WebsiteApplication\CWWorkflows\CWWorkflows.csproj", "{52A878E1-45DB-4416-B2C5-1CEDC59BF4B5}"
EndProject
Project("{FAE04EC0-301F-11D3-BF4B-00C04F79EFBC}") = "CWDashboards", "CW\WebsiteApplication\CWDashboards\CWDashboards.csproj", "{19649FCB-22B6-428A-9B59-D53EF86ECE80}"
EndProject
Project("{2150E333-8FDC-42A3-9474-1A3956D46DE8}") = "Tools", "Tools", "{7682607E-BDEF-4B97-940B-8111CD7593D3}"
EndProject
Project("{2150E333-8FDC-42A3-9474-1A3956D46DE8}") = "Tests", "Tests", "{3C23349E-F90F-42D0-A38B-3DB9226B7E82}"
EndProject
Project("{FAE04EC0-301F-11D3-BF4B-00C04F79EFBC}") = "DisposalRequestWebPartTests", "CW\Tools\Tests\DisposalRequestWebPartTests\DisposalRequestWebPartTests.csproj", "{5CA67662-9EF9-4D54-B434-43B80075E7CC}"
EndProject
Project("{2150E333-8FDC-42A3-9474-1A3956D46DE8}") = "SharePointProjects", "SharePointProjects", "{4C7FA3B5-975F-4364-9C4C-0CAA35581FF8}"
EndProject
Project("{2150E333-8FDC-42A3-9474-1A3956D46DE8}") = "TestDisposalRequest", "TestDisposalRequest", "{3EEE7FB9-0575-4898-B13A-61D0C5BC26F4}"
EndProject
Project("{FAE04EC0-301F-11D3-BF4B-00C04F79EFBC}") = "TestDisposalRequest", "CW\Tools\Tests\SharePointProjects\TestDisposalRequest\TestDisposalRequest.csproj", "{23461D4D-437C-4663-8B92-38F85398E12A}"
EndProject
Project("{2150E333-8FDC-42A3-9474-1A3956D46DE8}") = "UnitTests", "UnitTests", "{11F5849B-6DB1-464C-A130-972036ED3572}"
EndProject
Project("{FAE04EC0-301F-11D3-BF4B-00C04F79EFBC}") = "DashboardsUnitTests", "CW\Tools\Tests\UnitTests\DashboardsUnitTests\DashboardsUnitTests.csproj", "{C1E95F88-8C56-427D-9941-100A6C569659}"
EndProject
Project("{FAE04EC0-301F-11D3-BF4B-00C04F79EFBC}") = "SADGeneraion", "CW\Tools\Tests\UnitTests\SADGeneraion\SADGeneraion.csproj", "{CBFBF758-F8D2-4199-8C10-33FAB9566723}"
EndProject
Global
	GlobalSection(SolutionConfigurationPlatforms) = preSolution
		Debug|Any CPU = Debug|Any CPU
		Debug|x64 = Debug|x64
		Release|Any CPU = Release|Any CPU
		Release|x64 = Release|x64
	EndGlobalSection
	GlobalSection(ProjectConfigurationPlatforms) = postSolution
		{A125A86E-1502-4ABC-B858-D167F0BD4A13}.Debug|Any CPU.ActiveCfg = Debug|Any CPU
		{A125A86E-1502-4ABC-B858-D167F0BD4A13}.Debug|Any CPU.Build.0 = Debug|Any CPU
		{A125A86E-1502-4ABC-B858-D167F0BD4A13}.Debug|Any CPU.Deploy.0 = Debug|Any CPU
		{A125A86E-1502-4ABC-B858-D167F0BD4A13}.Debug|x64.ActiveCfg = Debug|Any CPU
		{A125A86E-1502-4ABC-B858-D167F0BD4A13}.Release|Any CPU.ActiveCfg = Release|Any CPU
		{A125A86E-1502-4ABC-B858-D167F0BD4A13}.Release|Any CPU.Build.0 = Release|Any CPU
		{A125A86E-1502-4ABC-B858-D167F0BD4A13}.Release|Any CPU.Deploy.0 = Release|Any CPU
		{A125A86E-1502-4ABC-B858-D167F0BD4A13}.Release|x64.ActiveCfg = Release|Any CPU
		{6C705843-6387-4D2D-A7CF-A66976186CE2}.Debug|Any CPU.ActiveCfg = Debug|Any CPU
		{6C705843-6387-4D2D-A7CF-A66976186CE2}.Debug|Any CPU.Build.0 = Debug|Any CPU
		{6C705843-6387-4D2D-A7CF-A66976186CE2}.Debug|x64.ActiveCfg = Debug|Any CPU
		{6C705843-6387-4D2D-A7CF-A66976186CE2}.Release|Any CPU.ActiveCfg = Release|Any CPU
		{6C705843-6387-4D2D-A7CF-A66976186CE2}.Release|Any CPU.Build.0 = Release|Any CPU
		{6C705843-6387-4D2D-A7CF-A66976186CE2}.Release|x64.ActiveCfg = Release|Any CPU
		{722DD9E6-6C9D-46E2-A817-9E4777015B40}.Debug|Any CPU.ActiveCfg = Debug|Any CPU
		{722DD9E6-6C9D-46E2-A817-9E4777015B40}.Debug|Any CPU.Build.0 = Debug|Any CPU
		{722DD9E6-6C9D-46E2-A817-9E4777015B40}.Debug|x64.ActiveCfg = Debug|Any CPU
		{722DD9E6-6C9D-46E2-A817-9E4777015B40}.Release|Any CPU.ActiveCfg = Release|Any CPU
		{722DD9E6-6C9D-46E2-A817-9E4777015B40}.Release|Any CPU.Build.0 = Release|Any CPU
		{722DD9E6-6C9D-46E2-A817-9E4777015B40}.Release|x64.ActiveCfg = Release|Any CPU
		{6D08053A-F16E-47DD-AE33-A0E8EFA7CBAA}.Debug|Any CPU.ActiveCfg = Debug|Any CPU
		{6D08053A-F16E-47DD-AE33-A0E8EFA7CBAA}.Debug|Any CPU.Build.0 = Debug|Any CPU
		{6D08053A-F16E-47DD-AE33-A0E8EFA7CBAA}.Debug|Any CPU.Deploy.0 = Debug|Any CPU
		{6D08053A-F16E-47DD-AE33-A0E8EFA7CBAA}.Debug|x64.ActiveCfg = Debug|Any CPU
		{6D08053A-F16E-47DD-AE33-A0E8EFA7CBAA}.Release|Any CPU.ActiveCfg = Release|Any CPU
		{6D08053A-F16E-47DD-AE33-A0E8EFA7CBAA}.Release|Any CPU.Build.0 = Release|Any CPU
		{6D08053A-F16E-47DD-AE33-A0E8EFA7CBAA}.Release|Any CPU.Deploy.0 = Release|Any CPU
		{6D08053A-F16E-47DD-AE33-A0E8EFA7CBAA}.Release|x64.ActiveCfg = Release|Any CPU
		{A46DAE36-02EA-4302-A476-7AF770CB20C0}.Debug|Any CPU.ActiveCfg = Debug|Any CPU
		{A46DAE36-02EA-4302-A476-7AF770CB20C0}.Debug|Any CPU.Build.0 = Debug|Any CPU
		{A46DAE36-02EA-4302-A476-7AF770CB20C0}.Debug|x64.ActiveCfg = Debug|x64
		{A46DAE36-02EA-4302-A476-7AF770CB20C0}.Debug|x64.Build.0 = Debug|x64
		{A46DAE36-02EA-4302-A476-7AF770CB20C0}.Release|Any CPU.ActiveCfg = Release|Any CPU
		{A46DAE36-02EA-4302-A476-7AF770CB20C0}.Release|Any CPU.Build.0 = Release|Any CPU
		{A46DAE36-02EA-4302-A476-7AF770CB20C0}.Release|x64.ActiveCfg = Release|x64
		{A46DAE36-02EA-4302-A476-7AF770CB20C0}.Release|x64.Build.0 = Release|x64
		{519191F7-7957-43B8-94A8-5F89473DFE47}.Debug|Any CPU.ActiveCfg = Debug|Any CPU
		{519191F7-7957-43B8-94A8-5F89473DFE47}.Debug|Any CPU.Build.0 = Debug|Any CPU
		{519191F7-7957-43B8-94A8-5F89473DFE47}.Debug|Any CPU.Deploy.0 = Debug|Any CPU
		{519191F7-7957-43B8-94A8-5F89473DFE47}.Debug|x64.ActiveCfg = Debug|Any CPU
		{519191F7-7957-43B8-94A8-5F89473DFE47}.Release|Any CPU.ActiveCfg = Release|Any CPU
		{519191F7-7957-43B8-94A8-5F89473DFE47}.Release|Any CPU.Build.0 = Release|Any CPU
		{519191F7-7957-43B8-94A8-5F89473DFE47}.Release|Any CPU.Deploy.0 = Release|Any CPU
		{519191F7-7957-43B8-94A8-5F89473DFE47}.Release|x64.ActiveCfg = Release|Any CPU
		{DD1AC983-8A81-4292-A097-D61545CAD390}.Debug|Any CPU.ActiveCfg = Debug|Any CPU
		{DD1AC983-8A81-4292-A097-D61545CAD390}.Debug|Any CPU.Build.0 = Debug|Any CPU
		{DD1AC983-8A81-4292-A097-D61545CAD390}.Debug|Any CPU.Deploy.0 = Debug|Any CPU
		{DD1AC983-8A81-4292-A097-D61545CAD390}.Debug|x64.ActiveCfg = Debug|Any CPU
		{DD1AC983-8A81-4292-A097-D61545CAD390}.Release|Any CPU.ActiveCfg = Release|Any CPU
		{DD1AC983-8A81-4292-A097-D61545CAD390}.Release|Any CPU.Build.0 = Release|Any CPU
		{DD1AC983-8A81-4292-A097-D61545CAD390}.Release|Any CPU.Deploy.0 = Release|Any CPU
		{DD1AC983-8A81-4292-A097-D61545CAD390}.Release|x64.ActiveCfg = Release|Any CPU
		{28191AA2-5BFF-4D48-A7AD-B10C83044E3C}.Debug|Any CPU.ActiveCfg = Debug|Any CPU
		{28191AA2-5BFF-4D48-A7AD-B10C83044E3C}.Debug|Any CPU.Build.0 = Debug|Any CPU
		{28191AA2-5BFF-4D48-A7AD-B10C83044E3C}.Debug|Any CPU.Deploy.0 = Debug|Any CPU
		{28191AA2-5BFF-4D48-A7AD-B10C83044E3C}.Debug|x64.ActiveCfg = Debug|Any CPU
		{28191AA2-5BFF-4D48-A7AD-B10C83044E3C}.Release|Any CPU.ActiveCfg = Release|Any CPU
		{28191AA2-5BFF-4D48-A7AD-B10C83044E3C}.Release|Any CPU.Build.0 = Release|Any CPU
		{28191AA2-5BFF-4D48-A7AD-B10C83044E3C}.Release|Any CPU.Deploy.0 = Release|Any CPU
		{28191AA2-5BFF-4D48-A7AD-B10C83044E3C}.Release|x64.ActiveCfg = Release|Any CPU
		{62FCC1F2-A711-451A-B1D2-A958341CBD09}.Debug|Any CPU.ActiveCfg = Debug|Any CPU
		{62FCC1F2-A711-451A-B1D2-A958341CBD09}.Debug|Any CPU.Build.0 = Debug|Any CPU
		{62FCC1F2-A711-451A-B1D2-A958341CBD09}.Debug|x64.ActiveCfg = Debug|Any CPU
		{62FCC1F2-A711-451A-B1D2-A958341CBD09}.Release|Any CPU.ActiveCfg = Release|Any CPU
		{62FCC1F2-A711-451A-B1D2-A958341CBD09}.Release|Any CPU.Build.0 = Release|Any CPU
		{62FCC1F2-A711-451A-B1D2-A958341CBD09}.Release|x64.ActiveCfg = Release|Any CPU
		{99FC1B00-0242-4E8E-A431-5D8930458BE7}.Debug|Any CPU.ActiveCfg = Debug|Any CPU
		{99FC1B00-0242-4E8E-A431-5D8930458BE7}.Debug|Any CPU.Build.0 = Debug|Any CPU
		{99FC1B00-0242-4E8E-A431-5D8930458BE7}.Debug|x64.ActiveCfg = Debug|Any CPU
		{99FC1B00-0242-4E8E-A431-5D8930458BE7}.Release|Any CPU.ActiveCfg = Release|Any CPU
		{99FC1B00-0242-4E8E-A431-5D8930458BE7}.Release|Any CPU.Build.0 = Release|Any CPU
		{99FC1B00-0242-4E8E-A431-5D8930458BE7}.Release|x64.ActiveCfg = Release|Any CPU
		{1373310A-B2E5-4737-98D2-F4EFDFF60A76}.Debug|Any CPU.ActiveCfg = Debug|Any CPU
		{1373310A-B2E5-4737-98D2-F4EFDFF60A76}.Debug|Any CPU.Build.0 = Debug|Any CPU
		{1373310A-B2E5-4737-98D2-F4EFDFF60A76}.Debug|x64.ActiveCfg = Debug|Any CPU
		{1373310A-B2E5-4737-98D2-F4EFDFF60A76}.Release|Any CPU.ActiveCfg = Release|Any CPU
		{1373310A-B2E5-4737-98D2-F4EFDFF60A76}.Release|Any CPU.Build.0 = Release|Any CPU
		{1373310A-B2E5-4737-98D2-F4EFDFF60A76}.Release|x64.ActiveCfg = Release|Any CPU
		{22AC8BD1-C6D3-4368-A15D-898CEF4661AD}.Debug|Any CPU.ActiveCfg = Debug|Any CPU
		{22AC8BD1-C6D3-4368-A15D-898CEF4661AD}.Debug|Any CPU.Build.0 = Debug|Any CPU
		{22AC8BD1-C6D3-4368-A15D-898CEF4661AD}.Debug|x64.ActiveCfg = Debug|Any CPU
		{22AC8BD1-C6D3-4368-A15D-898CEF4661AD}.Release|Any CPU.ActiveCfg = Release|Any CPU
		{22AC8BD1-C6D3-4368-A15D-898CEF4661AD}.Release|Any CPU.Build.0 = Release|Any CPU
		{22AC8BD1-C6D3-4368-A15D-898CEF4661AD}.Release|x64.ActiveCfg = Release|Any CPU
		{9A661289-0540-4CD6-8EBF-9AEB71F2A84C}.Debug|Any CPU.ActiveCfg = Debug|Any CPU
		{9A661289-0540-4CD6-8EBF-9AEB71F2A84C}.Debug|Any CPU.Build.0 = Debug|Any CPU
		{9A661289-0540-4CD6-8EBF-9AEB71F2A84C}.Debug|x64.ActiveCfg = Debug|Any CPU
		{9A661289-0540-4CD6-8EBF-9AEB71F2A84C}.Release|Any CPU.ActiveCfg = Release|Any CPU
		{9A661289-0540-4CD6-8EBF-9AEB71F2A84C}.Release|Any CPU.Build.0 = Release|Any CPU
		{9A661289-0540-4CD6-8EBF-9AEB71F2A84C}.Release|x64.ActiveCfg = Release|Any CPU
		{86343919-AE3A-475F-868B-8B16FEAC2E60}.Debug|Any CPU.ActiveCfg = Debug|Any CPU
		{86343919-AE3A-475F-868B-8B16FEAC2E60}.Debug|Any CPU.Build.0 = Debug|Any CPU
		{86343919-AE3A-475F-868B-8B16FEAC2E60}.Debug|Any CPU.Deploy.0 = Debug|Any CPU
		{86343919-AE3A-475F-868B-8B16FEAC2E60}.Debug|x64.ActiveCfg = Debug|Any CPU
		{86343919-AE3A-475F-868B-8B16FEAC2E60}.Release|Any CPU.ActiveCfg = Release|Any CPU
		{86343919-AE3A-475F-868B-8B16FEAC2E60}.Release|Any CPU.Build.0 = Release|Any CPU
		{86343919-AE3A-475F-868B-8B16FEAC2E60}.Release|Any CPU.Deploy.0 = Release|Any CPU
		{86343919-AE3A-475F-868B-8B16FEAC2E60}.Release|x64.ActiveCfg = Release|Any CPU
		{F0416078-82CD-4F9D-905C-1E346198759A}.Debug|Any CPU.ActiveCfg = Debug|Any CPU
		{F0416078-82CD-4F9D-905C-1E346198759A}.Debug|Any CPU.Build.0 = Debug|Any CPU
		{F0416078-82CD-4F9D-905C-1E346198759A}.Debug|Any CPU.Deploy.0 = Debug|Any CPU
		{F0416078-82CD-4F9D-905C-1E346198759A}.Debug|x64.ActiveCfg = Debug|Any CPU
		{F0416078-82CD-4F9D-905C-1E346198759A}.Release|Any CPU.ActiveCfg = Release|Any CPU
		{F0416078-82CD-4F9D-905C-1E346198759A}.Release|Any CPU.Build.0 = Release|Any CPU
		{F0416078-82CD-4F9D-905C-1E346198759A}.Release|Any CPU.Deploy.0 = Release|Any CPU
		{F0416078-82CD-4F9D-905C-1E346198759A}.Release|x64.ActiveCfg = Release|Any CPU
		{52A878E1-45DB-4416-B2C5-1CEDC59BF4B5}.Debug|Any CPU.ActiveCfg = Debug|Any CPU
		{52A878E1-45DB-4416-B2C5-1CEDC59BF4B5}.Debug|Any CPU.Build.0 = Debug|Any CPU
		{52A878E1-45DB-4416-B2C5-1CEDC59BF4B5}.Debug|Any CPU.Deploy.0 = Debug|Any CPU
		{52A878E1-45DB-4416-B2C5-1CEDC59BF4B5}.Debug|x64.ActiveCfg = Debug|Any CPU
		{52A878E1-45DB-4416-B2C5-1CEDC59BF4B5}.Release|Any CPU.ActiveCfg = Release|Any CPU
		{52A878E1-45DB-4416-B2C5-1CEDC59BF4B5}.Release|Any CPU.Build.0 = Release|Any CPU
		{52A878E1-45DB-4416-B2C5-1CEDC59BF4B5}.Release|Any CPU.Deploy.0 = Release|Any CPU
		{52A878E1-45DB-4416-B2C5-1CEDC59BF4B5}.Release|x64.ActiveCfg = Release|Any CPU
		{19649FCB-22B6-428A-9B59-D53EF86ECE80}.Debug|Any CPU.ActiveCfg = Debug|Any CPU
		{19649FCB-22B6-428A-9B59-D53EF86ECE80}.Debug|Any CPU.Build.0 = Debug|Any CPU
		{19649FCB-22B6-428A-9B59-D53EF86ECE80}.Debug|Any CPU.Deploy.0 = Debug|Any CPU
		{19649FCB-22B6-428A-9B59-D53EF86ECE80}.Debug|x64.ActiveCfg = Debug|Any CPU
		{19649FCB-22B6-428A-9B59-D53EF86ECE80}.Release|Any CPU.ActiveCfg = Release|Any CPU
		{19649FCB-22B6-428A-9B59-D53EF86ECE80}.Release|Any CPU.Build.0 = Release|Any CPU
		{19649FCB-22B6-428A-9B59-D53EF86ECE80}.Release|Any CPU.Deploy.0 = Release|Any CPU
		{19649FCB-22B6-428A-9B59-D53EF86ECE80}.Release|x64.ActiveCfg = Release|Any CPU
		{5CA67662-9EF9-4D54-B434-43B80075E7CC}.Debug|Any CPU.ActiveCfg = Debug|Any CPU
		{5CA67662-9EF9-4D54-B434-43B80075E7CC}.Debug|Any CPU.Build.0 = Debug|Any CPU
		{5CA67662-9EF9-4D54-B434-43B80075E7CC}.Debug|x64.ActiveCfg = Debug|Any CPU
		{5CA67662-9EF9-4D54-B434-43B80075E7CC}.Release|Any CPU.ActiveCfg = Release|Any CPU
		{5CA67662-9EF9-4D54-B434-43B80075E7CC}.Release|Any CPU.Build.0 = Release|Any CPU
		{5CA67662-9EF9-4D54-B434-43B80075E7CC}.Release|x64.ActiveCfg = Release|Any CPU
		{23461D4D-437C-4663-8B92-38F85398E12A}.Debug|Any CPU.ActiveCfg = Debug|Any CPU
		{23461D4D-437C-4663-8B92-38F85398E12A}.Debug|Any CPU.Build.0 = Debug|Any CPU
		{23461D4D-437C-4663-8B92-38F85398E12A}.Debug|Any CPU.Deploy.0 = Debug|Any CPU
		{23461D4D-437C-4663-8B92-38F85398E12A}.Debug|x64.ActiveCfg = Debug|Any CPU
		{23461D4D-437C-4663-8B92-38F85398E12A}.Release|Any CPU.ActiveCfg = Release|Any CPU
		{23461D4D-437C-4663-8B92-38F85398E12A}.Release|Any CPU.Build.0 = Release|Any CPU
		{23461D4D-437C-4663-8B92-38F85398E12A}.Release|Any CPU.Deploy.0 = Release|Any CPU
		{23461D4D-437C-4663-8B92-38F85398E12A}.Release|x64.ActiveCfg = Release|Any CPU
		{C1E95F88-8C56-427D-9941-100A6C569659}.Debug|Any CPU.ActiveCfg = Debug|Any CPU
		{C1E95F88-8C56-427D-9941-100A6C569659}.Debug|Any CPU.Build.0 = Debug|Any CPU
		{C1E95F88-8C56-427D-9941-100A6C569659}.Debug|x64.ActiveCfg = Debug|Any CPU
		{C1E95F88-8C56-427D-9941-100A6C569659}.Release|Any CPU.ActiveCfg = Release|Any CPU
		{C1E95F88-8C56-427D-9941-100A6C569659}.Release|Any CPU.Build.0 = Release|Any CPU
		{C1E95F88-8C56-427D-9941-100A6C569659}.Release|x64.ActiveCfg = Release|Any CPU
		{CBFBF758-F8D2-4199-8C10-33FAB9566723}.Debug|Any CPU.ActiveCfg = Debug|Any CPU
		{CBFBF758-F8D2-4199-8C10-33FAB9566723}.Debug|Any CPU.Build.0 = Debug|Any CPU
		{CBFBF758-F8D2-4199-8C10-33FAB9566723}.Debug|x64.ActiveCfg = Debug|Any CPU
		{CBFBF758-F8D2-4199-8C10-33FAB9566723}.Release|Any CPU.ActiveCfg = Release|Any CPU
		{CBFBF758-F8D2-4199-8C10-33FAB9566723}.Release|Any CPU.Build.0 = Release|Any CPU
		{CBFBF758-F8D2-4199-8C10-33FAB9566723}.Release|x64.ActiveCfg = Release|Any CPU
	EndGlobalSection
	GlobalSection(SolutionProperties) = preSolution
		HideSolutionNode = FALSE
	EndGlobalSection
	GlobalSection(NestedProjects) = preSolution
		{A125A86E-1502-4ABC-B858-D167F0BD4A13} = {5C70BF7E-F32F-46F5-9F71-411C2A55D380}
		{6C705843-6387-4D2D-A7CF-A66976186CE2} = {5C70BF7E-F32F-46F5-9F71-411C2A55D380}
		{722DD9E6-6C9D-46E2-A817-9E4777015B40} = {5C70BF7E-F32F-46F5-9F71-411C2A55D380}
		{6D08053A-F16E-47DD-AE33-A0E8EFA7CBAA} = {E3FA46EC-A8CE-44DB-8059-C489CC6039D4}
		{A46DAE36-02EA-4302-A476-7AF770CB20C0} = {469DB76B-E9FB-45A4-952D-CC9F423CDFD7}
		{0BA75D2E-3788-42FB-88EA-C16CC9310C3F} = {199C3772-736C-4EE2-9C1B-25D21C9CD1B2}
		{519191F7-7957-43B8-94A8-5F89473DFE47} = {0BA75D2E-3788-42FB-88EA-C16CC9310C3F}
		{DD1AC983-8A81-4292-A097-D61545CAD390} = {0BA75D2E-3788-42FB-88EA-C16CC9310C3F}
		{28191AA2-5BFF-4D48-A7AD-B10C83044E3C} = {0BA75D2E-3788-42FB-88EA-C16CC9310C3F}
		{EBF2BD89-F1C0-4154-B133-3767BD19B78E} = {0BA75D2E-3788-42FB-88EA-C16CC9310C3F}
		{62FCC1F2-A711-451A-B1D2-A958341CBD09} = {EBF2BD89-F1C0-4154-B133-3767BD19B78E}
		{99FC1B00-0242-4E8E-A431-5D8930458BE7} = {EBF2BD89-F1C0-4154-B133-3767BD19B78E}
		{1373310A-B2E5-4737-98D2-F4EFDFF60A76} = {EBF2BD89-F1C0-4154-B133-3767BD19B78E}
		{22AC8BD1-C6D3-4368-A15D-898CEF4661AD} = {EBF2BD89-F1C0-4154-B133-3767BD19B78E}
		{9A661289-0540-4CD6-8EBF-9AEB71F2A84C} = {EBF2BD89-F1C0-4154-B133-3767BD19B78E}
		{86343919-AE3A-475F-868B-8B16FEAC2E60} = {0BA75D2E-3788-42FB-88EA-C16CC9310C3F}
		{F0416078-82CD-4F9D-905C-1E346198759A} = {0BA75D2E-3788-42FB-88EA-C16CC9310C3F}
		{52A878E1-45DB-4416-B2C5-1CEDC59BF4B5} = {0BA75D2E-3788-42FB-88EA-C16CC9310C3F}
		{19649FCB-22B6-428A-9B59-D53EF86ECE80} = {0BA75D2E-3788-42FB-88EA-C16CC9310C3F}
		{7682607E-BDEF-4B97-940B-8111CD7593D3} = {199C3772-736C-4EE2-9C1B-25D21C9CD1B2}
		{3C23349E-F90F-42D0-A38B-3DB9226B7E82} = {7682607E-BDEF-4B97-940B-8111CD7593D3}
		{5CA67662-9EF9-4D54-B434-43B80075E7CC} = {3C23349E-F90F-42D0-A38B-3DB9226B7E82}
		{4C7FA3B5-975F-4364-9C4C-0CAA35581FF8} = {3C23349E-F90F-42D0-A38B-3DB9226B7E82}
		{3EEE7FB9-0575-4898-B13A-61D0C5BC26F4} = {4C7FA3B5-975F-4364-9C4C-0CAA35581FF8}
		{23461D4D-437C-4663-8B92-38F85398E12A} = {3EEE7FB9-0575-4898-B13A-61D0C5BC26F4}
		{11F5849B-6DB1-464C-A130-972036ED3572} = {3C23349E-F90F-42D0-A38B-3DB9226B7E82}
		{C1E95F88-8C56-427D-9941-100A6C569659} = {11F5849B-6DB1-464C-A130-972036ED3572}
		{CBFBF758-F8D2-4199-8C10-33FAB9566723} = {11F5849B-6DB1-464C-A130-972036ED3572}
	EndGlobalSection
EndGlobal
